{
  "version": 4,
  "terraform_version": "1.5.3",
  "serial": 83,
  "lineage": "529c2bf7-4921-ff94-d788-8775738ca39b",
  "outputs": {
    "mongo_connection_string": {
      "value": "mongodb://dbuser:Keins123@10.0.101.186:27017/admin",
      "type": "string",
      "sensitive": true
    },
    "mongo_db_instance_id": {
      "value": "i-021bec2a1be7e60d7",
      "type": "string"
    },
    "private_subnets": {
      "value": [
        "subnet-08ede3fec1466af4a",
        "subnet-02b5abfd452de4629"
      ],
      "type": [
        "tuple",
        [
          "string",
          "string"
        ]
      ]
    },
    "public_subnets": {
      "value": [
        "subnet-009950fd108b5f6fb",
        "subnet-034b0b762cd2af923"
      ],
      "type": [
        "tuple",
        [
          "string",
          "string"
        ]
      ]
    },
    "s3_bucket_arn": {
      "value": "arn:aws:s3:::lhav-wiztechexercise-s3-bucket-02",
      "type": "string"
    },
    "s3_bucket_id": {
      "value": "lhav-wiztechexercise-s3-bucket-02",
      "type": "string"
    },
    "vpc_id": {
      "value": "vpc-07fa4c5a7aa64b941",
      "type": "string"
    }
  },
  "resources": [
    {
      "module": "module.aws_config",
      "mode": "data",
      "type": "aws_iam_policy_document",
      "name": "config_assume_role_policy",
      "provider": "provider[\"registry.terraform.io/hashicorp/aws\"]",
      "instances": [
        {
          "schema_version": 0,
          "attributes": {
            "id": "607352202",
            "json": "{\n  \"Version\": \"2012-10-17\",\n  \"Statement\": [\n    {\n      \"Effect\": \"Allow\",\n      \"Action\": \"sts:AssumeRole\",\n      \"Principal\": {\n        \"Service\": \"config.amazonaws.com\"\n      }\n    }\n  ]\n}",
            "minified_json": "{\"Version\":\"2012-10-17\",\"Statement\":[{\"Effect\":\"Allow\",\"Action\":\"sts:AssumeRole\",\"Principal\":{\"Service\":\"config.amazonaws.com\"}}]}",
            "override_json": null,
            "override_policy_documents": null,
            "policy_id": null,
            "source_json": null,
            "source_policy_documents": null,
            "statement": [
              {
                "actions": [
                  "sts:AssumeRole"
                ],
                "condition": [],
                "effect": "Allow",
                "not_actions": [],
                "not_principals": [],
                "not_resources": [],
                "principals": [
                  {
                    "identifiers": [
                      "config.amazonaws.com"
                    ],
                    "type": "Service"
                  }
                ],
                "resources": [],
                "sid": ""
              }
            ],
            "version": "2012-10-17"
          },
          "sensitive_attributes": []
        }
      ]
    },
    {
      "module": "module.aws_config",
      "mode": "data",
      "type": "aws_iam_policy_document",
      "name": "config_policy_document",
      "provider": "provider[\"registry.terraform.io/hashicorp/aws\"]",
      "instances": [
        {
          "schema_version": 0,
          "attributes": {
            "id": "300490333",
            "json": "{\n  \"Version\": \"2012-10-17\",\n  \"Statement\": [\n    {\n      \"Effect\": \"Allow\",\n      \"Action\": [\n        \"config:PutDeliveryChannel\",\n        \"config:PutConfigurationRecorder\",\n        \"config:GetResourceConfigHistory\",\n        \"config:GetComplianceDetailsByConfigRule\",\n        \"config:DescribeConfigRules\",\n        \"config:BatchGetResourceConfig\"\n      ],\n      \"Resource\": \"*\"\n    }\n  ]\n}",
            "minified_json": "{\"Version\":\"2012-10-17\",\"Statement\":[{\"Effect\":\"Allow\",\"Action\":[\"config:PutDeliveryChannel\",\"config:PutConfigurationRecorder\",\"config:GetResourceConfigHistory\",\"config:GetComplianceDetailsByConfigRule\",\"config:DescribeConfigRules\",\"config:BatchGetResourceConfig\"],\"Resource\":\"*\"}]}",
            "override_json": null,
            "override_policy_documents": null,
            "policy_id": null,
            "source_json": null,
            "source_policy_documents": null,
            "statement": [
              {
                "actions": [
                  "config:BatchGetResourceConfig",
                  "config:DescribeConfigRules",
                  "config:GetComplianceDetailsByConfigRule",
                  "config:GetResourceConfigHistory",
                  "config:PutConfigurationRecorder",
                  "config:PutDeliveryChannel"
                ],
                "condition": [],
                "effect": "Allow",
                "not_actions": [],
                "not_principals": [],
                "not_resources": [],
                "principals": [],
                "resources": [
                  "*"
                ],
                "sid": ""
              }
            ],
            "version": "2012-10-17"
          },
          "sensitive_attributes": []
        }
      ]
    },
    {
      "module": "module.aws_config",
      "mode": "managed",
      "type": "aws_config_configuration_recorder",
      "name": "recorder",
      "provider": "provider[\"registry.terraform.io/hashicorp/aws\"]",
      "instances": [
        {
          "schema_version": 0,
          "attributes": {
            "id": "AWSConfigRecorder",
            "name": "AWSConfigRecorder",
            "recording_group": [
              {
                "all_supported": true,
                "exclusion_by_resource_types": [
                  {
                    "resource_types": []
                  }
                ],
                "include_global_resource_types": true,
                "recording_strategy": [
                  {
                    "use_only": "ALL_SUPPORTED_RESOURCE_TYPES"
                  }
                ],
                "resource_types": null
              }
            ],
            "recording_mode": [
              {
                "recording_frequency": "CONTINUOUS",
                "recording_mode_override": []
              }
            ],
            "role_arn": "arn:aws:iam::147997145269:role/AWSConfigRole"
          },
          "sensitive_attributes": [],
          "private": "bnVsbA==",
          "dependencies": [
            "module.aws_config.aws_iam_role.config_role",
            "module.aws_config.data.aws_iam_policy_document.config_assume_role_policy"
          ]
        }
      ]
    },
    {
      "module": "module.aws_config",
      "mode": "managed",
      "type": "aws_iam_role",
      "name": "config_role",
      "provider": "provider[\"registry.terraform.io/hashicorp/aws\"]",
      "instances": [
        {
          "schema_version": 0,
          "attributes": {
            "arn": "arn:aws:iam::147997145269:role/AWSConfigRole",
            "assume_role_policy": "{\"Statement\":[{\"Action\":\"sts:AssumeRole\",\"Effect\":\"Allow\",\"Principal\":{\"Service\":\"config.amazonaws.com\"}}],\"Version\":\"2012-10-17\"}",
            "create_date": "2024-11-12T12:00:04Z",
            "description": "",
            "force_detach_policies": false,
            "id": "AWSConfigRole",
            "inline_policy": [],
            "managed_policy_arns": [],
            "max_session_duration": 3600,
            "name": "AWSConfigRole",
            "name_prefix": "",
            "path": "/",
            "permissions_boundary": "",
            "tags": null,
            "tags_all": {},
            "unique_id": "AROASE5KRHC277M4V3VFU"
          },
          "sensitive_attributes": [],
          "private": "bnVsbA==",
          "dependencies": [
            "module.aws_config.data.aws_iam_policy_document.config_assume_role_policy"
          ]
        }
      ]
    },
    {
      "module": "module.aws_config",
      "mode": "managed",
      "type": "aws_iam_role_policy",
      "name": "config_policy",
      "provider": "provider[\"registry.terraform.io/hashicorp/aws\"]",
      "instances": [
        {
          "schema_version": 0,
          "attributes": {
            "id": "AWSConfigRole:AWSConfigPolicy",
            "name": "AWSConfigPolicy",
            "name_prefix": "",
            "policy": "{\"Version\":\"2012-10-17\",\"Statement\":[{\"Action\":[\"config:PutDeliveryChannel\",\"config:PutConfigurationRecorder\",\"config:GetResourceConfigHistory\",\"config:GetComplianceDetailsByConfigRule\",\"config:DescribeConfigRules\",\"config:BatchGetResourceConfig\"],\"Effect\":\"Allow\",\"Resource\":\"*\"}]}",
            "role": "AWSConfigRole"
          },
          "sensitive_attributes": [],
          "private": "bnVsbA==",
          "dependencies": [
            "module.aws_config.aws_iam_role.config_role",
            "module.aws_config.data.aws_iam_policy_document.config_assume_role_policy",
            "module.aws_config.data.aws_iam_policy_document.config_policy_document"
          ]
        }
      ]
    },
    {
      "module": "module.aws_config",
      "mode": "managed",
      "type": "aws_sns_topic",
      "name": "config_notifications",
      "provider": "provider[\"registry.terraform.io/hashicorp/aws\"]",
      "instances": [
        {
          "schema_version": 0,
          "attributes": {
            "application_failure_feedback_role_arn": "",
            "application_success_feedback_role_arn": "",
            "application_success_feedback_sample_rate": 0,
            "archive_policy": "",
            "arn": "arn:aws:sns:eu-central-1:147997145269:config-notifications",
            "beginning_archive_time": "",
            "content_based_deduplication": false,
            "delivery_policy": "",
            "display_name": "",
            "fifo_topic": false,
            "firehose_failure_feedback_role_arn": "",
            "firehose_success_feedback_role_arn": "",
            "firehose_success_feedback_sample_rate": 0,
            "http_failure_feedback_role_arn": "",
            "http_success_feedback_role_arn": "",
            "http_success_feedback_sample_rate": 0,
            "id": "arn:aws:sns:eu-central-1:147997145269:config-notifications",
            "kms_master_key_id": "",
            "lambda_failure_feedback_role_arn": "",
            "lambda_success_feedback_role_arn": "",
            "lambda_success_feedback_sample_rate": 0,
            "name": "config-notifications",
            "name_prefix": "",
            "owner": "147997145269",
            "policy": "{\"Id\":\"__default_policy_ID\",\"Statement\":[{\"Action\":[\"SNS:GetTopicAttributes\",\"SNS:SetTopicAttributes\",\"SNS:AddPermission\",\"SNS:RemovePermission\",\"SNS:DeleteTopic\",\"SNS:Subscribe\",\"SNS:ListSubscriptionsByTopic\",\"SNS:Publish\"],\"Condition\":{\"StringEquals\":{\"AWS:SourceOwner\":\"147997145269\"}},\"Effect\":\"Allow\",\"Principal\":{\"AWS\":\"*\"},\"Resource\":\"arn:aws:sns:eu-central-1:147997145269:config-notifications\",\"Sid\":\"__default_statement_ID\"}],\"Version\":\"2008-10-17\"}",
            "signature_version": 0,
            "sqs_failure_feedback_role_arn": "",
            "sqs_success_feedback_role_arn": "",
            "sqs_success_feedback_sample_rate": 0,
            "tags": null,
            "tags_all": {},
            "tracing_config": ""
          },
          "sensitive_attributes": [],
          "private": "bnVsbA=="
        }
      ]
    },
    {
      "module": "module.aws_config",
      "mode": "managed",
      "type": "aws_sns_topic_subscription",
      "name": "teams_webhook",
      "provider": "provider[\"registry.terraform.io/hashicorp/aws\"]",
      "instances": [
        {
          "schema_version": 0,
          "attributes": {
            "arn": "arn:aws:sns:eu-central-1:147997145269:config-notifications:49be542a-96f9-4c67-9b88-bf41dc95bbe7",
            "confirmation_timeout_in_minutes": 1,
            "confirmation_was_authenticated": false,
            "delivery_policy": "",
            "endpoint": "https://havekost490.webhook.office.com/webhookb2/18a579d0-e7ab-410a-874f-6649b6723727@27483875-5c74-4b70-8497-d6bc031af783/IncomingWebhook/77fae1bffe144ea490fcc736bac1dbab/17efc37d-3ee0-4f82-a442-b1b95306c03a/V29gp6LGIcVbAQwrjssU54VZWGNPaiKVLK9y14Hfg9F6E1",
            "endpoint_auto_confirms": false,
            "filter_policy": "",
            "filter_policy_scope": "",
            "id": "arn:aws:sns:eu-central-1:147997145269:config-notifications:49be542a-96f9-4c67-9b88-bf41dc95bbe7",
            "owner_id": "147997145269",
            "pending_confirmation": true,
            "protocol": "https",
            "raw_message_delivery": false,
            "redrive_policy": "",
            "replay_policy": "",
            "subscription_role_arn": "",
            "topic_arn": "arn:aws:sns:eu-central-1:147997145269:config-notifications"
          },
          "sensitive_attributes": [],
          "private": "bnVsbA==",
          "dependencies": [
            "module.aws_config.aws_sns_topic.config_notifications"
          ]
        }
      ]
    },
    {
      "module": "module.eks_ecr.module.eks",
      "mode": "data",
      "type": "aws_caller_identity",
      "name": "current",
      "provider": "provider[\"registry.terraform.io/hashicorp/aws\"]",
      "instances": [
        {
          "schema_version": 0,
          "attributes": {
            "account_id": "147997145269",
            "arn": "arn:aws:iam::147997145269:user/terraform",
            "id": "147997145269",
            "user_id": "AIDASE5KRHC2QIWTD2FAM"
          },
          "sensitive_attributes": []
        }
      ]
    },
    {
      "module": "module.eks_ecr.module.eks",
      "mode": "data",
      "type": "aws_eks_addon_version",
      "name": "this",
      "provider": "provider[\"registry.terraform.io/hashicorp/aws\"]",
      "instances": [
        {
          "index_key": "coredns",
          "schema_version": 0,
          "attributes": {
            "addon_name": "coredns",
            "id": "coredns",
            "kubernetes_version": "1.31",
            "most_recent": false,
            "version": "v1.11.3-eksbuild.1"
          },
          "sensitive_attributes": []
        },
        {
          "index_key": "eks-pod-identity-agent",
          "schema_version": 0,
          "attributes": {
            "addon_name": "eks-pod-identity-agent",
            "id": "eks-pod-identity-agent",
            "kubernetes_version": "1.31",
            "most_recent": false,
            "version": "v1.3.2-eksbuild.2"
          },
          "sensitive_attributes": []
        },
        {
          "index_key": "kube-proxy",
          "schema_version": 0,
          "attributes": {
            "addon_name": "kube-proxy",
            "id": "kube-proxy",
            "kubernetes_version": "1.31",
            "most_recent": false,
            "version": "v1.31.0-eksbuild.2"
          },
          "sensitive_attributes": []
        },
        {
          "index_key": "vpc-cni",
          "schema_version": 0,
          "attributes": {
            "addon_name": "vpc-cni",
            "id": "vpc-cni",
            "kubernetes_version": "1.31",
            "most_recent": false,
            "version": "v1.18.3-eksbuild.2"
          },
          "sensitive_attributes": []
        }
      ]
    },
    {
      "module": "module.eks_ecr.module.eks",
      "mode": "data",
      "type": "aws_iam_policy_document",
      "name": "assume_role_policy",
      "provider": "provider[\"registry.terraform.io/hashicorp/aws\"]",
      "instances": [
        {
          "index_key": 0,
          "schema_version": 0,
          "attributes": {
            "id": "1530481229",
            "json": "{\n  \"Version\": \"2012-10-17\",\n  \"Statement\": [\n    {\n      \"Sid\": \"EKSClusterAssumeRole\",\n      \"Effect\": \"Allow\",\n      \"Action\": \"sts:AssumeRole\",\n      \"Principal\": {\n        \"Service\": \"eks.amazonaws.com\"\n      }\n    }\n  ]\n}",
            "minified_json": "{\"Version\":\"2012-10-17\",\"Statement\":[{\"Sid\":\"EKSClusterAssumeRole\",\"Effect\":\"Allow\",\"Action\":\"sts:AssumeRole\",\"Principal\":{\"Service\":\"eks.amazonaws.com\"}}]}",
            "override_json": null,
            "override_policy_documents": null,
            "policy_id": null,
            "source_json": null,
            "source_policy_documents": null,
            "statement": [
              {
                "actions": [
                  "sts:AssumeRole"
                ],
                "condition": [],
                "effect": "Allow",
                "not_actions": [],
                "not_principals": [],
                "not_resources": [],
                "principals": [
                  {
                    "identifiers": [
                      "eks.amazonaws.com"
                    ],
                    "type": "Service"
                  }
                ],
                "resources": [],
                "sid": "EKSClusterAssumeRole"
              }
            ],
            "version": "2012-10-17"
          },
          "sensitive_attributes": []
        }
      ]
    },
    {
      "module": "module.eks_ecr.module.eks",
      "mode": "data",
      "type": "aws_iam_session_context",
      "name": "current",
      "provider": "provider[\"registry.terraform.io/hashicorp/aws\"]",
      "instances": [
        {
          "schema_version": 0,
          "attributes": {
            "arn": "arn:aws:iam::147997145269:user/terraform",
            "id": "arn:aws:iam::147997145269:user/terraform",
            "issuer_arn": "arn:aws:iam::147997145269:user/terraform",
            "issuer_id": "",
            "issuer_name": "",
            "session_name": ""
          },
          "sensitive_attributes": []
        }
      ]
    },
    {
      "module": "module.eks_ecr.module.eks",
      "mode": "data",
      "type": "aws_partition",
      "name": "current",
      "provider": "provider[\"registry.terraform.io/hashicorp/aws\"]",
      "instances": [
        {
          "schema_version": 0,
          "attributes": {
            "dns_suffix": "amazonaws.com",
            "id": "aws",
            "partition": "aws",
            "reverse_dns_prefix": "com.amazonaws"
          },
          "sensitive_attributes": []
        }
      ]
    },
    {
      "module": "module.eks_ecr.module.eks",
      "mode": "data",
      "type": "tls_certificate",
      "name": "this",
      "provider": "provider[\"registry.terraform.io/hashicorp/tls\"]",
      "instances": [
        {
          "index_key": 0,
          "schema_version": 0,
          "attributes": {
            "certificates": [
              {
                "cert_pem": "-----BEGIN CERTIFICATE-----\nMIIEdTCCA12gAwIBAgIJAKcOSkw0grd/MA0GCSqGSIb3DQEBCwUAMGgxCzAJBgNV\nBAYTAlVTMSUwIwYDVQQKExxTdGFyZmllbGQgVGVjaG5vbG9naWVzLCBJbmMuMTIw\nMAYDVQQLEylTdGFyZmllbGQgQ2xhc3MgMiBDZXJ0aWZpY2F0aW9uIEF1dGhvcml0\neTAeFw0wOTA5MDIwMDAwMDBaFw0zNDA2MjgxNzM5MTZaMIGYMQswCQYDVQQGEwJV\nUzEQMA4GA1UECBMHQXJpem9uYTETMBEGA1UEBxMKU2NvdHRzZGFsZTElMCMGA1UE\nChMcU3RhcmZpZWxkIFRlY2hub2xvZ2llcywgSW5jLjE7MDkGA1UEAxMyU3RhcmZp\nZWxkIFNlcnZpY2VzIFJvb3QgQ2VydGlmaWNhdGUgQXV0aG9yaXR5IC0gRzIwggEi\nMA0GCSqGSIb3DQEBAQUAA4IBDwAwggEKAoIBAQDVDDrEKvlO4vW+GZdfjohTsR8/\ny8+fIBNtKTrID30892t2OGPZNmCom15cAICyL1l/9of5JUOG52kbUpqQ4XHj2C0N\nTm/2yEnZtvMaVq4rtnQU68/7JuMauh2WLmo7WJSJR1b/JaCTcFOD2oR0FMNnngRo\nOt+OQFodSk7PQ5E751bWAHDLUu57fa4657wx+UX2wmDPE1kCK4DMNEffud6QZW0C\nzyyRpqbn3oUYSXxmTqM6bam17jQuug0DuDPfR+uxa40l2ZvOgdFFRjKWcIfeAg5J\nQ4W2bHO7ZOphQazJ1FTfhy/HIrImzJ9ZVGif/L4qL8RVHHVAYBeFAlU5i38FAgMB\nAAGjgfAwge0wDwYDVR0TAQH/BAUwAwEB/zAOBgNVHQ8BAf8EBAMCAYYwHQYDVR0O\nBBYEFJxfAN+qAdcwKziIorhtSpzyEZGDMB8GA1UdIwQYMBaAFL9ft9HO3R+G9FtV\nrNzXEMIOqYjnME8GCCsGAQUFBwEBBEMwQTAcBggrBgEFBQcwAYYQaHR0cDovL28u\nc3MyLnVzLzAhBggrBgEFBQcwAoYVaHR0cDovL3guc3MyLnVzL3guY2VyMCYGA1Ud\nHwQfMB0wG6AZoBeGFWh0dHA6Ly9zLnNzMi51cy9yLmNybDARBgNVHSAECjAIMAYG\nBFUdIAAwDQYJKoZIhvcNAQELBQADggEBACMd44pXyn3pF3lM8R5V/cxTbj5HD9/G\nVfKyBDbtgB9TxF00KGu+x1X8Z+rLP3+QsjPNG1gQggL4+C/1E2DUBc7xgQjB3ad1\nl08YuW3e95ORCLp+QCztweq7dp4zBncdDQh/U90bZKuCJ/Fp1U1ervShw3WnWEQt\n8jxwmKy6abaVd38PMV4s/KCHOkdp8Hlf9BRUpJVeEXgSYCfOn8J3/yNTd126/+pZ\n59vPr5KW7ySaNRB6nJHGDn2Z9j8Z3/VyVOEVqQdZe4O/Ui5GjLIAZHYcSNPYeehu\nVsyuLAOQ1xk4meTKCRlb/weWsKh/NEnfVqn3sF/tM+2MR7cwA130A4w=\n-----END CERTIFICATE-----\n",
                "is_ca": true,
                "issuer": "OU=Starfield Class 2 Certification Authority,O=Starfield Technologies\\, Inc.,C=US",
                "not_after": "2034-06-28T17:39:16Z",
                "not_before": "2009-09-02T00:00:00Z",
                "public_key_algorithm": "RSA",
                "serial_number": "12037640545166866303",
                "sha1_fingerprint": "9e99a48a9960b14926bb7f3b02e22da2b0ab7280",
                "signature_algorithm": "SHA256-RSA",
                "subject": "CN=Starfield Services Root Certificate Authority - G2,O=Starfield Technologies\\, Inc.,L=Scottsdale,ST=Arizona,C=US",
                "version": 3
              },
              {
                "cert_pem": "-----BEGIN CERTIFICATE-----\nMIIEkjCCA3qgAwIBAgITBn+USionzfP6wq4rAfkI7rnExjANBgkqhkiG9w0BAQsF\nADCBmDELMAkGA1UEBhMCVVMxEDAOBgNVBAgTB0FyaXpvbmExEzARBgNVBAcTClNj\nb3R0c2RhbGUxJTAjBgNVBAoTHFN0YXJmaWVsZCBUZWNobm9sb2dpZXMsIEluYy4x\nOzA5BgNVBAMTMlN0YXJmaWVsZCBTZXJ2aWNlcyBSb290IENlcnRpZmljYXRlIEF1\ndGhvcml0eSAtIEcyMB4XDTE1MDUyNTEyMDAwMFoXDTM3MTIzMTAxMDAwMFowOTEL\nMAkGA1UEBhMCVVMxDzANBgNVBAoTBkFtYXpvbjEZMBcGA1UEAxMQQW1hem9uIFJv\nb3QgQ0EgMTCCASIwDQYJKoZIhvcNAQEBBQADggEPADCCAQoCggEBALJ4gHHKeNXj\nca9HgFB0fW7Y14h29Jlo91ghYPl0hAEvrAIthtOgQ3pOsqTQNroBvo3bSMgHFzZM\n9O6II8c+6zf1tRn4SWiw3te5djgdYZ6k/oI2peVKVuRF4fn9tBb6dNqcmzU5L/qw\nIFAGbHrQgLKm+a/sRxmPUDgH3KKHOVj4utWp+UhnMJbulHheb4mjUcAwhmahRWa6\nVOujw5H5SNz/0egwLX0tdHA114gk957EWW67c4cX8jJGKLhD+rcdqsq08p8kDi1L\n93FcXmn/6pUCyziKrlA4b9v7LWIbxcceVOF34GfID5yHI9Y/QCB/IIDEgEw+OyQm\njgSubJrIqg0CAwEAAaOCATEwggEtMA8GA1UdEwEB/wQFMAMBAf8wDgYDVR0PAQH/\nBAQDAgGGMB0GA1UdDgQWBBSEGMyFNOy8DJSULghZnMeyEE4KCDAfBgNVHSMEGDAW\ngBScXwDfqgHXMCs4iKK4bUqc8hGRgzB4BggrBgEFBQcBAQRsMGowLgYIKwYBBQUH\nMAGGImh0dHA6Ly9vY3NwLnJvb3RnMi5hbWF6b250cnVzdC5jb20wOAYIKwYBBQUH\nMAKGLGh0dHA6Ly9jcnQucm9vdGcyLmFtYXpvbnRydXN0LmNvbS9yb290ZzIuY2Vy\nMD0GA1UdHwQ2MDQwMqAwoC6GLGh0dHA6Ly9jcmwucm9vdGcyLmFtYXpvbnRydXN0\nLmNvbS9yb290ZzIuY3JsMBEGA1UdIAQKMAgwBgYEVR0gADANBgkqhkiG9w0BAQsF\nAAOCAQEAYjdCXLwQtT6LLOkMm2xF4gcAevnFWAu5CIw+7bMlPLVvUOTNNWqnkzSW\nMiGpSESrnO09tKpzbeR/FoCJbM8oAxiDR3mjEH4wW6w7sGDgd9QIpuEdfF7Au/ma\neyKdpwAJfqxGF4PcnCZXmTA5YpaP7dreqsXMGz7KQ2hsVxa81Q4gLv7/wmpdLqBK\nbRRYh5TmOTFffHPLkIhqhBGWJ6bt2YFGpn6jcgAKUj6DiAdjd4lpFw85hdKrCEVN\n0FE6/V1dN2RMfjCyVSRCnTawXZwXgWHxyvkQAiSr6w10kY17RSlQOYiypok1JR4U\nakcjMS9cmvqtmg5iUaQqqcT5NJ0hGA==\n-----END CERTIFICATE-----\n",
                "is_ca": true,
                "issuer": "CN=Starfield Services Root Certificate Authority - G2,O=Starfield Technologies\\, Inc.,L=Scottsdale,ST=Arizona,C=US",
                "not_after": "2037-12-31T01:00:00Z",
                "not_before": "2015-05-25T12:00:00Z",
                "public_key_algorithm": "RSA",
                "serial_number": "144918191876577076464031512351042010504348870",
                "sha1_fingerprint": "06b25927c42a721631c1efd9431e648fa62e1e39",
                "signature_algorithm": "SHA256-RSA",
                "subject": "CN=Amazon Root CA 1,O=Amazon,C=US",
                "version": 3
              },
              {
                "cert_pem": "-----BEGIN CERTIFICATE-----\nMIIEXjCCA0agAwIBAgITB3MSTNQG0mfAmRzdKZqfODF5hTANBgkqhkiG9w0BAQsF\nADA5MQswCQYDVQQGEwJVUzEPMA0GA1UEChMGQW1hem9uMRkwFwYDVQQDExBBbWF6\nb24gUm9vdCBDQSAxMB4XDTIyMDgyMzIyMjYwNFoXDTMwMDgyMzIyMjYwNFowPDEL\nMAkGA1UEBhMCVVMxDzANBgNVBAoTBkFtYXpvbjEcMBoGA1UEAxMTQW1hem9uIFJT\nQSAyMDQ4IE0wMzCCASIwDQYJKoZIhvcNAQEBBQADggEPADCCAQoCggEBALd/pVko\n8vuM475Tf45HV3BbCl/B9Jy89G1CRkFjcPY06WA9lS+7dWbUA7GtWUKoksr69hKM\nwcMsNpxlw7b3jeXFgxB09/nmalcAWtnLzF+LaDKEA5DQmvKzuh1nfIfqEiKCQSmX\nXh09Xs+dO7cm5qbaL2hhNJCSAejciwcvOFgFNgEMR42wm6KIFHsQW28jhA+1u/M0\np6fVwReuEgZfLfdx82Px0LJck3lST3EB/JfbdsdOzzzg5YkY1dfuqf8y5fUeZ7Cz\nWXbTjujwX/TovmeWKA36VLCz75azW6tDNuDn66FOpADZZ9omVaF6BqNJiLMVl6P3\n/c0OiUMC6Z5OfKcCAwEAAaOCAVowggFWMBIGA1UdEwEB/wQIMAYBAf8CAQAwDgYD\nVR0PAQH/BAQDAgGGMB0GA1UdJQQWMBQGCCsGAQUFBwMBBggrBgEFBQcDAjAdBgNV\nHQ4EFgQUVdkYX9IczAHhWLS+q9lVQgHXLgIwHwYDVR0jBBgwFoAUhBjMhTTsvAyU\nlC4IWZzHshBOCggwewYIKwYBBQUHAQEEbzBtMC8GCCsGAQUFBzABhiNodHRwOi8v\nb2NzcC5yb290Y2ExLmFtYXpvbnRydXN0LmNvbTA6BggrBgEFBQcwAoYuaHR0cDov\nL2NydC5yb290Y2ExLmFtYXpvbnRydXN0LmNvbS9yb290Y2ExLmNlcjA/BgNVHR8E\nODA2MDSgMqAwhi5odHRwOi8vY3JsLnJvb3RjYTEuYW1hem9udHJ1c3QuY29tL3Jv\nb3RjYTEuY3JsMBMGA1UdIAQMMAowCAYGZ4EMAQIBMA0GCSqGSIb3DQEBCwUAA4IB\nAQAGjeWm2cC+3z2MzSCnte46/7JZvj3iQZDY7EvODNdZF41n71Lrk9kbfNwerK0d\nVNzW36Wefr7j7ZSwBVg50W5ay65jNSN74TTQV1yt4WnSbVvN6KlMs1hiyOZdoHKs\nKDV2UGNxbdoBYCQNa2GYF8FQIWLugNp35aSOpMy6cFlymFQomIrnOQHwK1nvVY4q\nxDSJMU/gNJz17D8ArPN3ngnyZ2TwepJ0uBINz3G5te2rdFUF4i4Y3Bb7FUlHDYm4\nu8aIRGpk2ZpfXmxaoxnbIBZRvGLPSUuPwnwoUOMsJ8jirI5vs2dvchPb7MtI1rle\ni02f2ivH2vxkjDLltSpe2fiC\n-----END CERTIFICATE-----\n",
                "is_ca": true,
                "issuer": "CN=Amazon Root CA 1,O=Amazon,C=US",
                "not_after": "2030-08-23T22:26:04Z",
                "not_before": "2022-08-23T22:26:04Z",
                "public_key_algorithm": "RSA",
                "serial_number": "166129356476704345391986644047206454194698629",
                "sha1_fingerprint": "d9fe0a65fa00cabf61f5120d373a8135e1461f15",
                "signature_algorithm": "SHA256-RSA",
                "subject": "CN=Amazon RSA 2048 M03,O=Amazon,C=US",
                "version": 3
              },
              {
                "cert_pem": "-----BEGIN CERTIFICATE-----\nMIIF7TCCBNWgAwIBAgIQA1SNFWO5W8yYJGAGJt7mOTANBgkqhkiG9w0BAQsFADA8\nMQswCQYDVQQGEwJVUzEPMA0GA1UEChMGQW1hem9uMRwwGgYDVQQDExNBbWF6b24g\nUlNBIDIwNDggTTAzMB4XDTI0MDMyODAwMDAwMFoXDTI1MDQyNjIzNTk1OVowKzEp\nMCcGA1UEAwwgKi5la3MuZXUtY2VudHJhbC0xLmFtYXpvbmF3cy5jb20wggEiMA0G\nCSqGSIb3DQEBAQUAA4IBDwAwggEKAoIBAQCvMgjeWyaWqufTn1LAL7KJRIA8d55b\nVkg39Vd9hl8Xkm7Y2yomN4HVzANJsCehb1wNCOJBOQ6Po5nM0x0AREH6T0Ky9Si4\n/+Bsy05fv0/+mltxbiCzBbhMhoF+8bV4gETWbWdx2jRaZnXfmNfr8JA1kpzagsXX\nK5n5kmT70DTnBdcL3K840A2WSIKqjL0Tq8CLawI+0CrKS8+BL6uTtIUU/aNDWcBh\n25+hb/eqU6ltq+/GTxxOwFaXFiB43ApdlIJrGEvOOiFJnqjSe/z9B14o0gHOI9uI\n2uFCUyyjxXD6Fqb4WW2g1n7A0tgHs3iXUkfhJvp9VQLHjwi3zFToFT2dAgMBAAGj\nggL6MIIC9jAfBgNVHSMEGDAWgBRV2Rhf0hzMAeFYtL6r2VVCAdcuAjAdBgNVHQ4E\nFgQUl49AxXLvDk7YGfsgMl8veMnwmvAwKwYDVR0RBCQwIoIgKi5la3MuZXUtY2Vu\ndHJhbC0xLmFtYXpvbmF3cy5jb20wEwYDVR0gBAwwCjAIBgZngQwBAgEwDgYDVR0P\nAQH/BAQDAgWgMB0GA1UdJQQWMBQGCCsGAQUFBwMBBggrBgEFBQcDAjA7BgNVHR8E\nNDAyMDCgLqAshipodHRwOi8vY3JsLnIybTAzLmFtYXpvbnRydXN0LmNvbS9yMm0w\nMy5jcmwwdQYIKwYBBQUHAQEEaTBnMC0GCCsGAQUFBzABhiFodHRwOi8vb2NzcC5y\nMm0wMy5hbWF6b250cnVzdC5jb20wNgYIKwYBBQUHMAKGKmh0dHA6Ly9jcnQucjJt\nMDMuYW1hem9udHJ1c3QuY29tL3IybTAzLmNlcjAMBgNVHRMBAf8EAjAAMIIBfwYK\nKwYBBAHWeQIEAgSCAW8EggFrAWkAdwBOdaMnXJoQwzhbbNTfP1LrHfDgjhuNacCx\n+mSxYpo53wAAAY6FnQD7AAAEAwBIMEYCIQDAgRrjRgQDQvQI4ymmqomds4XdFaWT\n+buOhQs5aX5sYgIhAKLiZL0IG8+OVwf54M9c+kjgBsGT0KjqA54NMubynjEbAHYA\nfVkeEuF4KnscYWd8Xv340IdcFKBOlZ65Ay/ZDowuebgAAAGOhZ0AbwAABAMARzBF\nAiArIAW+EniGQTcCq7mj07BtSIUZC6jJVoPzKPApZyt5tQIhAJabM+fw1MsTAx6z\nA4AUUDo+8P6pD9aT6EXMu2NTbUFdAHYA5tIxY0B3jMEQQQbXcbnOwdJA9paEhvu6\nhzId/R43jlAAAAGOhZ0AhQAABAMARzBFAiEA+gzSq672FXIFkKjZPQBnEhqvIFgx\njz+SGfI0ZJ+jr1ICICJGhSrumZPRqxDDhqxQLJg1lAcpSSvk50JDScvTiyQOMA0G\nCSqGSIb3DQEBCwUAA4IBAQAYOfGmMDFOMD24DUstZTmNn0Qg0hP3Z59QENXUNSLH\nwm+9hWrU0o5y4+nBQRJQh/uDJXUrCt3ZSYidXiIE16mTPxQf99LXdQjbdRr/ifjV\nBLuWskuLE67ORD7js3qAUX3NCzgZtUb7KbE8h3KoJehkbLKMh6/ARNfsfN7qo4hc\n+hH6aXShPL45nUneY8a2kEiUnKa2wn1fm4S79HqAAOTfHJC8WE2ydreZHpz0RjB7\n7rdNjibGiAcLk/HRrWIRHunb6rnqsZu3YRuvkejuj3hK7uGcf0ZKf66rpSNDfhVL\n+8DaY1UF51pR8vccpZ5Mi7kelrXZEfeb4GP2twpSYKBq\n-----END CERTIFICATE-----\n",
                "is_ca": false,
                "issuer": "CN=Amazon RSA 2048 M03,O=Amazon,C=US",
                "not_after": "2025-04-26T23:59:59Z",
                "not_before": "2024-03-28T00:00:00Z",
                "public_key_algorithm": "RSA",
                "serial_number": "4426698437880301582979442247351592505",
                "sha1_fingerprint": "e0e26d9ed4d742902002f2debc267811c0f31f1d",
                "signature_algorithm": "SHA256-RSA",
                "subject": "CN=*.eks.eu-central-1.amazonaws.com",
                "version": 3
              }
            ],
            "content": null,
            "id": "0fec78e2228057fe710f52c784cacb6ef0a852b4",
            "url": "https://oidc.eks.eu-central-1.amazonaws.com/id/15C2F733C2CCFB0480D53FC41CB3982F",
            "verify_chain": true
          },
          "sensitive_attributes": []
        }
      ]
    },
    {
      "module": "module.eks_ecr.module.eks",
      "mode": "managed",
      "type": "aws_cloudwatch_log_group",
      "name": "this",
      "provider": "provider[\"registry.terraform.io/hashicorp/aws\"]",
      "instances": [
        {
          "index_key": 0,
          "schema_version": 0,
          "attributes": {
            "arn": "arn:aws:logs:eu-central-1:147997145269:log-group:/aws/eks/lhav-wiztechexercise-eks-01/cluster",
            "id": "/aws/eks/lhav-wiztechexercise-eks-01/cluster",
            "kms_key_id": "",
            "log_group_class": "STANDARD",
            "name": "/aws/eks/lhav-wiztechexercise-eks-01/cluster",
            "name_prefix": "",
            "retention_in_days": 90,
            "skip_destroy": false,
            "tags": {
              "Name": "/aws/eks/lhav-wiztechexercise-eks-01/cluster"
            },
            "tags_all": {
              "Name": "/aws/eks/lhav-wiztechexercise-eks-01/cluster"
            }
          },
          "sensitive_attributes": [],
          "private": "bnVsbA==",
          "create_before_destroy": true
        }
      ]
    },
    {
      "module": "module.eks_ecr.module.eks",
      "mode": "managed",
      "type": "aws_eks_access_entry",
      "name": "this",
      "provider": "provider[\"registry.terraform.io/hashicorp/aws\"]",
      "instances": [
        {
          "index_key": "cluster_creator",
          "schema_version": 0,
          "attributes": {
            "access_entry_arn": "arn:aws:eks:eu-central-1:147997145269:access-entry/lhav-wiztechexercise-eks-01/user/147997145269/terraform/14c98fd8-9ca9-6eb6-c8b2-08c71b96fc86",
            "cluster_name": "lhav-wiztechexercise-eks-01",
            "created_at": "2024-11-12T09:25:28Z",
            "id": "lhav-wiztechexercise-eks-01:arn:aws:iam::147997145269:user/terraform",
            "kubernetes_groups": [],
            "modified_at": "2024-11-12T09:25:28Z",
            "principal_arn": "arn:aws:iam::147997145269:user/terraform",
            "tags": {},
            "tags_all": {},
            "timeouts": null,
            "type": "STANDARD",
            "user_name": "arn:aws:iam::147997145269:user/terraform"
          },
          "sensitive_attributes": [],
          "private": "eyJlMmJmYjczMC1lY2FhLTExZTYtOGY4OC0zNDM2M2JjN2M0YzAiOnsiY3JlYXRlIjo2MDAwMDAwMDAwMDAsImRlbGV0ZSI6NjAwMDAwMDAwMDAwfX0=",
          "dependencies": [
            "module.eks_ecr.module.eks.aws_cloudwatch_log_group.this",
            "module.eks_ecr.module.eks.aws_eks_cluster.this",
            "module.eks_ecr.module.eks.aws_iam_policy.cni_ipv6_policy",
            "module.eks_ecr.module.eks.aws_iam_role.this",
            "module.eks_ecr.module.eks.aws_iam_role_policy_attachment.this",
            "module.eks_ecr.module.eks.aws_security_group.cluster",
            "module.eks_ecr.module.eks.aws_security_group.node",
            "module.eks_ecr.module.eks.aws_security_group_rule.cluster",
            "module.eks_ecr.module.eks.aws_security_group_rule.node",
            "module.eks_ecr.module.eks.data.aws_caller_identity.current",
            "module.eks_ecr.module.eks.data.aws_iam_policy_document.assume_role_policy",
            "module.eks_ecr.module.eks.data.aws_iam_policy_document.cni_ipv6_policy",
            "module.eks_ecr.module.eks.data.aws_iam_session_context.current",
            "module.eks_ecr.module.eks.data.aws_partition.current",
            "module.eks_ecr.module.eks.module.kms.aws_kms_external_key.this",
            "module.eks_ecr.module.eks.module.kms.aws_kms_key.this",
            "module.eks_ecr.module.eks.module.kms.aws_kms_replica_external_key.this",
            "module.eks_ecr.module.eks.module.kms.aws_kms_replica_key.this",
            "module.eks_ecr.module.eks.module.kms.data.aws_caller_identity.current",
            "module.eks_ecr.module.eks.module.kms.data.aws_iam_policy_document.this",
            "module.eks_ecr.module.eks.module.kms.data.aws_partition.current",
            "module.vpc.module.vpc.aws_subnet.private",
            "module.vpc.module.vpc.aws_vpc.this",
            "module.vpc.module.vpc.aws_vpc_ipv4_cidr_block_association.this"
          ]
        }
      ]
    },
    {
      "module": "module.eks_ecr.module.eks",
      "mode": "managed",
      "type": "aws_eks_access_policy_association",
      "name": "this",
      "provider": "provider[\"registry.terraform.io/hashicorp/aws\"]",
      "instances": [
        {
          "index_key": "cluster_creator_admin",
          "schema_version": 0,
          "attributes": {
            "access_scope": [
              {
                "namespaces": [],
                "type": "cluster"
              }
            ],
            "associated_at": "2024-11-12 09:25:29.29 +0000 UTC",
            "cluster_name": "lhav-wiztechexercise-eks-01",
            "id": "lhav-wiztechexercise-eks-01#arn:aws:iam::147997145269:user/terraform#arn:aws:eks::aws:cluster-access-policy/AmazonEKSClusterAdminPolicy",
            "modified_at": "2024-11-12 09:25:29.29 +0000 UTC",
            "policy_arn": "arn:aws:eks::aws:cluster-access-policy/AmazonEKSClusterAdminPolicy",
            "principal_arn": "arn:aws:iam::147997145269:user/terraform",
            "timeouts": null
          },
          "sensitive_attributes": [],
          "private": "eyJlMmJmYjczMC1lY2FhLTExZTYtOGY4OC0zNDM2M2JjN2M0YzAiOnsiY3JlYXRlIjo2MDAwMDAwMDAwMDAsImRlbGV0ZSI6NjAwMDAwMDAwMDAwfX0=",
          "dependencies": [
            "module.eks_ecr.module.eks.aws_cloudwatch_log_group.this",
            "module.eks_ecr.module.eks.aws_eks_access_entry.this",
            "module.eks_ecr.module.eks.aws_eks_cluster.this",
            "module.eks_ecr.module.eks.aws_iam_policy.cni_ipv6_policy",
            "module.eks_ecr.module.eks.aws_iam_role.this",
            "module.eks_ecr.module.eks.aws_iam_role_policy_attachment.this",
            "module.eks_ecr.module.eks.aws_security_group.cluster",
            "module.eks_ecr.module.eks.aws_security_group.node",
            "module.eks_ecr.module.eks.aws_security_group_rule.cluster",
            "module.eks_ecr.module.eks.aws_security_group_rule.node",
            "module.eks_ecr.module.eks.data.aws_caller_identity.current",
            "module.eks_ecr.module.eks.data.aws_iam_policy_document.assume_role_policy",
            "module.eks_ecr.module.eks.data.aws_iam_policy_document.cni_ipv6_policy",
            "module.eks_ecr.module.eks.data.aws_iam_session_context.current",
            "module.eks_ecr.module.eks.data.aws_partition.current",
            "module.eks_ecr.module.eks.module.kms.aws_kms_external_key.this",
            "module.eks_ecr.module.eks.module.kms.aws_kms_key.this",
            "module.eks_ecr.module.eks.module.kms.aws_kms_replica_external_key.this",
            "module.eks_ecr.module.eks.module.kms.aws_kms_replica_key.this",
            "module.eks_ecr.module.eks.module.kms.data.aws_caller_identity.current",
            "module.eks_ecr.module.eks.module.kms.data.aws_iam_policy_document.this",
            "module.eks_ecr.module.eks.module.kms.data.aws_partition.current",
            "module.vpc.module.vpc.aws_subnet.private",
            "module.vpc.module.vpc.aws_vpc.this",
            "module.vpc.module.vpc.aws_vpc_ipv4_cidr_block_association.this"
          ]
        }
      ]
    },
    {
      "module": "module.eks_ecr.module.eks",
      "mode": "managed",
      "type": "aws_eks_addon",
      "name": "this",
      "provider": "provider[\"registry.terraform.io/hashicorp/aws\"]",
      "instances": [
        {
          "index_key": "coredns",
          "schema_version": 0,
          "attributes": {
            "addon_name": "coredns",
            "addon_version": "v1.11.3-eksbuild.1",
            "arn": "arn:aws:eks:eu-central-1:147997145269:addon/lhav-wiztechexercise-eks-01/coredns/cec98fd9-aa6a-f5f9-37f8-542b25f93049",
            "cluster_name": "lhav-wiztechexercise-eks-01",
            "configuration_values": "",
            "created_at": "2024-11-12T09:27:47Z",
            "id": "lhav-wiztechexercise-eks-01:coredns",
            "modified_at": "2024-11-12T09:27:59Z",
            "pod_identity_association": [],
            "preserve": true,
            "resolve_conflicts": null,
            "resolve_conflicts_on_create": "OVERWRITE",
            "resolve_conflicts_on_update": "OVERWRITE",
            "service_account_role_arn": "",
            "tags": {},
            "tags_all": {},
            "timeouts": {
              "create": null,
              "delete": null,
              "update": null
            }
          },
          "sensitive_attributes": [],
          "private": "eyJlMmJmYjczMC1lY2FhLTExZTYtOGY4OC0zNDM2M2JjN2M0YzAiOnsiY3JlYXRlIjoxMjAwMDAwMDAwMDAwLCJkZWxldGUiOjI0MDAwMDAwMDAwMDAsInVwZGF0ZSI6MTIwMDAwMDAwMDAwMH19",
          "dependencies": [
            "module.eks_ecr.module.eks.aws_cloudwatch_log_group.this",
            "module.eks_ecr.module.eks.aws_eks_cluster.this",
            "module.eks_ecr.module.eks.aws_iam_policy.cni_ipv6_policy",
            "module.eks_ecr.module.eks.aws_iam_role.this",
            "module.eks_ecr.module.eks.aws_iam_role_policy_attachment.this",
            "module.eks_ecr.module.eks.aws_security_group.cluster",
            "module.eks_ecr.module.eks.aws_security_group.node",
            "module.eks_ecr.module.eks.aws_security_group_rule.cluster",
            "module.eks_ecr.module.eks.aws_security_group_rule.node",
            "module.eks_ecr.module.eks.data.aws_caller_identity.current",
            "module.eks_ecr.module.eks.data.aws_eks_addon_version.this",
            "module.eks_ecr.module.eks.data.aws_iam_policy_document.assume_role_policy",
            "module.eks_ecr.module.eks.data.aws_iam_policy_document.cni_ipv6_policy",
            "module.eks_ecr.module.eks.data.aws_iam_session_context.current",
            "module.eks_ecr.module.eks.data.aws_partition.current",
            "module.eks_ecr.module.eks.module.eks_managed_node_group.aws_autoscaling_schedule.this",
            "module.eks_ecr.module.eks.module.eks_managed_node_group.aws_eks_node_group.this",
            "module.eks_ecr.module.eks.module.eks_managed_node_group.aws_iam_role.this",
            "module.eks_ecr.module.eks.module.eks_managed_node_group.aws_iam_role_policy.this",
            "module.eks_ecr.module.eks.module.eks_managed_node_group.aws_iam_role_policy_attachment.additional",
            "module.eks_ecr.module.eks.module.eks_managed_node_group.aws_iam_role_policy_attachment.this",
            "module.eks_ecr.module.eks.module.eks_managed_node_group.aws_launch_template.this",
            "module.eks_ecr.module.eks.module.eks_managed_node_group.aws_placement_group.this",
            "module.eks_ecr.module.eks.module.eks_managed_node_group.data.aws_caller_identity.current",
            "module.eks_ecr.module.eks.module.eks_managed_node_group.data.aws_ec2_instance_type.this",
            "module.eks_ecr.module.eks.module.eks_managed_node_group.data.aws_ec2_instance_type_offerings.this",
            "module.eks_ecr.module.eks.module.eks_managed_node_group.data.aws_iam_policy_document.assume_role_policy",
            "module.eks_ecr.module.eks.module.eks_managed_node_group.data.aws_iam_policy_document.role",
            "module.eks_ecr.module.eks.module.eks_managed_node_group.data.aws_partition.current",
            "module.eks_ecr.module.eks.module.eks_managed_node_group.data.aws_ssm_parameter.ami",
            "module.eks_ecr.module.eks.module.eks_managed_node_group.data.aws_subnets.placement_group",
            "module.eks_ecr.module.eks.module.eks_managed_node_group.module.user_data.data.cloudinit_config.al2023_eks_managed_node_group",
            "module.eks_ecr.module.eks.module.eks_managed_node_group.module.user_data.data.cloudinit_config.linux_eks_managed_node_group",
            "module.eks_ecr.module.eks.module.eks_managed_node_group.module.user_data.null_resource.validate_cluster_service_cidr",
            "module.eks_ecr.module.eks.module.fargate_profile.aws_eks_fargate_profile.this",
            "module.eks_ecr.module.eks.module.fargate_profile.aws_iam_role.this",
            "module.eks_ecr.module.eks.module.fargate_profile.aws_iam_role_policy.this",
            "module.eks_ecr.module.eks.module.fargate_profile.aws_iam_role_policy_attachment.additional",
            "module.eks_ecr.module.eks.module.fargate_profile.aws_iam_role_policy_attachment.this",
            "module.eks_ecr.module.eks.module.fargate_profile.data.aws_caller_identity.current",
            "module.eks_ecr.module.eks.module.fargate_profile.data.aws_iam_policy_document.assume_role_policy",
            "module.eks_ecr.module.eks.module.fargate_profile.data.aws_iam_policy_document.role",
            "module.eks_ecr.module.eks.module.fargate_profile.data.aws_partition.current",
            "module.eks_ecr.module.eks.module.fargate_profile.data.aws_region.current",
            "module.eks_ecr.module.eks.module.kms.aws_kms_external_key.this",
            "module.eks_ecr.module.eks.module.kms.aws_kms_key.this",
            "module.eks_ecr.module.eks.module.kms.aws_kms_replica_external_key.this",
            "module.eks_ecr.module.eks.module.kms.aws_kms_replica_key.this",
            "module.eks_ecr.module.eks.module.kms.data.aws_caller_identity.current",
            "module.eks_ecr.module.eks.module.kms.data.aws_iam_policy_document.this",
            "module.eks_ecr.module.eks.module.kms.data.aws_partition.current",
            "module.eks_ecr.module.eks.module.self_managed_node_group.aws_autoscaling_group.this",
            "module.eks_ecr.module.eks.module.self_managed_node_group.aws_autoscaling_schedule.this",
            "module.eks_ecr.module.eks.module.self_managed_node_group.aws_eks_access_entry.this",
            "module.eks_ecr.module.eks.module.self_managed_node_group.aws_iam_instance_profile.this",
            "module.eks_ecr.module.eks.module.self_managed_node_group.aws_iam_role.this",
            "module.eks_ecr.module.eks.module.self_managed_node_group.aws_iam_role_policy.this",
            "module.eks_ecr.module.eks.module.self_managed_node_group.aws_iam_role_policy_attachment.additional",
            "module.eks_ecr.module.eks.module.self_managed_node_group.aws_iam_role_policy_attachment.this",
            "module.eks_ecr.module.eks.module.self_managed_node_group.aws_launch_template.this",
            "module.eks_ecr.module.eks.module.self_managed_node_group.aws_placement_group.this",
            "module.eks_ecr.module.eks.module.self_managed_node_group.data.aws_caller_identity.current",
            "module.eks_ecr.module.eks.module.self_managed_node_group.data.aws_ec2_instance_type.this",
            "module.eks_ecr.module.eks.module.self_managed_node_group.data.aws_ec2_instance_type_offerings.this",
            "module.eks_ecr.module.eks.module.self_managed_node_group.data.aws_iam_policy_document.assume_role_policy",
            "module.eks_ecr.module.eks.module.self_managed_node_group.data.aws_iam_policy_document.role",
            "module.eks_ecr.module.eks.module.self_managed_node_group.data.aws_partition.current",
            "module.eks_ecr.module.eks.module.self_managed_node_group.data.aws_ssm_parameter.ami",
            "module.eks_ecr.module.eks.module.self_managed_node_group.data.aws_subnets.placement_group",
            "module.eks_ecr.module.eks.module.self_managed_node_group.module.user_data.data.cloudinit_config.al2023_eks_managed_node_group",
            "module.eks_ecr.module.eks.module.self_managed_node_group.module.user_data.data.cloudinit_config.linux_eks_managed_node_group",
            "module.eks_ecr.module.eks.module.self_managed_node_group.module.user_data.null_resource.validate_cluster_service_cidr",
            "module.eks_ecr.module.eks.time_sleep.this",
            "module.vpc.module.vpc.aws_subnet.private",
            "module.vpc.module.vpc.aws_vpc.this",
            "module.vpc.module.vpc.aws_vpc_ipv4_cidr_block_association.this"
          ]
        },
        {
          "index_key": "eks-pod-identity-agent",
          "schema_version": 0,
          "attributes": {
            "addon_name": "eks-pod-identity-agent",
            "addon_version": "v1.3.2-eksbuild.2",
            "arn": "arn:aws:eks:eu-central-1:147997145269:addon/lhav-wiztechexercise-eks-01/eks-pod-identity-agent/c0c98fd9-aa6e-4324-2064-7cb6318f58e9",
            "cluster_name": "lhav-wiztechexercise-eks-01",
            "configuration_values": "",
            "created_at": "2024-11-12T09:27:46Z",
            "id": "lhav-wiztechexercise-eks-01:eks-pod-identity-agent",
            "modified_at": "2024-11-12T09:28:23Z",
            "pod_identity_association": [],
            "preserve": true,
            "resolve_conflicts": null,
            "resolve_conflicts_on_create": "OVERWRITE",
            "resolve_conflicts_on_update": "OVERWRITE",
            "service_account_role_arn": "",
            "tags": {},
            "tags_all": {},
            "timeouts": {
              "create": null,
              "delete": null,
              "update": null
            }
          },
          "sensitive_attributes": [],
          "private": "eyJlMmJmYjczMC1lY2FhLTExZTYtOGY4OC0zNDM2M2JjN2M0YzAiOnsiY3JlYXRlIjoxMjAwMDAwMDAwMDAwLCJkZWxldGUiOjI0MDAwMDAwMDAwMDAsInVwZGF0ZSI6MTIwMDAwMDAwMDAwMH19",
          "dependencies": [
            "module.eks_ecr.module.eks.aws_cloudwatch_log_group.this",
            "module.eks_ecr.module.eks.aws_eks_cluster.this",
            "module.eks_ecr.module.eks.aws_iam_policy.cni_ipv6_policy",
            "module.eks_ecr.module.eks.aws_iam_role.this",
            "module.eks_ecr.module.eks.aws_iam_role_policy_attachment.this",
            "module.eks_ecr.module.eks.aws_security_group.cluster",
            "module.eks_ecr.module.eks.aws_security_group.node",
            "module.eks_ecr.module.eks.aws_security_group_rule.cluster",
            "module.eks_ecr.module.eks.aws_security_group_rule.node",
            "module.eks_ecr.module.eks.data.aws_caller_identity.current",
            "module.eks_ecr.module.eks.data.aws_eks_addon_version.this",
            "module.eks_ecr.module.eks.data.aws_iam_policy_document.assume_role_policy",
            "module.eks_ecr.module.eks.data.aws_iam_policy_document.cni_ipv6_policy",
            "module.eks_ecr.module.eks.data.aws_iam_session_context.current",
            "module.eks_ecr.module.eks.data.aws_partition.current",
            "module.eks_ecr.module.eks.module.eks_managed_node_group.aws_autoscaling_schedule.this",
            "module.eks_ecr.module.eks.module.eks_managed_node_group.aws_eks_node_group.this",
            "module.eks_ecr.module.eks.module.eks_managed_node_group.aws_iam_role.this",
            "module.eks_ecr.module.eks.module.eks_managed_node_group.aws_iam_role_policy.this",
            "module.eks_ecr.module.eks.module.eks_managed_node_group.aws_iam_role_policy_attachment.additional",
            "module.eks_ecr.module.eks.module.eks_managed_node_group.aws_iam_role_policy_attachment.this",
            "module.eks_ecr.module.eks.module.eks_managed_node_group.aws_launch_template.this",
            "module.eks_ecr.module.eks.module.eks_managed_node_group.aws_placement_group.this",
            "module.eks_ecr.module.eks.module.eks_managed_node_group.data.aws_caller_identity.current",
            "module.eks_ecr.module.eks.module.eks_managed_node_group.data.aws_ec2_instance_type.this",
            "module.eks_ecr.module.eks.module.eks_managed_node_group.data.aws_ec2_instance_type_offerings.this",
            "module.eks_ecr.module.eks.module.eks_managed_node_group.data.aws_iam_policy_document.assume_role_policy",
            "module.eks_ecr.module.eks.module.eks_managed_node_group.data.aws_iam_policy_document.role",
            "module.eks_ecr.module.eks.module.eks_managed_node_group.data.aws_partition.current",
            "module.eks_ecr.module.eks.module.eks_managed_node_group.data.aws_ssm_parameter.ami",
            "module.eks_ecr.module.eks.module.eks_managed_node_group.data.aws_subnets.placement_group",
            "module.eks_ecr.module.eks.module.eks_managed_node_group.module.user_data.data.cloudinit_config.al2023_eks_managed_node_group",
            "module.eks_ecr.module.eks.module.eks_managed_node_group.module.user_data.data.cloudinit_config.linux_eks_managed_node_group",
            "module.eks_ecr.module.eks.module.eks_managed_node_group.module.user_data.null_resource.validate_cluster_service_cidr",
            "module.eks_ecr.module.eks.module.fargate_profile.aws_eks_fargate_profile.this",
            "module.eks_ecr.module.eks.module.fargate_profile.aws_iam_role.this",
            "module.eks_ecr.module.eks.module.fargate_profile.aws_iam_role_policy.this",
            "module.eks_ecr.module.eks.module.fargate_profile.aws_iam_role_policy_attachment.additional",
            "module.eks_ecr.module.eks.module.fargate_profile.aws_iam_role_policy_attachment.this",
            "module.eks_ecr.module.eks.module.fargate_profile.data.aws_caller_identity.current",
            "module.eks_ecr.module.eks.module.fargate_profile.data.aws_iam_policy_document.assume_role_policy",
            "module.eks_ecr.module.eks.module.fargate_profile.data.aws_iam_policy_document.role",
            "module.eks_ecr.module.eks.module.fargate_profile.data.aws_partition.current",
            "module.eks_ecr.module.eks.module.fargate_profile.data.aws_region.current",
            "module.eks_ecr.module.eks.module.kms.aws_kms_external_key.this",
            "module.eks_ecr.module.eks.module.kms.aws_kms_key.this",
            "module.eks_ecr.module.eks.module.kms.aws_kms_replica_external_key.this",
            "module.eks_ecr.module.eks.module.kms.aws_kms_replica_key.this",
            "module.eks_ecr.module.eks.module.kms.data.aws_caller_identity.current",
            "module.eks_ecr.module.eks.module.kms.data.aws_iam_policy_document.this",
            "module.eks_ecr.module.eks.module.kms.data.aws_partition.current",
            "module.eks_ecr.module.eks.module.self_managed_node_group.aws_autoscaling_group.this",
            "module.eks_ecr.module.eks.module.self_managed_node_group.aws_autoscaling_schedule.this",
            "module.eks_ecr.module.eks.module.self_managed_node_group.aws_eks_access_entry.this",
            "module.eks_ecr.module.eks.module.self_managed_node_group.aws_iam_instance_profile.this",
            "module.eks_ecr.module.eks.module.self_managed_node_group.aws_iam_role.this",
            "module.eks_ecr.module.eks.module.self_managed_node_group.aws_iam_role_policy.this",
            "module.eks_ecr.module.eks.module.self_managed_node_group.aws_iam_role_policy_attachment.additional",
            "module.eks_ecr.module.eks.module.self_managed_node_group.aws_iam_role_policy_attachment.this",
            "module.eks_ecr.module.eks.module.self_managed_node_group.aws_launch_template.this",
            "module.eks_ecr.module.eks.module.self_managed_node_group.aws_placement_group.this",
            "module.eks_ecr.module.eks.module.self_managed_node_group.data.aws_caller_identity.current",
            "module.eks_ecr.module.eks.module.self_managed_node_group.data.aws_ec2_instance_type.this",
            "module.eks_ecr.module.eks.module.self_managed_node_group.data.aws_ec2_instance_type_offerings.this",
            "module.eks_ecr.module.eks.module.self_managed_node_group.data.aws_iam_policy_document.assume_role_policy",
            "module.eks_ecr.module.eks.module.self_managed_node_group.data.aws_iam_policy_document.role",
            "module.eks_ecr.module.eks.module.self_managed_node_group.data.aws_partition.current",
            "module.eks_ecr.module.eks.module.self_managed_node_group.data.aws_ssm_parameter.ami",
            "module.eks_ecr.module.eks.module.self_managed_node_group.data.aws_subnets.placement_group",
            "module.eks_ecr.module.eks.module.self_managed_node_group.module.user_data.data.cloudinit_config.al2023_eks_managed_node_group",
            "module.eks_ecr.module.eks.module.self_managed_node_group.module.user_data.data.cloudinit_config.linux_eks_managed_node_group",
            "module.eks_ecr.module.eks.module.self_managed_node_group.module.user_data.null_resource.validate_cluster_service_cidr",
            "module.eks_ecr.module.eks.time_sleep.this",
            "module.vpc.module.vpc.aws_subnet.private",
            "module.vpc.module.vpc.aws_vpc.this",
            "module.vpc.module.vpc.aws_vpc_ipv4_cidr_block_association.this"
          ]
        },
        {
          "index_key": "kube-proxy",
          "schema_version": 0,
          "attributes": {
            "addon_name": "kube-proxy",
            "addon_version": "v1.31.0-eksbuild.2",
            "arn": "arn:aws:eks:eu-central-1:147997145269:addon/lhav-wiztechexercise-eks-01/kube-proxy/24c98fd9-aa70-5c82-beff-7da9158889fc",
            "cluster_name": "lhav-wiztechexercise-eks-01",
            "configuration_values": "",
            "created_at": "2024-11-12T09:27:47Z",
            "id": "lhav-wiztechexercise-eks-01:kube-proxy",
            "modified_at": "2024-11-12T09:27:53Z",
            "pod_identity_association": [],
            "preserve": true,
            "resolve_conflicts": null,
            "resolve_conflicts_on_create": "OVERWRITE",
            "resolve_conflicts_on_update": "OVERWRITE",
            "service_account_role_arn": "",
            "tags": {},
            "tags_all": {},
            "timeouts": {
              "create": null,
              "delete": null,
              "update": null
            }
          },
          "sensitive_attributes": [],
          "private": "eyJlMmJmYjczMC1lY2FhLTExZTYtOGY4OC0zNDM2M2JjN2M0YzAiOnsiY3JlYXRlIjoxMjAwMDAwMDAwMDAwLCJkZWxldGUiOjI0MDAwMDAwMDAwMDAsInVwZGF0ZSI6MTIwMDAwMDAwMDAwMH19",
          "dependencies": [
            "module.eks_ecr.module.eks.aws_cloudwatch_log_group.this",
            "module.eks_ecr.module.eks.aws_eks_cluster.this",
            "module.eks_ecr.module.eks.aws_iam_policy.cni_ipv6_policy",
            "module.eks_ecr.module.eks.aws_iam_role.this",
            "module.eks_ecr.module.eks.aws_iam_role_policy_attachment.this",
            "module.eks_ecr.module.eks.aws_security_group.cluster",
            "module.eks_ecr.module.eks.aws_security_group.node",
            "module.eks_ecr.module.eks.aws_security_group_rule.cluster",
            "module.eks_ecr.module.eks.aws_security_group_rule.node",
            "module.eks_ecr.module.eks.data.aws_caller_identity.current",
            "module.eks_ecr.module.eks.data.aws_eks_addon_version.this",
            "module.eks_ecr.module.eks.data.aws_iam_policy_document.assume_role_policy",
            "module.eks_ecr.module.eks.data.aws_iam_policy_document.cni_ipv6_policy",
            "module.eks_ecr.module.eks.data.aws_iam_session_context.current",
            "module.eks_ecr.module.eks.data.aws_partition.current",
            "module.eks_ecr.module.eks.module.eks_managed_node_group.aws_autoscaling_schedule.this",
            "module.eks_ecr.module.eks.module.eks_managed_node_group.aws_eks_node_group.this",
            "module.eks_ecr.module.eks.module.eks_managed_node_group.aws_iam_role.this",
            "module.eks_ecr.module.eks.module.eks_managed_node_group.aws_iam_role_policy.this",
            "module.eks_ecr.module.eks.module.eks_managed_node_group.aws_iam_role_policy_attachment.additional",
            "module.eks_ecr.module.eks.module.eks_managed_node_group.aws_iam_role_policy_attachment.this",
            "module.eks_ecr.module.eks.module.eks_managed_node_group.aws_launch_template.this",
            "module.eks_ecr.module.eks.module.eks_managed_node_group.aws_placement_group.this",
            "module.eks_ecr.module.eks.module.eks_managed_node_group.data.aws_caller_identity.current",
            "module.eks_ecr.module.eks.module.eks_managed_node_group.data.aws_ec2_instance_type.this",
            "module.eks_ecr.module.eks.module.eks_managed_node_group.data.aws_ec2_instance_type_offerings.this",
            "module.eks_ecr.module.eks.module.eks_managed_node_group.data.aws_iam_policy_document.assume_role_policy",
            "module.eks_ecr.module.eks.module.eks_managed_node_group.data.aws_iam_policy_document.role",
            "module.eks_ecr.module.eks.module.eks_managed_node_group.data.aws_partition.current",
            "module.eks_ecr.module.eks.module.eks_managed_node_group.data.aws_ssm_parameter.ami",
            "module.eks_ecr.module.eks.module.eks_managed_node_group.data.aws_subnets.placement_group",
            "module.eks_ecr.module.eks.module.eks_managed_node_group.module.user_data.data.cloudinit_config.al2023_eks_managed_node_group",
            "module.eks_ecr.module.eks.module.eks_managed_node_group.module.user_data.data.cloudinit_config.linux_eks_managed_node_group",
            "module.eks_ecr.module.eks.module.eks_managed_node_group.module.user_data.null_resource.validate_cluster_service_cidr",
            "module.eks_ecr.module.eks.module.fargate_profile.aws_eks_fargate_profile.this",
            "module.eks_ecr.module.eks.module.fargate_profile.aws_iam_role.this",
            "module.eks_ecr.module.eks.module.fargate_profile.aws_iam_role_policy.this",
            "module.eks_ecr.module.eks.module.fargate_profile.aws_iam_role_policy_attachment.additional",
            "module.eks_ecr.module.eks.module.fargate_profile.aws_iam_role_policy_attachment.this",
            "module.eks_ecr.module.eks.module.fargate_profile.data.aws_caller_identity.current",
            "module.eks_ecr.module.eks.module.fargate_profile.data.aws_iam_policy_document.assume_role_policy",
            "module.eks_ecr.module.eks.module.fargate_profile.data.aws_iam_policy_document.role",
            "module.eks_ecr.module.eks.module.fargate_profile.data.aws_partition.current",
            "module.eks_ecr.module.eks.module.fargate_profile.data.aws_region.current",
            "module.eks_ecr.module.eks.module.kms.aws_kms_external_key.this",
            "module.eks_ecr.module.eks.module.kms.aws_kms_key.this",
            "module.eks_ecr.module.eks.module.kms.aws_kms_replica_external_key.this",
            "module.eks_ecr.module.eks.module.kms.aws_kms_replica_key.this",
            "module.eks_ecr.module.eks.module.kms.data.aws_caller_identity.current",
            "module.eks_ecr.module.eks.module.kms.data.aws_iam_policy_document.this",
            "module.eks_ecr.module.eks.module.kms.data.aws_partition.current",
            "module.eks_ecr.module.eks.module.self_managed_node_group.aws_autoscaling_group.this",
            "module.eks_ecr.module.eks.module.self_managed_node_group.aws_autoscaling_schedule.this",
            "module.eks_ecr.module.eks.module.self_managed_node_group.aws_eks_access_entry.this",
            "module.eks_ecr.module.eks.module.self_managed_node_group.aws_iam_instance_profile.this",
            "module.eks_ecr.module.eks.module.self_managed_node_group.aws_iam_role.this",
            "module.eks_ecr.module.eks.module.self_managed_node_group.aws_iam_role_policy.this",
            "module.eks_ecr.module.eks.module.self_managed_node_group.aws_iam_role_policy_attachment.additional",
            "module.eks_ecr.module.eks.module.self_managed_node_group.aws_iam_role_policy_attachment.this",
            "module.eks_ecr.module.eks.module.self_managed_node_group.aws_launch_template.this",
            "module.eks_ecr.module.eks.module.self_managed_node_group.aws_placement_group.this",
            "module.eks_ecr.module.eks.module.self_managed_node_group.data.aws_caller_identity.current",
            "module.eks_ecr.module.eks.module.self_managed_node_group.data.aws_ec2_instance_type.this",
            "module.eks_ecr.module.eks.module.self_managed_node_group.data.aws_ec2_instance_type_offerings.this",
            "module.eks_ecr.module.eks.module.self_managed_node_group.data.aws_iam_policy_document.assume_role_policy",
            "module.eks_ecr.module.eks.module.self_managed_node_group.data.aws_iam_policy_document.role",
            "module.eks_ecr.module.eks.module.self_managed_node_group.data.aws_partition.current",
            "module.eks_ecr.module.eks.module.self_managed_node_group.data.aws_ssm_parameter.ami",
            "module.eks_ecr.module.eks.module.self_managed_node_group.data.aws_subnets.placement_group",
            "module.eks_ecr.module.eks.module.self_managed_node_group.module.user_data.data.cloudinit_config.al2023_eks_managed_node_group",
            "module.eks_ecr.module.eks.module.self_managed_node_group.module.user_data.data.cloudinit_config.linux_eks_managed_node_group",
            "module.eks_ecr.module.eks.module.self_managed_node_group.module.user_data.null_resource.validate_cluster_service_cidr",
            "module.eks_ecr.module.eks.time_sleep.this",
            "module.vpc.module.vpc.aws_subnet.private",
            "module.vpc.module.vpc.aws_vpc.this",
            "module.vpc.module.vpc.aws_vpc_ipv4_cidr_block_association.this"
          ]
        },
        {
          "index_key": "vpc-cni",
          "schema_version": 0,
          "attributes": {
            "addon_name": "vpc-cni",
            "addon_version": "v1.18.3-eksbuild.2",
            "arn": "arn:aws:eks:eu-central-1:147997145269:addon/lhav-wiztechexercise-eks-01/vpc-cni/9ac98fd9-aa70-7b82-8d1f-ced4fdf34266",
            "cluster_name": "lhav-wiztechexercise-eks-01",
            "configuration_values": "",
            "created_at": "2024-11-12T09:27:47Z",
            "id": "lhav-wiztechexercise-eks-01:vpc-cni",
            "modified_at": "2024-11-12T09:28:24Z",
            "pod_identity_association": [],
            "preserve": true,
            "resolve_conflicts": null,
            "resolve_conflicts_on_create": "OVERWRITE",
            "resolve_conflicts_on_update": "OVERWRITE",
            "service_account_role_arn": "",
            "tags": {},
            "tags_all": {},
            "timeouts": {
              "create": null,
              "delete": null,
              "update": null
            }
          },
          "sensitive_attributes": [],
          "private": "eyJlMmJmYjczMC1lY2FhLTExZTYtOGY4OC0zNDM2M2JjN2M0YzAiOnsiY3JlYXRlIjoxMjAwMDAwMDAwMDAwLCJkZWxldGUiOjI0MDAwMDAwMDAwMDAsInVwZGF0ZSI6MTIwMDAwMDAwMDAwMH19",
          "dependencies": [
            "module.eks_ecr.module.eks.aws_cloudwatch_log_group.this",
            "module.eks_ecr.module.eks.aws_eks_cluster.this",
            "module.eks_ecr.module.eks.aws_iam_policy.cni_ipv6_policy",
            "module.eks_ecr.module.eks.aws_iam_role.this",
            "module.eks_ecr.module.eks.aws_iam_role_policy_attachment.this",
            "module.eks_ecr.module.eks.aws_security_group.cluster",
            "module.eks_ecr.module.eks.aws_security_group.node",
            "module.eks_ecr.module.eks.aws_security_group_rule.cluster",
            "module.eks_ecr.module.eks.aws_security_group_rule.node",
            "module.eks_ecr.module.eks.data.aws_caller_identity.current",
            "module.eks_ecr.module.eks.data.aws_eks_addon_version.this",
            "module.eks_ecr.module.eks.data.aws_iam_policy_document.assume_role_policy",
            "module.eks_ecr.module.eks.data.aws_iam_policy_document.cni_ipv6_policy",
            "module.eks_ecr.module.eks.data.aws_iam_session_context.current",
            "module.eks_ecr.module.eks.data.aws_partition.current",
            "module.eks_ecr.module.eks.module.eks_managed_node_group.aws_autoscaling_schedule.this",
            "module.eks_ecr.module.eks.module.eks_managed_node_group.aws_eks_node_group.this",
            "module.eks_ecr.module.eks.module.eks_managed_node_group.aws_iam_role.this",
            "module.eks_ecr.module.eks.module.eks_managed_node_group.aws_iam_role_policy.this",
            "module.eks_ecr.module.eks.module.eks_managed_node_group.aws_iam_role_policy_attachment.additional",
            "module.eks_ecr.module.eks.module.eks_managed_node_group.aws_iam_role_policy_attachment.this",
            "module.eks_ecr.module.eks.module.eks_managed_node_group.aws_launch_template.this",
            "module.eks_ecr.module.eks.module.eks_managed_node_group.aws_placement_group.this",
            "module.eks_ecr.module.eks.module.eks_managed_node_group.data.aws_caller_identity.current",
            "module.eks_ecr.module.eks.module.eks_managed_node_group.data.aws_ec2_instance_type.this",
            "module.eks_ecr.module.eks.module.eks_managed_node_group.data.aws_ec2_instance_type_offerings.this",
            "module.eks_ecr.module.eks.module.eks_managed_node_group.data.aws_iam_policy_document.assume_role_policy",
            "module.eks_ecr.module.eks.module.eks_managed_node_group.data.aws_iam_policy_document.role",
            "module.eks_ecr.module.eks.module.eks_managed_node_group.data.aws_partition.current",
            "module.eks_ecr.module.eks.module.eks_managed_node_group.data.aws_ssm_parameter.ami",
            "module.eks_ecr.module.eks.module.eks_managed_node_group.data.aws_subnets.placement_group",
            "module.eks_ecr.module.eks.module.eks_managed_node_group.module.user_data.data.cloudinit_config.al2023_eks_managed_node_group",
            "module.eks_ecr.module.eks.module.eks_managed_node_group.module.user_data.data.cloudinit_config.linux_eks_managed_node_group",
            "module.eks_ecr.module.eks.module.eks_managed_node_group.module.user_data.null_resource.validate_cluster_service_cidr",
            "module.eks_ecr.module.eks.module.fargate_profile.aws_eks_fargate_profile.this",
            "module.eks_ecr.module.eks.module.fargate_profile.aws_iam_role.this",
            "module.eks_ecr.module.eks.module.fargate_profile.aws_iam_role_policy.this",
            "module.eks_ecr.module.eks.module.fargate_profile.aws_iam_role_policy_attachment.additional",
            "module.eks_ecr.module.eks.module.fargate_profile.aws_iam_role_policy_attachment.this",
            "module.eks_ecr.module.eks.module.fargate_profile.data.aws_caller_identity.current",
            "module.eks_ecr.module.eks.module.fargate_profile.data.aws_iam_policy_document.assume_role_policy",
            "module.eks_ecr.module.eks.module.fargate_profile.data.aws_iam_policy_document.role",
            "module.eks_ecr.module.eks.module.fargate_profile.data.aws_partition.current",
            "module.eks_ecr.module.eks.module.fargate_profile.data.aws_region.current",
            "module.eks_ecr.module.eks.module.kms.aws_kms_external_key.this",
            "module.eks_ecr.module.eks.module.kms.aws_kms_key.this",
            "module.eks_ecr.module.eks.module.kms.aws_kms_replica_external_key.this",
            "module.eks_ecr.module.eks.module.kms.aws_kms_replica_key.this",
            "module.eks_ecr.module.eks.module.kms.data.aws_caller_identity.current",
            "module.eks_ecr.module.eks.module.kms.data.aws_iam_policy_document.this",
            "module.eks_ecr.module.eks.module.kms.data.aws_partition.current",
            "module.eks_ecr.module.eks.module.self_managed_node_group.aws_autoscaling_group.this",
            "module.eks_ecr.module.eks.module.self_managed_node_group.aws_autoscaling_schedule.this",
            "module.eks_ecr.module.eks.module.self_managed_node_group.aws_eks_access_entry.this",
            "module.eks_ecr.module.eks.module.self_managed_node_group.aws_iam_instance_profile.this",
            "module.eks_ecr.module.eks.module.self_managed_node_group.aws_iam_role.this",
            "module.eks_ecr.module.eks.module.self_managed_node_group.aws_iam_role_policy.this",
            "module.eks_ecr.module.eks.module.self_managed_node_group.aws_iam_role_policy_attachment.additional",
            "module.eks_ecr.module.eks.module.self_managed_node_group.aws_iam_role_policy_attachment.this",
            "module.eks_ecr.module.eks.module.self_managed_node_group.aws_launch_template.this",
            "module.eks_ecr.module.eks.module.self_managed_node_group.aws_placement_group.this",
            "module.eks_ecr.module.eks.module.self_managed_node_group.data.aws_caller_identity.current",
            "module.eks_ecr.module.eks.module.self_managed_node_group.data.aws_ec2_instance_type.this",
            "module.eks_ecr.module.eks.module.self_managed_node_group.data.aws_ec2_instance_type_offerings.this",
            "module.eks_ecr.module.eks.module.self_managed_node_group.data.aws_iam_policy_document.assume_role_policy",
            "module.eks_ecr.module.eks.module.self_managed_node_group.data.aws_iam_policy_document.role",
            "module.eks_ecr.module.eks.module.self_managed_node_group.data.aws_partition.current",
            "module.eks_ecr.module.eks.module.self_managed_node_group.data.aws_ssm_parameter.ami",
            "module.eks_ecr.module.eks.module.self_managed_node_group.data.aws_subnets.placement_group",
            "module.eks_ecr.module.eks.module.self_managed_node_group.module.user_data.data.cloudinit_config.al2023_eks_managed_node_group",
            "module.eks_ecr.module.eks.module.self_managed_node_group.module.user_data.data.cloudinit_config.linux_eks_managed_node_group",
            "module.eks_ecr.module.eks.module.self_managed_node_group.module.user_data.null_resource.validate_cluster_service_cidr",
            "module.eks_ecr.module.eks.time_sleep.this",
            "module.vpc.module.vpc.aws_subnet.private",
            "module.vpc.module.vpc.aws_vpc.this",
            "module.vpc.module.vpc.aws_vpc_ipv4_cidr_block_association.this"
          ]
        }
      ]
    },
    {
      "module": "module.eks_ecr.module.eks",
      "mode": "managed",
      "type": "aws_eks_cluster",
      "name": "this",
      "provider": "provider[\"registry.terraform.io/hashicorp/aws\"]",
      "instances": [
        {
          "index_key": 0,
          "schema_version": 1,
          "attributes": {
            "access_config": [
              {
                "authentication_mode": "API_AND_CONFIG_MAP",
                "bootstrap_cluster_creator_admin_permissions": false
              }
            ],
            "arn": "arn:aws:eks:eu-central-1:147997145269:cluster/lhav-wiztechexercise-eks-01",
            "bootstrap_self_managed_addons": true,
            "certificate_authority": [
              {
                "data": "LS0tLS1CRUdJTiBDRVJUSUZJQ0FURS0tLS0tCk1JSURCVENDQWUyZ0F3SUJBZ0lJV1hURnFLajNyUW93RFFZSktvWklodmNOQVFFTEJRQXdGVEVUTUJFR0ExVUUKQXhNS2EzVmlaWEp1WlhSbGN6QWVGdzB5TkRFeE1USXdPVEUyTXpoYUZ3MHpOREV4TVRBd09USXhNemhhTUJVeApFekFSQmdOVkJBTVRDbXQxWW1WeWJtVjBaWE13Z2dFaU1BMEdDU3FHU0liM0RRRUJBUVVBQTRJQkR3QXdnZ0VLCkFvSUJBUURIZUZ0YnRWUjBUVDUrREU0M0JsN2UrQUVIaHkwS2FwaFZMN05rWko5cER1dVFuYVpNTE5JOWRhREoKSkt6SlVDeXNSYjNUMWdyeS9xTDBKVk15cVZoZDRLSThFOEYxT1lrbWdpVUF6Y2dWL3d6amZQQXdQNDNVNDVtbQp1TEFkMXNVTjNmcXdoWGM4UHRYNHpwWDdyK2YzVEdHVVFlUG1sTkdldDgxUFViK25Hd0k4VUJzQ0doSGNpZk5GCmh3Skl2cU83N0NHQktFYkp2UDJ4OHh2ZEVKdENCQlQzQTZXZmhhZWVWSjVlc2h6NUZJaUxUVXQwckQ4RTBMRkQKRUdUelBQeHN4WXVaU2wvVDFoTWRiYTZFMEdnR0NLcGtxTzhEcERxSnZ2ZkZ6ZGJOenNJTDA3cWxLWUxMcUtQaApkNzRYejVEdlR2SXppd3pvc09YalF5VEpEYWtKQWdNQkFBR2pXVEJYTUE0R0ExVWREd0VCL3dRRUF3SUNwREFQCkJnTlZIUk1CQWY4RUJUQURBUUgvTUIwR0ExVWREZ1FXQkJTYkdWNjNyamt3MmIvZzF5R0RyZVVOWE5BektEQVYKQmdOVkhSRUVEakFNZ2dwcmRXSmxjbTVsZEdWek1BMEdDU3FHU0liM0RRRUJDd1VBQTRJQkFRQXM1ZHd5R3JtWApoZ1lEbElzdHNzQTJ0Y0F5dnJGNjF6aEZBWTNLd2ZUZ29DTkxyYytmc0JWYnNQNWNMZ2dpWjFCWW1KbVNET0JSCk94VGtrSDVtQVAwNzVmV3o2ZDBORURpYVR2ajFxd2I0SFBXMXFRNHQvbzhaLzlKWHpaVmVzOU5jTmVqbjVRS1QKSi9tUytQWEdhN3BndW1KMDlmWUdvV0Q0WE1IZ1lIcDI0UjJBWkhKY1F2V2VZVGNYZDI5MW1BeVdYVjdrVlE1ZQowZklza0pGV3JJNjlrdkdsTitDek8xVjRidHdueVpQUXlNTitJQ0xvYmlrVnJKVVNXdmcvM0RHSWpTK0NnWkVoCndTT1pEdTQ3akNCUDJOc0VRSkpLc25zQ0ZGMUQrUGl6bzBmV0xQMXgxSEt0N1FpdXkxZHFLejRxOVEvK015L0sKRUQ0L05UbnZ1cHMyCi0tLS0tRU5EIENFUlRJRklDQVRFLS0tLS0K"
              }
            ],
            "cluster_id": null,
            "created_at": "2024-11-12T09:17:17Z",
            "enabled_cluster_log_types": [
              "api",
              "audit",
              "authenticator"
            ],
            "encryption_config": [
              {
                "provider": [
                  {
                    "key_arn": "arn:aws:kms:eu-central-1:147997145269:key/bf4c95c2-8f01-4441-8896-b7b2ab6738f7"
                  }
                ],
                "resources": [
                  "secrets"
                ]
              }
            ],
            "endpoint": "https://15C2F733C2CCFB0480D53FC41CB3982F.gr7.eu-central-1.eks.amazonaws.com",
            "id": "lhav-wiztechexercise-eks-01",
            "identity": [
              {
                "oidc": [
                  {
                    "issuer": "https://oidc.eks.eu-central-1.amazonaws.com/id/15C2F733C2CCFB0480D53FC41CB3982F"
                  }
                ]
              }
            ],
            "kubernetes_network_config": [
              {
                "ip_family": "ipv4",
                "service_ipv4_cidr": "172.20.0.0/16",
                "service_ipv6_cidr": ""
              }
            ],
            "name": "lhav-wiztechexercise-eks-01",
            "outpost_config": [],
            "platform_version": "eks.10",
            "role_arn": "arn:aws:iam::147997145269:role/lhav-wiztechexercise-eks-01-cluster-20241112091650504600000002",
            "status": "ACTIVE",
            "tags": {
              "terraform-aws-modules": "eks"
            },
            "tags_all": {
              "terraform-aws-modules": "eks"
            },
            "timeouts": {
              "create": null,
              "delete": null,
              "update": null
            },
            "upgrade_policy": [
              {
                "support_type": "EXTENDED"
              }
            ],
            "version": "1.31",
            "vpc_config": [
              {
                "cluster_security_group_id": "sg-0143e59ffced6fc1b",
                "endpoint_private_access": true,
                "endpoint_public_access": true,
                "public_access_cidrs": [
                  "0.0.0.0/0"
                ],
                "security_group_ids": [
                  "sg-0dcb468b7341bfcba"
                ],
                "subnet_ids": [
                  "subnet-02b5abfd452de4629",
                  "subnet-08ede3fec1466af4a"
                ],
                "vpc_id": "vpc-07fa4c5a7aa64b941"
              }
            ],
            "zonal_shift_config": []
          },
          "sensitive_attributes": [],
          "private": "eyJlMmJmYjczMC1lY2FhLTExZTYtOGY4OC0zNDM2M2JjN2M0YzAiOnsiY3JlYXRlIjoxODAwMDAwMDAwMDAwLCJkZWxldGUiOjkwMDAwMDAwMDAwMCwidXBkYXRlIjozNjAwMDAwMDAwMDAwfSwic2NoZW1hX3ZlcnNpb24iOiIxIn0=",
          "dependencies": [
            "module.eks_ecr.module.eks.aws_cloudwatch_log_group.this",
            "module.eks_ecr.module.eks.aws_iam_policy.cni_ipv6_policy",
            "module.eks_ecr.module.eks.aws_iam_role.this",
            "module.eks_ecr.module.eks.aws_iam_role_policy_attachment.this",
            "module.eks_ecr.module.eks.aws_security_group.cluster",
            "module.eks_ecr.module.eks.aws_security_group.node",
            "module.eks_ecr.module.eks.aws_security_group_rule.cluster",
            "module.eks_ecr.module.eks.aws_security_group_rule.node",
            "module.eks_ecr.module.eks.data.aws_caller_identity.current",
            "module.eks_ecr.module.eks.data.aws_iam_policy_document.assume_role_policy",
            "module.eks_ecr.module.eks.data.aws_iam_policy_document.cni_ipv6_policy",
            "module.eks_ecr.module.eks.data.aws_iam_session_context.current",
            "module.eks_ecr.module.eks.data.aws_partition.current",
            "module.eks_ecr.module.eks.module.kms.aws_kms_external_key.this",
            "module.eks_ecr.module.eks.module.kms.aws_kms_key.this",
            "module.eks_ecr.module.eks.module.kms.aws_kms_replica_external_key.this",
            "module.eks_ecr.module.eks.module.kms.aws_kms_replica_key.this",
            "module.eks_ecr.module.eks.module.kms.data.aws_caller_identity.current",
            "module.eks_ecr.module.eks.module.kms.data.aws_iam_policy_document.this",
            "module.eks_ecr.module.eks.module.kms.data.aws_partition.current",
            "module.vpc.module.vpc.aws_subnet.private",
            "module.vpc.module.vpc.aws_vpc.this",
            "module.vpc.module.vpc.aws_vpc_ipv4_cidr_block_association.this"
          ],
          "create_before_destroy": true
        }
      ]
    },
    {
      "module": "module.eks_ecr.module.eks",
      "mode": "managed",
      "type": "aws_iam_openid_connect_provider",
      "name": "oidc_provider",
      "provider": "provider[\"registry.terraform.io/hashicorp/aws\"]",
      "instances": [
        {
          "index_key": 0,
          "schema_version": 0,
          "attributes": {
            "arn": "arn:aws:iam::147997145269:oidc-provider/oidc.eks.eu-central-1.amazonaws.com/id/15C2F733C2CCFB0480D53FC41CB3982F",
            "client_id_list": [
              "sts.amazonaws.com"
            ],
            "id": "arn:aws:iam::147997145269:oidc-provider/oidc.eks.eu-central-1.amazonaws.com/id/15C2F733C2CCFB0480D53FC41CB3982F",
            "tags": {
              "Name": "lhav-wiztechexercise-eks-01-eks-irsa"
            },
            "tags_all": {
              "Name": "lhav-wiztechexercise-eks-01-eks-irsa"
            },
            "thumbprint_list": [
              "9e99a48a9960b14926bb7f3b02e22da2b0ab7280"
            ],
            "url": "oidc.eks.eu-central-1.amazonaws.com/id/15C2F733C2CCFB0480D53FC41CB3982F"
          },
          "sensitive_attributes": [],
          "private": "bnVsbA==",
          "dependencies": [
            "module.eks_ecr.module.eks.aws_cloudwatch_log_group.this",
            "module.eks_ecr.module.eks.aws_eks_cluster.this",
            "module.eks_ecr.module.eks.aws_iam_policy.cni_ipv6_policy",
            "module.eks_ecr.module.eks.aws_iam_role.this",
            "module.eks_ecr.module.eks.aws_iam_role_policy_attachment.this",
            "module.eks_ecr.module.eks.aws_security_group.cluster",
            "module.eks_ecr.module.eks.aws_security_group.node",
            "module.eks_ecr.module.eks.aws_security_group_rule.cluster",
            "module.eks_ecr.module.eks.aws_security_group_rule.node",
            "module.eks_ecr.module.eks.data.aws_caller_identity.current",
            "module.eks_ecr.module.eks.data.aws_iam_policy_document.assume_role_policy",
            "module.eks_ecr.module.eks.data.aws_iam_policy_document.cni_ipv6_policy",
            "module.eks_ecr.module.eks.data.aws_iam_session_context.current",
            "module.eks_ecr.module.eks.data.aws_partition.current",
            "module.eks_ecr.module.eks.data.tls_certificate.this",
            "module.eks_ecr.module.eks.module.kms.aws_kms_external_key.this",
            "module.eks_ecr.module.eks.module.kms.aws_kms_key.this",
            "module.eks_ecr.module.eks.module.kms.aws_kms_replica_external_key.this",
            "module.eks_ecr.module.eks.module.kms.aws_kms_replica_key.this",
            "module.eks_ecr.module.eks.module.kms.data.aws_caller_identity.current",
            "module.eks_ecr.module.eks.module.kms.data.aws_iam_policy_document.this",
            "module.eks_ecr.module.eks.module.kms.data.aws_partition.current",
            "module.vpc.module.vpc.aws_subnet.private",
            "module.vpc.module.vpc.aws_vpc.this",
            "module.vpc.module.vpc.aws_vpc_ipv4_cidr_block_association.this"
          ]
        }
      ]
    },
    {
      "module": "module.eks_ecr.module.eks",
      "mode": "managed",
      "type": "aws_iam_policy",
      "name": "cluster_encryption",
      "provider": "provider[\"registry.terraform.io/hashicorp/aws\"]",
      "instances": [
        {
          "index_key": 0,
          "schema_version": 0,
          "attributes": {
            "arn": "arn:aws:iam::147997145269:policy/lhav-wiztechexercise-eks-01-cluster-ClusterEncryption2024111209171251430000000b",
            "attachment_count": 1,
            "description": "Cluster encryption policy to allow cluster role to utilize CMK provided",
            "id": "arn:aws:iam::147997145269:policy/lhav-wiztechexercise-eks-01-cluster-ClusterEncryption2024111209171251430000000b",
            "name": "lhav-wiztechexercise-eks-01-cluster-ClusterEncryption2024111209171251430000000b",
            "name_prefix": "lhav-wiztechexercise-eks-01-cluster-ClusterEncryption",
            "path": "/",
            "policy": "{\"Statement\":[{\"Action\":[\"kms:Encrypt\",\"kms:Decrypt\",\"kms:ListGrants\",\"kms:DescribeKey\"],\"Effect\":\"Allow\",\"Resource\":\"arn:aws:kms:eu-central-1:147997145269:key/bf4c95c2-8f01-4441-8896-b7b2ab6738f7\"}],\"Version\":\"2012-10-17\"}",
            "policy_id": "ANPASE5KRHC2SNEKJEA4O",
            "tags": {},
            "tags_all": {}
          },
          "sensitive_attributes": [],
          "private": "bnVsbA==",
          "dependencies": [
            "module.eks_ecr.module.eks.aws_iam_role.this",
            "module.eks_ecr.module.eks.data.aws_caller_identity.current",
            "module.eks_ecr.module.eks.data.aws_iam_policy_document.assume_role_policy",
            "module.eks_ecr.module.eks.data.aws_iam_session_context.current",
            "module.eks_ecr.module.eks.module.kms.aws_kms_external_key.this",
            "module.eks_ecr.module.eks.module.kms.aws_kms_key.this",
            "module.eks_ecr.module.eks.module.kms.aws_kms_replica_external_key.this",
            "module.eks_ecr.module.eks.module.kms.aws_kms_replica_key.this",
            "module.eks_ecr.module.eks.module.kms.data.aws_caller_identity.current",
            "module.eks_ecr.module.eks.module.kms.data.aws_iam_policy_document.this",
            "module.eks_ecr.module.eks.module.kms.data.aws_partition.current"
          ]
        }
      ]
    },
    {
      "module": "module.eks_ecr.module.eks",
      "mode": "managed",
      "type": "aws_iam_role",
      "name": "this",
      "provider": "provider[\"registry.terraform.io/hashicorp/aws\"]",
      "instances": [
        {
          "index_key": 0,
          "schema_version": 0,
          "attributes": {
            "arn": "arn:aws:iam::147997145269:role/lhav-wiztechexercise-eks-01-cluster-20241112091650504600000002",
            "assume_role_policy": "{\"Statement\":[{\"Action\":\"sts:AssumeRole\",\"Effect\":\"Allow\",\"Principal\":{\"Service\":\"eks.amazonaws.com\"},\"Sid\":\"EKSClusterAssumeRole\"}],\"Version\":\"2012-10-17\"}",
            "create_date": "2024-11-12T09:16:50Z",
            "description": "",
            "force_detach_policies": true,
            "id": "lhav-wiztechexercise-eks-01-cluster-20241112091650504600000002",
            "inline_policy": [],
            "managed_policy_arns": [
              "arn:aws:iam::147997145269:policy/lhav-wiztechexercise-eks-01-cluster-ClusterEncryption2024111209171251430000000b",
              "arn:aws:iam::aws:policy/AmazonEKSClusterPolicy",
              "arn:aws:iam::aws:policy/AmazonEKSVPCResourceController"
            ],
            "max_session_duration": 3600,
            "name": "lhav-wiztechexercise-eks-01-cluster-20241112091650504600000002",
            "name_prefix": "lhav-wiztechexercise-eks-01-cluster-",
            "path": "/",
            "permissions_boundary": "",
            "tags": {},
            "tags_all": {},
            "unique_id": "AROASE5KRHC2XAU3LZN34"
          },
          "sensitive_attributes": [],
          "private": "bnVsbA==",
          "dependencies": [
            "module.eks_ecr.module.eks.data.aws_iam_policy_document.assume_role_policy"
          ],
          "create_before_destroy": true
        }
      ]
    },
    {
      "module": "module.eks_ecr.module.eks",
      "mode": "managed",
      "type": "aws_iam_role_policy_attachment",
      "name": "cluster_encryption",
      "provider": "provider[\"registry.terraform.io/hashicorp/aws\"]",
      "instances": [
        {
          "index_key": 0,
          "schema_version": 0,
          "attributes": {
            "id": "lhav-wiztechexercise-eks-01-cluster-20241112091650504600000002-2024111209171324900000000c",
            "policy_arn": "arn:aws:iam::147997145269:policy/lhav-wiztechexercise-eks-01-cluster-ClusterEncryption2024111209171251430000000b",
            "role": "lhav-wiztechexercise-eks-01-cluster-20241112091650504600000002"
          },
          "sensitive_attributes": [],
          "private": "bnVsbA==",
          "dependencies": [
            "module.eks_ecr.module.eks.aws_iam_policy.cluster_encryption",
            "module.eks_ecr.module.eks.aws_iam_role.this",
            "module.eks_ecr.module.eks.data.aws_caller_identity.current",
            "module.eks_ecr.module.eks.data.aws_iam_policy_document.assume_role_policy",
            "module.eks_ecr.module.eks.data.aws_iam_session_context.current",
            "module.eks_ecr.module.eks.module.kms.aws_kms_external_key.this",
            "module.eks_ecr.module.eks.module.kms.aws_kms_key.this",
            "module.eks_ecr.module.eks.module.kms.aws_kms_replica_external_key.this",
            "module.eks_ecr.module.eks.module.kms.aws_kms_replica_key.this",
            "module.eks_ecr.module.eks.module.kms.data.aws_caller_identity.current",
            "module.eks_ecr.module.eks.module.kms.data.aws_iam_policy_document.this",
            "module.eks_ecr.module.eks.module.kms.data.aws_partition.current"
          ]
        }
      ]
    },
    {
      "module": "module.eks_ecr.module.eks",
      "mode": "managed",
      "type": "aws_iam_role_policy_attachment",
      "name": "this",
      "provider": "provider[\"registry.terraform.io/hashicorp/aws\"]",
      "instances": [
        {
          "index_key": "AmazonEKSClusterPolicy",
          "schema_version": 0,
          "attributes": {
            "id": "lhav-wiztechexercise-eks-01-cluster-20241112091650504600000002-20241112091651918300000006",
            "policy_arn": "arn:aws:iam::aws:policy/AmazonEKSClusterPolicy",
            "role": "lhav-wiztechexercise-eks-01-cluster-20241112091650504600000002"
          },
          "sensitive_attributes": [],
          "private": "bnVsbA==",
          "dependencies": [
            "module.eks_ecr.module.eks.aws_iam_role.this",
            "module.eks_ecr.module.eks.data.aws_iam_policy_document.assume_role_policy",
            "module.eks_ecr.module.eks.data.aws_partition.current"
          ],
          "create_before_destroy": true
        },
        {
          "index_key": "AmazonEKSVPCResourceController",
          "schema_version": 0,
          "attributes": {
            "id": "lhav-wiztechexercise-eks-01-cluster-20241112091650504600000002-20241112091651942200000007",
            "policy_arn": "arn:aws:iam::aws:policy/AmazonEKSVPCResourceController",
            "role": "lhav-wiztechexercise-eks-01-cluster-20241112091650504600000002"
          },
          "sensitive_attributes": [],
          "private": "bnVsbA==",
          "dependencies": [
            "module.eks_ecr.module.eks.aws_iam_role.this",
            "module.eks_ecr.module.eks.data.aws_iam_policy_document.assume_role_policy",
            "module.eks_ecr.module.eks.data.aws_partition.current"
          ],
          "create_before_destroy": true
        }
      ]
    },
    {
      "module": "module.eks_ecr.module.eks",
      "mode": "managed",
      "type": "aws_security_group",
      "name": "cluster",
      "provider": "provider[\"registry.terraform.io/hashicorp/aws\"]",
      "instances": [
        {
          "index_key": 0,
          "schema_version": 1,
          "attributes": {
            "arn": "arn:aws:ec2:eu-central-1:147997145269:security-group/sg-0dcb468b7341bfcba",
            "description": "EKS cluster security group",
            "egress": [],
            "id": "sg-0dcb468b7341bfcba",
            "ingress": [
              {
                "cidr_blocks": [],
                "description": "Node groups to cluster API",
                "from_port": 443,
                "ipv6_cidr_blocks": [],
                "prefix_list_ids": [],
                "protocol": "tcp",
                "security_groups": [
                  "sg-0368c7c9d1484aeeb"
                ],
                "self": false,
                "to_port": 443
              }
            ],
            "name": "lhav-wiztechexercise-eks-01-cluster-20241112091708777900000008",
            "name_prefix": "lhav-wiztechexercise-eks-01-cluster-",
            "owner_id": "147997145269",
            "revoke_rules_on_delete": false,
            "tags": {
              "Name": "lhav-wiztechexercise-eks-01-cluster"
            },
            "tags_all": {
              "Name": "lhav-wiztechexercise-eks-01-cluster"
            },
            "timeouts": null,
            "vpc_id": "vpc-07fa4c5a7aa64b941"
          },
          "sensitive_attributes": [],
          "private": "eyJlMmJmYjczMC1lY2FhLTExZTYtOGY4OC0zNDM2M2JjN2M0YzAiOnsiY3JlYXRlIjo2MDAwMDAwMDAwMDAsImRlbGV0ZSI6OTAwMDAwMDAwMDAwfSwic2NoZW1hX3ZlcnNpb24iOiIxIn0=",
          "dependencies": [
            "module.vpc.module.vpc.aws_vpc.this"
          ],
          "create_before_destroy": true
        }
      ]
    },
    {
      "module": "module.eks_ecr.module.eks",
      "mode": "managed",
      "type": "aws_security_group",
      "name": "node",
      "provider": "provider[\"registry.terraform.io/hashicorp/aws\"]",
      "instances": [
        {
          "index_key": 0,
          "schema_version": 1,
          "attributes": {
            "arn": "arn:aws:ec2:eu-central-1:147997145269:security-group/sg-0368c7c9d1484aeeb",
            "description": "EKS node shared security group",
            "egress": [
              {
                "cidr_blocks": [
                  "0.0.0.0/0"
                ],
                "description": "Allow all egress",
                "from_port": 0,
                "ipv6_cidr_blocks": [],
                "prefix_list_ids": [],
                "protocol": "-1",
                "security_groups": [],
                "self": false,
                "to_port": 0
              }
            ],
            "id": "sg-0368c7c9d1484aeeb",
            "ingress": [
              {
                "cidr_blocks": [],
                "description": "",
                "from_port": 0,
                "ipv6_cidr_blocks": [],
                "prefix_list_ids": [],
                "protocol": "-1",
                "security_groups": [
                  "sg-0b9a32bfa05b81d66"
                ],
                "self": false,
                "to_port": 0
              },
              {
                "cidr_blocks": [],
                "description": "Cluster API to node 4443/tcp webhook",
                "from_port": 4443,
                "ipv6_cidr_blocks": [],
                "prefix_list_ids": [],
                "protocol": "tcp",
                "security_groups": [
                  "sg-0dcb468b7341bfcba"
                ],
                "self": false,
                "to_port": 4443
              },
              {
                "cidr_blocks": [],
                "description": "Cluster API to node 6443/tcp webhook",
                "from_port": 6443,
                "ipv6_cidr_blocks": [],
                "prefix_list_ids": [],
                "protocol": "tcp",
                "security_groups": [
                  "sg-0dcb468b7341bfcba"
                ],
                "self": false,
                "to_port": 6443
              },
              {
                "cidr_blocks": [],
                "description": "Cluster API to node 8443/tcp webhook",
                "from_port": 8443,
                "ipv6_cidr_blocks": [],
                "prefix_list_ids": [],
                "protocol": "tcp",
                "security_groups": [
                  "sg-0dcb468b7341bfcba"
                ],
                "self": false,
                "to_port": 8443
              },
              {
                "cidr_blocks": [],
                "description": "Cluster API to node 9443/tcp webhook",
                "from_port": 9443,
                "ipv6_cidr_blocks": [],
                "prefix_list_ids": [],
                "protocol": "tcp",
                "security_groups": [
                  "sg-0dcb468b7341bfcba"
                ],
                "self": false,
                "to_port": 9443
              },
              {
                "cidr_blocks": [],
                "description": "Cluster API to node groups",
                "from_port": 443,
                "ipv6_cidr_blocks": [],
                "prefix_list_ids": [],
                "protocol": "tcp",
                "security_groups": [
                  "sg-0dcb468b7341bfcba"
                ],
                "self": false,
                "to_port": 443
              },
              {
                "cidr_blocks": [],
                "description": "Cluster API to node kubelets",
                "from_port": 10250,
                "ipv6_cidr_blocks": [],
                "prefix_list_ids": [],
                "protocol": "tcp",
                "security_groups": [
                  "sg-0dcb468b7341bfcba"
                ],
                "self": false,
                "to_port": 10250
              },
              {
                "cidr_blocks": [],
                "description": "Node to node CoreDNS UDP",
                "from_port": 53,
                "ipv6_cidr_blocks": [],
                "prefix_list_ids": [],
                "protocol": "udp",
                "security_groups": [],
                "self": true,
                "to_port": 53
              },
              {
                "cidr_blocks": [],
                "description": "Node to node CoreDNS",
                "from_port": 53,
                "ipv6_cidr_blocks": [],
                "prefix_list_ids": [],
                "protocol": "tcp",
                "security_groups": [],
                "self": true,
                "to_port": 53
              },
              {
                "cidr_blocks": [],
                "description": "Node to node ingress on ephemeral ports",
                "from_port": 1025,
                "ipv6_cidr_blocks": [],
                "prefix_list_ids": [],
                "protocol": "tcp",
                "security_groups": [],
                "self": true,
                "to_port": 65535
              }
            ],
            "name": "lhav-wiztechexercise-eks-01-node-20241112091708786900000009",
            "name_prefix": "lhav-wiztechexercise-eks-01-node-",
            "owner_id": "147997145269",
            "revoke_rules_on_delete": false,
            "tags": {
              "Name": "lhav-wiztechexercise-eks-01-node",
              "kubernetes.io/cluster/lhav-wiztechexercise-eks-01": "owned"
            },
            "tags_all": {
              "Name": "lhav-wiztechexercise-eks-01-node",
              "kubernetes.io/cluster/lhav-wiztechexercise-eks-01": "owned"
            },
            "timeouts": null,
            "vpc_id": "vpc-07fa4c5a7aa64b941"
          },
          "sensitive_attributes": [],
          "private": "eyJlMmJmYjczMC1lY2FhLTExZTYtOGY4OC0zNDM2M2JjN2M0YzAiOnsiY3JlYXRlIjo2MDAwMDAwMDAwMDAsImRlbGV0ZSI6OTAwMDAwMDAwMDAwfSwic2NoZW1hX3ZlcnNpb24iOiIxIn0=",
          "dependencies": [
            "module.vpc.module.vpc.aws_vpc.this"
          ],
          "create_before_destroy": true
        }
      ]
    },
    {
      "module": "module.eks_ecr.module.eks",
      "mode": "managed",
      "type": "aws_security_group_rule",
      "name": "cluster",
      "provider": "provider[\"registry.terraform.io/hashicorp/aws\"]",
      "instances": [
        {
          "index_key": "ingress_nodes_443",
          "schema_version": 2,
          "attributes": {
            "cidr_blocks": null,
            "description": "Node groups to cluster API",
            "from_port": 443,
            "id": "sgrule-1739941155",
            "ipv6_cidr_blocks": null,
            "prefix_list_ids": null,
            "protocol": "tcp",
            "security_group_id": "sg-0dcb468b7341bfcba",
            "security_group_rule_id": "sgr-0ffa8428a1a74ebda",
            "self": false,
            "source_security_group_id": "sg-0368c7c9d1484aeeb",
            "timeouts": null,
            "to_port": 443,
            "type": "ingress"
          },
          "sensitive_attributes": [],
          "private": "eyJlMmJmYjczMC1lY2FhLTExZTYtOGY4OC0zNDM2M2JjN2M0YzAiOnsiY3JlYXRlIjozMDAwMDAwMDAwMDB9LCJzY2hlbWFfdmVyc2lvbiI6IjIifQ==",
          "dependencies": [
            "module.eks_ecr.module.eks.aws_security_group.cluster",
            "module.eks_ecr.module.eks.aws_security_group.node",
            "module.vpc.module.vpc.aws_vpc.this"
          ],
          "create_before_destroy": true
        }
      ]
    },
    {
      "module": "module.eks_ecr.module.eks",
      "mode": "managed",
      "type": "aws_security_group_rule",
      "name": "node",
      "provider": "provider[\"registry.terraform.io/hashicorp/aws\"]",
      "instances": [
        {
          "index_key": "egress_all",
          "schema_version": 2,
          "attributes": {
            "cidr_blocks": [
              "0.0.0.0/0"
            ],
            "description": "Allow all egress",
            "from_port": 0,
            "id": "sgrule-2102461021",
            "ipv6_cidr_blocks": null,
            "prefix_list_ids": [],
            "protocol": "-1",
            "security_group_id": "sg-0368c7c9d1484aeeb",
            "security_group_rule_id": "sgr-0c5be23ab60dc1b57",
            "self": false,
            "source_security_group_id": null,
            "timeouts": null,
            "to_port": 0,
            "type": "egress"
          },
          "sensitive_attributes": [],
          "private": "eyJlMmJmYjczMC1lY2FhLTExZTYtOGY4OC0zNDM2M2JjN2M0YzAiOnsiY3JlYXRlIjozMDAwMDAwMDAwMDB9LCJzY2hlbWFfdmVyc2lvbiI6IjIifQ==",
          "dependencies": [
            "module.eks_ecr.module.eks.aws_security_group.cluster",
            "module.eks_ecr.module.eks.aws_security_group.node",
            "module.vpc.module.vpc.aws_vpc.this"
          ],
          "create_before_destroy": true
        },
        {
          "index_key": "ingress_cluster_443",
          "schema_version": 2,
          "attributes": {
            "cidr_blocks": null,
            "description": "Cluster API to node groups",
            "from_port": 443,
            "id": "sgrule-741659814",
            "ipv6_cidr_blocks": null,
            "prefix_list_ids": [],
            "protocol": "tcp",
            "security_group_id": "sg-0368c7c9d1484aeeb",
            "security_group_rule_id": "sgr-00c74d0f5360e7d1b",
            "self": false,
            "source_security_group_id": "sg-0dcb468b7341bfcba",
            "timeouts": null,
            "to_port": 443,
            "type": "ingress"
          },
          "sensitive_attributes": [],
          "private": "eyJlMmJmYjczMC1lY2FhLTExZTYtOGY4OC0zNDM2M2JjN2M0YzAiOnsiY3JlYXRlIjozMDAwMDAwMDAwMDB9LCJzY2hlbWFfdmVyc2lvbiI6IjIifQ==",
          "dependencies": [
            "module.eks_ecr.module.eks.aws_security_group.cluster",
            "module.eks_ecr.module.eks.aws_security_group.node",
            "module.vpc.module.vpc.aws_vpc.this"
          ],
          "create_before_destroy": true
        },
        {
          "index_key": "ingress_cluster_4443_webhook",
          "schema_version": 2,
          "attributes": {
            "cidr_blocks": null,
            "description": "Cluster API to node 4443/tcp webhook",
            "from_port": 4443,
            "id": "sgrule-194016772",
            "ipv6_cidr_blocks": null,
            "prefix_list_ids": [],
            "protocol": "tcp",
            "security_group_id": "sg-0368c7c9d1484aeeb",
            "security_group_rule_id": "sgr-0e04750134c56fc14",
            "self": false,
            "source_security_group_id": "sg-0dcb468b7341bfcba",
            "timeouts": null,
            "to_port": 4443,
            "type": "ingress"
          },
          "sensitive_attributes": [],
          "private": "eyJlMmJmYjczMC1lY2FhLTExZTYtOGY4OC0zNDM2M2JjN2M0YzAiOnsiY3JlYXRlIjozMDAwMDAwMDAwMDB9LCJzY2hlbWFfdmVyc2lvbiI6IjIifQ==",
          "dependencies": [
            "module.eks_ecr.module.eks.aws_security_group.cluster",
            "module.eks_ecr.module.eks.aws_security_group.node",
            "module.vpc.module.vpc.aws_vpc.this"
          ],
          "create_before_destroy": true
        },
        {
          "index_key": "ingress_cluster_6443_webhook",
          "schema_version": 2,
          "attributes": {
            "cidr_blocks": null,
            "description": "Cluster API to node 6443/tcp webhook",
            "from_port": 6443,
            "id": "sgrule-1026420330",
            "ipv6_cidr_blocks": null,
            "prefix_list_ids": [],
            "protocol": "tcp",
            "security_group_id": "sg-0368c7c9d1484aeeb",
            "security_group_rule_id": "sgr-09914e69c64637d68",
            "self": false,
            "source_security_group_id": "sg-0dcb468b7341bfcba",
            "timeouts": null,
            "to_port": 6443,
            "type": "ingress"
          },
          "sensitive_attributes": [],
          "private": "eyJlMmJmYjczMC1lY2FhLTExZTYtOGY4OC0zNDM2M2JjN2M0YzAiOnsiY3JlYXRlIjozMDAwMDAwMDAwMDB9LCJzY2hlbWFfdmVyc2lvbiI6IjIifQ==",
          "dependencies": [
            "module.eks_ecr.module.eks.aws_security_group.cluster",
            "module.eks_ecr.module.eks.aws_security_group.node",
            "module.vpc.module.vpc.aws_vpc.this"
          ],
          "create_before_destroy": true
        },
        {
          "index_key": "ingress_cluster_8443_webhook",
          "schema_version": 2,
          "attributes": {
            "cidr_blocks": null,
            "description": "Cluster API to node 8443/tcp webhook",
            "from_port": 8443,
            "id": "sgrule-779211339",
            "ipv6_cidr_blocks": null,
            "prefix_list_ids": [],
            "protocol": "tcp",
            "security_group_id": "sg-0368c7c9d1484aeeb",
            "security_group_rule_id": "sgr-0790fd6c46deb125d",
            "self": false,
            "source_security_group_id": "sg-0dcb468b7341bfcba",
            "timeouts": null,
            "to_port": 8443,
            "type": "ingress"
          },
          "sensitive_attributes": [],
          "private": "eyJlMmJmYjczMC1lY2FhLTExZTYtOGY4OC0zNDM2M2JjN2M0YzAiOnsiY3JlYXRlIjozMDAwMDAwMDAwMDB9LCJzY2hlbWFfdmVyc2lvbiI6IjIifQ==",
          "dependencies": [
            "module.eks_ecr.module.eks.aws_security_group.cluster",
            "module.eks_ecr.module.eks.aws_security_group.node",
            "module.vpc.module.vpc.aws_vpc.this"
          ],
          "create_before_destroy": true
        },
        {
          "index_key": "ingress_cluster_9443_webhook",
          "schema_version": 2,
          "attributes": {
            "cidr_blocks": null,
            "description": "Cluster API to node 9443/tcp webhook",
            "from_port": 9443,
            "id": "sgrule-1255203200",
            "ipv6_cidr_blocks": null,
            "prefix_list_ids": [],
            "protocol": "tcp",
            "security_group_id": "sg-0368c7c9d1484aeeb",
            "security_group_rule_id": "sgr-098de2806f4825de6",
            "self": false,
            "source_security_group_id": "sg-0dcb468b7341bfcba",
            "timeouts": null,
            "to_port": 9443,
            "type": "ingress"
          },
          "sensitive_attributes": [],
          "private": "eyJlMmJmYjczMC1lY2FhLTExZTYtOGY4OC0zNDM2M2JjN2M0YzAiOnsiY3JlYXRlIjozMDAwMDAwMDAwMDB9LCJzY2hlbWFfdmVyc2lvbiI6IjIifQ==",
          "dependencies": [
            "module.eks_ecr.module.eks.aws_security_group.cluster",
            "module.eks_ecr.module.eks.aws_security_group.node",
            "module.vpc.module.vpc.aws_vpc.this"
          ],
          "create_before_destroy": true
        },
        {
          "index_key": "ingress_cluster_kubelet",
          "schema_version": 2,
          "attributes": {
            "cidr_blocks": null,
            "description": "Cluster API to node kubelets",
            "from_port": 10250,
            "id": "sgrule-1886609283",
            "ipv6_cidr_blocks": null,
            "prefix_list_ids": [],
            "protocol": "tcp",
            "security_group_id": "sg-0368c7c9d1484aeeb",
            "security_group_rule_id": "sgr-0ce88712fe27b9c81",
            "self": false,
            "source_security_group_id": "sg-0dcb468b7341bfcba",
            "timeouts": null,
            "to_port": 10250,
            "type": "ingress"
          },
          "sensitive_attributes": [],
          "private": "eyJlMmJmYjczMC1lY2FhLTExZTYtOGY4OC0zNDM2M2JjN2M0YzAiOnsiY3JlYXRlIjozMDAwMDAwMDAwMDB9LCJzY2hlbWFfdmVyc2lvbiI6IjIifQ==",
          "dependencies": [
            "module.eks_ecr.module.eks.aws_security_group.cluster",
            "module.eks_ecr.module.eks.aws_security_group.node",
            "module.vpc.module.vpc.aws_vpc.this"
          ],
          "create_before_destroy": true
        },
        {
          "index_key": "ingress_nodes_ephemeral",
          "schema_version": 2,
          "attributes": {
            "cidr_blocks": null,
            "description": "Node to node ingress on ephemeral ports",
            "from_port": 1025,
            "id": "sgrule-830383183",
            "ipv6_cidr_blocks": null,
            "prefix_list_ids": [],
            "protocol": "tcp",
            "security_group_id": "sg-0368c7c9d1484aeeb",
            "security_group_rule_id": "sgr-0dd8af51f6ab94b30",
            "self": true,
            "source_security_group_id": null,
            "timeouts": null,
            "to_port": 65535,
            "type": "ingress"
          },
          "sensitive_attributes": [],
          "private": "eyJlMmJmYjczMC1lY2FhLTExZTYtOGY4OC0zNDM2M2JjN2M0YzAiOnsiY3JlYXRlIjozMDAwMDAwMDAwMDB9LCJzY2hlbWFfdmVyc2lvbiI6IjIifQ==",
          "dependencies": [
            "module.eks_ecr.module.eks.aws_security_group.cluster",
            "module.eks_ecr.module.eks.aws_security_group.node",
            "module.vpc.module.vpc.aws_vpc.this"
          ],
          "create_before_destroy": true
        },
        {
          "index_key": "ingress_self_coredns_tcp",
          "schema_version": 2,
          "attributes": {
            "cidr_blocks": null,
            "description": "Node to node CoreDNS",
            "from_port": 53,
            "id": "sgrule-2123789485",
            "ipv6_cidr_blocks": null,
            "prefix_list_ids": [],
            "protocol": "tcp",
            "security_group_id": "sg-0368c7c9d1484aeeb",
            "security_group_rule_id": "sgr-086ed2491de519160",
            "self": true,
            "source_security_group_id": null,
            "timeouts": null,
            "to_port": 53,
            "type": "ingress"
          },
          "sensitive_attributes": [],
          "private": "eyJlMmJmYjczMC1lY2FhLTExZTYtOGY4OC0zNDM2M2JjN2M0YzAiOnsiY3JlYXRlIjozMDAwMDAwMDAwMDB9LCJzY2hlbWFfdmVyc2lvbiI6IjIifQ==",
          "dependencies": [
            "module.eks_ecr.module.eks.aws_security_group.cluster",
            "module.eks_ecr.module.eks.aws_security_group.node",
            "module.vpc.module.vpc.aws_vpc.this"
          ],
          "create_before_destroy": true
        },
        {
          "index_key": "ingress_self_coredns_udp",
          "schema_version": 2,
          "attributes": {
            "cidr_blocks": null,
            "description": "Node to node CoreDNS UDP",
            "from_port": 53,
            "id": "sgrule-624306366",
            "ipv6_cidr_blocks": null,
            "prefix_list_ids": [],
            "protocol": "udp",
            "security_group_id": "sg-0368c7c9d1484aeeb",
            "security_group_rule_id": "sgr-09cb5f6ba7b0751c4",
            "self": true,
            "source_security_group_id": null,
            "timeouts": null,
            "to_port": 53,
            "type": "ingress"
          },
          "sensitive_attributes": [],
          "private": "eyJlMmJmYjczMC1lY2FhLTExZTYtOGY4OC0zNDM2M2JjN2M0YzAiOnsiY3JlYXRlIjozMDAwMDAwMDAwMDB9LCJzY2hlbWFfdmVyc2lvbiI6IjIifQ==",
          "dependencies": [
            "module.eks_ecr.module.eks.aws_security_group.cluster",
            "module.eks_ecr.module.eks.aws_security_group.node",
            "module.vpc.module.vpc.aws_vpc.this"
          ],
          "create_before_destroy": true
        }
      ]
    },
    {
      "module": "module.eks_ecr.module.eks",
      "mode": "managed",
      "type": "time_sleep",
      "name": "this",
      "provider": "provider[\"registry.terraform.io/hashicorp/time\"]",
      "instances": [
        {
          "index_key": 0,
          "schema_version": 0,
          "attributes": {
            "create_duration": "30s",
            "destroy_duration": null,
            "id": "2024-11-12T09:25:58Z",
            "triggers": {
              "cluster_certificate_authority_data": "LS0tLS1CRUdJTiBDRVJUSUZJQ0FURS0tLS0tCk1JSURCVENDQWUyZ0F3SUJBZ0lJV1hURnFLajNyUW93RFFZSktvWklodmNOQVFFTEJRQXdGVEVUTUJFR0ExVUUKQXhNS2EzVmlaWEp1WlhSbGN6QWVGdzB5TkRFeE1USXdPVEUyTXpoYUZ3MHpOREV4TVRBd09USXhNemhhTUJVeApFekFSQmdOVkJBTVRDbXQxWW1WeWJtVjBaWE13Z2dFaU1BMEdDU3FHU0liM0RRRUJBUVVBQTRJQkR3QXdnZ0VLCkFvSUJBUURIZUZ0YnRWUjBUVDUrREU0M0JsN2UrQUVIaHkwS2FwaFZMN05rWko5cER1dVFuYVpNTE5JOWRhREoKSkt6SlVDeXNSYjNUMWdyeS9xTDBKVk15cVZoZDRLSThFOEYxT1lrbWdpVUF6Y2dWL3d6amZQQXdQNDNVNDVtbQp1TEFkMXNVTjNmcXdoWGM4UHRYNHpwWDdyK2YzVEdHVVFlUG1sTkdldDgxUFViK25Hd0k4VUJzQ0doSGNpZk5GCmh3Skl2cU83N0NHQktFYkp2UDJ4OHh2ZEVKdENCQlQzQTZXZmhhZWVWSjVlc2h6NUZJaUxUVXQwckQ4RTBMRkQKRUdUelBQeHN4WXVaU2wvVDFoTWRiYTZFMEdnR0NLcGtxTzhEcERxSnZ2ZkZ6ZGJOenNJTDA3cWxLWUxMcUtQaApkNzRYejVEdlR2SXppd3pvc09YalF5VEpEYWtKQWdNQkFBR2pXVEJYTUE0R0ExVWREd0VCL3dRRUF3SUNwREFQCkJnTlZIUk1CQWY4RUJUQURBUUgvTUIwR0ExVWREZ1FXQkJTYkdWNjNyamt3MmIvZzF5R0RyZVVOWE5BektEQVYKQmdOVkhSRUVEakFNZ2dwcmRXSmxjbTVsZEdWek1BMEdDU3FHU0liM0RRRUJDd1VBQTRJQkFRQXM1ZHd5R3JtWApoZ1lEbElzdHNzQTJ0Y0F5dnJGNjF6aEZBWTNLd2ZUZ29DTkxyYytmc0JWYnNQNWNMZ2dpWjFCWW1KbVNET0JSCk94VGtrSDVtQVAwNzVmV3o2ZDBORURpYVR2ajFxd2I0SFBXMXFRNHQvbzhaLzlKWHpaVmVzOU5jTmVqbjVRS1QKSi9tUytQWEdhN3BndW1KMDlmWUdvV0Q0WE1IZ1lIcDI0UjJBWkhKY1F2V2VZVGNYZDI5MW1BeVdYVjdrVlE1ZQowZklza0pGV3JJNjlrdkdsTitDek8xVjRidHdueVpQUXlNTitJQ0xvYmlrVnJKVVNXdmcvM0RHSWpTK0NnWkVoCndTT1pEdTQ3akNCUDJOc0VRSkpLc25zQ0ZGMUQrUGl6bzBmV0xQMXgxSEt0N1FpdXkxZHFLejRxOVEvK015L0sKRUQ0L05UbnZ1cHMyCi0tLS0tRU5EIENFUlRJRklDQVRFLS0tLS0K",
              "cluster_endpoint": "https://15C2F733C2CCFB0480D53FC41CB3982F.gr7.eu-central-1.eks.amazonaws.com",
              "cluster_name": "lhav-wiztechexercise-eks-01",
              "cluster_service_cidr": "172.20.0.0/16",
              "cluster_version": "1.31"
            }
          },
          "sensitive_attributes": [],
          "dependencies": [
            "module.eks_ecr.module.eks.aws_cloudwatch_log_group.this",
            "module.eks_ecr.module.eks.aws_eks_cluster.this",
            "module.eks_ecr.module.eks.aws_iam_policy.cni_ipv6_policy",
            "module.eks_ecr.module.eks.aws_iam_role.this",
            "module.eks_ecr.module.eks.aws_iam_role_policy_attachment.this",
            "module.eks_ecr.module.eks.aws_security_group.cluster",
            "module.eks_ecr.module.eks.aws_security_group.node",
            "module.eks_ecr.module.eks.aws_security_group_rule.cluster",
            "module.eks_ecr.module.eks.aws_security_group_rule.node",
            "module.eks_ecr.module.eks.data.aws_caller_identity.current",
            "module.eks_ecr.module.eks.data.aws_iam_policy_document.assume_role_policy",
            "module.eks_ecr.module.eks.data.aws_iam_policy_document.cni_ipv6_policy",
            "module.eks_ecr.module.eks.data.aws_iam_session_context.current",
            "module.eks_ecr.module.eks.data.aws_partition.current",
            "module.eks_ecr.module.eks.module.kms.aws_kms_external_key.this",
            "module.eks_ecr.module.eks.module.kms.aws_kms_key.this",
            "module.eks_ecr.module.eks.module.kms.aws_kms_replica_external_key.this",
            "module.eks_ecr.module.eks.module.kms.aws_kms_replica_key.this",
            "module.eks_ecr.module.eks.module.kms.data.aws_caller_identity.current",
            "module.eks_ecr.module.eks.module.kms.data.aws_iam_policy_document.this",
            "module.eks_ecr.module.eks.module.kms.data.aws_partition.current",
            "module.vpc.module.vpc.aws_subnet.private",
            "module.vpc.module.vpc.aws_vpc.this",
            "module.vpc.module.vpc.aws_vpc_ipv4_cidr_block_association.this"
          ],
          "create_before_destroy": true
        }
      ]
    },
    {
      "module": "module.eks_ecr.module.eks.module.eks_managed_node_group[\"default\"]",
      "mode": "data",
      "type": "aws_caller_identity",
      "name": "current",
      "provider": "provider[\"registry.terraform.io/hashicorp/aws\"]",
      "instances": [
        {
          "schema_version": 0,
          "attributes": {
            "account_id": "147997145269",
            "arn": "arn:aws:iam::147997145269:user/terraform",
            "id": "147997145269",
            "user_id": "AIDASE5KRHC2QIWTD2FAM"
          },
          "sensitive_attributes": []
        }
      ]
    },
    {
      "module": "module.eks_ecr.module.eks.module.eks_managed_node_group[\"default\"]",
      "mode": "data",
      "type": "aws_iam_policy_document",
      "name": "assume_role_policy",
      "provider": "provider[\"registry.terraform.io/hashicorp/aws\"]",
      "instances": [
        {
          "index_key": 0,
          "schema_version": 0,
          "attributes": {
            "id": "1734879000",
            "json": "{\n  \"Version\": \"2012-10-17\",\n  \"Statement\": [\n    {\n      \"Sid\": \"EKSNodeAssumeRole\",\n      \"Effect\": \"Allow\",\n      \"Action\": \"sts:AssumeRole\",\n      \"Principal\": {\n        \"Service\": \"ec2.amazonaws.com\"\n      }\n    }\n  ]\n}",
            "minified_json": "{\"Version\":\"2012-10-17\",\"Statement\":[{\"Sid\":\"EKSNodeAssumeRole\",\"Effect\":\"Allow\",\"Action\":\"sts:AssumeRole\",\"Principal\":{\"Service\":\"ec2.amazonaws.com\"}}]}",
            "override_json": null,
            "override_policy_documents": null,
            "policy_id": null,
            "source_json": null,
            "source_policy_documents": null,
            "statement": [
              {
                "actions": [
                  "sts:AssumeRole"
                ],
                "condition": [],
                "effect": "Allow",
                "not_actions": [],
                "not_principals": [],
                "not_resources": [],
                "principals": [
                  {
                    "identifiers": [
                      "ec2.amazonaws.com"
                    ],
                    "type": "Service"
                  }
                ],
                "resources": [],
                "sid": "EKSNodeAssumeRole"
              }
            ],
            "version": "2012-10-17"
          },
          "sensitive_attributes": []
        }
      ]
    },
    {
      "module": "module.eks_ecr.module.eks.module.eks_managed_node_group[\"default\"]",
      "mode": "data",
      "type": "aws_partition",
      "name": "current",
      "provider": "provider[\"registry.terraform.io/hashicorp/aws\"]",
      "instances": [
        {
          "schema_version": 0,
          "attributes": {
            "dns_suffix": "amazonaws.com",
            "id": "aws",
            "partition": "aws",
            "reverse_dns_prefix": "com.amazonaws"
          },
          "sensitive_attributes": []
        }
      ]
    },
    {
      "module": "module.eks_ecr.module.eks.module.eks_managed_node_group[\"default\"]",
      "mode": "managed",
      "type": "aws_eks_node_group",
      "name": "this",
      "provider": "provider[\"registry.terraform.io/hashicorp/aws\"]",
      "instances": [
        {
          "index_key": 0,
          "schema_version": 0,
          "attributes": {
            "ami_type": "AL2023_x86_64_STANDARD",
            "arn": "arn:aws:eks:eu-central-1:147997145269:nodegroup/lhav-wiztechexercise-eks-01/default-2024111209255951200000000f/dac98fd8-d884-aaf9-0661-14e750746c50",
            "capacity_type": "ON_DEMAND",
            "cluster_name": "lhav-wiztechexercise-eks-01",
            "disk_size": 0,
            "force_update_version": null,
            "id": "lhav-wiztechexercise-eks-01:default-2024111209255951200000000f",
            "instance_types": [
              "t3.medium"
            ],
            "labels": {},
            "launch_template": [
              {
                "id": "lt-0769bc03df8947679",
                "name": "default-2024111209255907220000000d",
                "version": "1"
              }
            ],
            "node_group_name": "default-2024111209255951200000000f",
            "node_group_name_prefix": "default-",
            "node_role_arn": "arn:aws:iam::147997145269:role/default-eks-node-group-20241112091650497400000001",
            "release_version": "1.31.0-20241109",
            "remote_access": [],
            "resources": [
              {
                "autoscaling_groups": [
                  {
                    "name": "eks-default-2024111209255951200000000f-dac98fd8-d884-aaf9-0661-14e750746c50"
                  }
                ],
                "remote_access_security_group_id": ""
              }
            ],
            "scaling_config": [
              {
                "desired_size": 2,
                "max_size": 3,
                "min_size": 1
              }
            ],
            "status": "ACTIVE",
            "subnet_ids": [
              "subnet-02b5abfd452de4629",
              "subnet-08ede3fec1466af4a"
            ],
            "tags": {
              "Name": "default"
            },
            "tags_all": {
              "Name": "default"
            },
            "taint": [],
            "timeouts": {
              "create": null,
              "delete": null,
              "update": null
            },
            "update_config": [
              {
                "max_unavailable": 0,
                "max_unavailable_percentage": 33
              }
            ],
            "version": "1.31"
          },
          "sensitive_attributes": [],
          "private": "eyJlMmJmYjczMC1lY2FhLTExZTYtOGY4OC0zNDM2M2JjN2M0YzAiOnsiY3JlYXRlIjozNjAwMDAwMDAwMDAwLCJkZWxldGUiOjM2MDAwMDAwMDAwMDAsInVwZGF0ZSI6MzYwMDAwMDAwMDAwMH19",
          "dependencies": [
            "module.eks_ecr.module.eks.aws_cloudwatch_log_group.this",
            "module.eks_ecr.module.eks.aws_eks_cluster.this",
            "module.eks_ecr.module.eks.aws_iam_policy.cni_ipv6_policy",
            "module.eks_ecr.module.eks.aws_iam_role.this",
            "module.eks_ecr.module.eks.aws_iam_role_policy_attachment.this",
            "module.eks_ecr.module.eks.aws_security_group.cluster",
            "module.eks_ecr.module.eks.aws_security_group.node",
            "module.eks_ecr.module.eks.aws_security_group_rule.cluster",
            "module.eks_ecr.module.eks.aws_security_group_rule.node",
            "module.eks_ecr.module.eks.data.aws_caller_identity.current",
            "module.eks_ecr.module.eks.data.aws_iam_policy_document.assume_role_policy",
            "module.eks_ecr.module.eks.data.aws_iam_policy_document.cni_ipv6_policy",
            "module.eks_ecr.module.eks.data.aws_iam_session_context.current",
            "module.eks_ecr.module.eks.data.aws_partition.current",
            "module.eks_ecr.module.eks.module.eks_managed_node_group.aws_iam_role.this",
            "module.eks_ecr.module.eks.module.eks_managed_node_group.aws_iam_role_policy_attachment.additional",
            "module.eks_ecr.module.eks.module.eks_managed_node_group.aws_iam_role_policy_attachment.this",
            "module.eks_ecr.module.eks.module.eks_managed_node_group.aws_launch_template.this",
            "module.eks_ecr.module.eks.module.eks_managed_node_group.aws_placement_group.this",
            "module.eks_ecr.module.eks.module.eks_managed_node_group.data.aws_caller_identity.current",
            "module.eks_ecr.module.eks.module.eks_managed_node_group.data.aws_ec2_instance_type.this",
            "module.eks_ecr.module.eks.module.eks_managed_node_group.data.aws_ec2_instance_type_offerings.this",
            "module.eks_ecr.module.eks.module.eks_managed_node_group.data.aws_iam_policy_document.assume_role_policy",
            "module.eks_ecr.module.eks.module.eks_managed_node_group.data.aws_partition.current",
            "module.eks_ecr.module.eks.module.eks_managed_node_group.data.aws_ssm_parameter.ami",
            "module.eks_ecr.module.eks.module.eks_managed_node_group.data.aws_subnets.placement_group",
            "module.eks_ecr.module.eks.module.eks_managed_node_group.module.user_data.data.cloudinit_config.al2023_eks_managed_node_group",
            "module.eks_ecr.module.eks.module.eks_managed_node_group.module.user_data.data.cloudinit_config.linux_eks_managed_node_group",
            "module.eks_ecr.module.eks.module.kms.aws_kms_external_key.this",
            "module.eks_ecr.module.eks.module.kms.aws_kms_key.this",
            "module.eks_ecr.module.eks.module.kms.aws_kms_replica_external_key.this",
            "module.eks_ecr.module.eks.module.kms.aws_kms_replica_key.this",
            "module.eks_ecr.module.eks.module.kms.data.aws_caller_identity.current",
            "module.eks_ecr.module.eks.module.kms.data.aws_iam_policy_document.this",
            "module.eks_ecr.module.eks.module.kms.data.aws_partition.current",
            "module.eks_ecr.module.eks.time_sleep.this",
            "module.vpc.module.vpc.aws_subnet.private",
            "module.vpc.module.vpc.aws_vpc.this",
            "module.vpc.module.vpc.aws_vpc_ipv4_cidr_block_association.this"
          ],
          "create_before_destroy": true
        }
      ]
    },
    {
      "module": "module.eks_ecr.module.eks.module.eks_managed_node_group[\"default\"]",
      "mode": "managed",
      "type": "aws_iam_role",
      "name": "this",
      "provider": "provider[\"registry.terraform.io/hashicorp/aws\"]",
      "instances": [
        {
          "index_key": 0,
          "schema_version": 0,
          "attributes": {
            "arn": "arn:aws:iam::147997145269:role/default-eks-node-group-20241112091650497400000001",
            "assume_role_policy": "{\"Statement\":[{\"Action\":\"sts:AssumeRole\",\"Effect\":\"Allow\",\"Principal\":{\"Service\":\"ec2.amazonaws.com\"},\"Sid\":\"EKSNodeAssumeRole\"}],\"Version\":\"2012-10-17\"}",
            "create_date": "2024-11-12T09:16:50Z",
            "description": "EKS managed node group IAM role",
            "force_detach_policies": true,
            "id": "default-eks-node-group-20241112091650497400000001",
            "inline_policy": [],
            "managed_policy_arns": [
              "arn:aws:iam::aws:policy/AmazonEC2ContainerRegistryReadOnly",
              "arn:aws:iam::aws:policy/AmazonEKSWorkerNodePolicy",
              "arn:aws:iam::aws:policy/AmazonEKS_CNI_Policy"
            ],
            "max_session_duration": 3600,
            "name": "default-eks-node-group-20241112091650497400000001",
            "name_prefix": "default-eks-node-group-",
            "path": "/",
            "permissions_boundary": "",
            "tags": {},
            "tags_all": {},
            "unique_id": "AROASE5KRHC2V7KPTSAOS"
          },
          "sensitive_attributes": [],
          "private": "bnVsbA==",
          "dependencies": [
            "module.eks_ecr.module.eks.module.eks_managed_node_group.data.aws_iam_policy_document.assume_role_policy"
          ],
          "create_before_destroy": true
        }
      ]
    },
    {
      "module": "module.eks_ecr.module.eks.module.eks_managed_node_group[\"default\"]",
      "mode": "managed",
      "type": "aws_iam_role_policy_attachment",
      "name": "this",
      "provider": "provider[\"registry.terraform.io/hashicorp/aws\"]",
      "instances": [
        {
          "index_key": "AmazonEC2ContainerRegistryReadOnly",
          "schema_version": 0,
          "attributes": {
            "id": "default-eks-node-group-20241112091650497400000001-20241112091651739200000003",
            "policy_arn": "arn:aws:iam::aws:policy/AmazonEC2ContainerRegistryReadOnly",
            "role": "default-eks-node-group-20241112091650497400000001"
          },
          "sensitive_attributes": [],
          "private": "bnVsbA==",
          "dependencies": [
            "module.eks_ecr.module.eks.module.eks_managed_node_group.aws_iam_role.this",
            "module.eks_ecr.module.eks.module.eks_managed_node_group.data.aws_caller_identity.current",
            "module.eks_ecr.module.eks.module.eks_managed_node_group.data.aws_iam_policy_document.assume_role_policy",
            "module.eks_ecr.module.eks.module.eks_managed_node_group.data.aws_partition.current"
          ],
          "create_before_destroy": true
        },
        {
          "index_key": "AmazonEKSWorkerNodePolicy",
          "schema_version": 0,
          "attributes": {
            "id": "default-eks-node-group-20241112091650497400000001-20241112091651760300000004",
            "policy_arn": "arn:aws:iam::aws:policy/AmazonEKSWorkerNodePolicy",
            "role": "default-eks-node-group-20241112091650497400000001"
          },
          "sensitive_attributes": [],
          "private": "bnVsbA==",
          "dependencies": [
            "module.eks_ecr.module.eks.module.eks_managed_node_group.aws_iam_role.this",
            "module.eks_ecr.module.eks.module.eks_managed_node_group.data.aws_caller_identity.current",
            "module.eks_ecr.module.eks.module.eks_managed_node_group.data.aws_iam_policy_document.assume_role_policy",
            "module.eks_ecr.module.eks.module.eks_managed_node_group.data.aws_partition.current"
          ],
          "create_before_destroy": true
        },
        {
          "index_key": "AmazonEKS_CNI_Policy",
          "schema_version": 0,
          "attributes": {
            "id": "default-eks-node-group-20241112091650497400000001-20241112091651774400000005",
            "policy_arn": "arn:aws:iam::aws:policy/AmazonEKS_CNI_Policy",
            "role": "default-eks-node-group-20241112091650497400000001"
          },
          "sensitive_attributes": [],
          "private": "bnVsbA==",
          "dependencies": [
            "module.eks_ecr.module.eks.module.eks_managed_node_group.aws_iam_role.this",
            "module.eks_ecr.module.eks.module.eks_managed_node_group.data.aws_caller_identity.current",
            "module.eks_ecr.module.eks.module.eks_managed_node_group.data.aws_iam_policy_document.assume_role_policy",
            "module.eks_ecr.module.eks.module.eks_managed_node_group.data.aws_partition.current"
          ],
          "create_before_destroy": true
        }
      ]
    },
    {
      "module": "module.eks_ecr.module.eks.module.eks_managed_node_group[\"default\"]",
      "mode": "managed",
      "type": "aws_launch_template",
      "name": "this",
      "provider": "provider[\"registry.terraform.io/hashicorp/aws\"]",
      "instances": [
        {
          "index_key": 0,
          "schema_version": 0,
          "attributes": {
            "arn": "arn:aws:ec2:eu-central-1:147997145269:launch-template/lt-0769bc03df8947679",
            "block_device_mappings": [],
            "capacity_reservation_specification": [],
            "cpu_options": [],
            "credit_specification": [],
            "default_version": 1,
            "description": "Custom launch template for default EKS managed node group",
            "disable_api_stop": false,
            "disable_api_termination": false,
            "ebs_optimized": "",
            "elastic_gpu_specifications": [],
            "elastic_inference_accelerator": [],
            "enclave_options": [],
            "hibernation_options": [],
            "iam_instance_profile": [],
            "id": "lt-0769bc03df8947679",
            "image_id": "",
            "instance_initiated_shutdown_behavior": "",
            "instance_market_options": [],
            "instance_requirements": [],
            "instance_type": "",
            "kernel_id": "",
            "key_name": "",
            "latest_version": 1,
            "license_specification": [],
            "maintenance_options": [],
            "metadata_options": [
              {
                "http_endpoint": "enabled",
                "http_protocol_ipv6": "",
                "http_put_response_hop_limit": 2,
                "http_tokens": "required",
                "instance_metadata_tags": ""
              }
            ],
            "monitoring": [
              {
                "enabled": true
              }
            ],
            "name": "default-2024111209255907220000000d",
            "name_prefix": "default-",
            "network_interfaces": [],
            "placement": [],
            "private_dns_name_options": [],
            "ram_disk_id": "",
            "security_group_names": [],
            "tag_specifications": [
              {
                "resource_type": "instance",
                "tags": {
                  "Name": "default"
                }
              },
              {
                "resource_type": "network-interface",
                "tags": {
                  "Name": "default"
                }
              },
              {
                "resource_type": "volume",
                "tags": {
                  "Name": "default"
                }
              }
            ],
            "tags": {},
            "tags_all": {},
            "update_default_version": true,
            "user_data": "",
            "vpc_security_group_ids": [
              "sg-0368c7c9d1484aeeb"
            ]
          },
          "sensitive_attributes": [],
          "private": "bnVsbA==",
          "dependencies": [
            "module.eks_ecr.module.eks.aws_cloudwatch_log_group.this",
            "module.eks_ecr.module.eks.aws_eks_cluster.this",
            "module.eks_ecr.module.eks.aws_iam_policy.cni_ipv6_policy",
            "module.eks_ecr.module.eks.aws_iam_role.this",
            "module.eks_ecr.module.eks.aws_iam_role_policy_attachment.this",
            "module.eks_ecr.module.eks.aws_security_group.cluster",
            "module.eks_ecr.module.eks.aws_security_group.node",
            "module.eks_ecr.module.eks.aws_security_group_rule.cluster",
            "module.eks_ecr.module.eks.aws_security_group_rule.node",
            "module.eks_ecr.module.eks.data.aws_caller_identity.current",
            "module.eks_ecr.module.eks.data.aws_iam_policy_document.assume_role_policy",
            "module.eks_ecr.module.eks.data.aws_iam_policy_document.cni_ipv6_policy",
            "module.eks_ecr.module.eks.data.aws_iam_session_context.current",
            "module.eks_ecr.module.eks.data.aws_partition.current",
            "module.eks_ecr.module.eks.module.eks_managed_node_group.aws_iam_role.this",
            "module.eks_ecr.module.eks.module.eks_managed_node_group.aws_iam_role_policy_attachment.additional",
            "module.eks_ecr.module.eks.module.eks_managed_node_group.aws_iam_role_policy_attachment.this",
            "module.eks_ecr.module.eks.module.eks_managed_node_group.aws_placement_group.this",
            "module.eks_ecr.module.eks.module.eks_managed_node_group.data.aws_caller_identity.current",
            "module.eks_ecr.module.eks.module.eks_managed_node_group.data.aws_ec2_instance_type.this",
            "module.eks_ecr.module.eks.module.eks_managed_node_group.data.aws_iam_policy_document.assume_role_policy",
            "module.eks_ecr.module.eks.module.eks_managed_node_group.data.aws_partition.current",
            "module.eks_ecr.module.eks.module.eks_managed_node_group.module.user_data.data.cloudinit_config.al2023_eks_managed_node_group",
            "module.eks_ecr.module.eks.module.eks_managed_node_group.module.user_data.data.cloudinit_config.linux_eks_managed_node_group",
            "module.eks_ecr.module.eks.module.kms.aws_kms_external_key.this",
            "module.eks_ecr.module.eks.module.kms.aws_kms_key.this",
            "module.eks_ecr.module.eks.module.kms.aws_kms_replica_external_key.this",
            "module.eks_ecr.module.eks.module.kms.aws_kms_replica_key.this",
            "module.eks_ecr.module.eks.module.kms.data.aws_caller_identity.current",
            "module.eks_ecr.module.eks.module.kms.data.aws_iam_policy_document.this",
            "module.eks_ecr.module.eks.module.kms.data.aws_partition.current",
            "module.eks_ecr.module.eks.time_sleep.this",
            "module.vpc.module.vpc.aws_subnet.private",
            "module.vpc.module.vpc.aws_vpc.this",
            "module.vpc.module.vpc.aws_vpc_ipv4_cidr_block_association.this"
          ],
          "create_before_destroy": true
        }
      ]
    },
    {
      "module": "module.eks_ecr.module.eks.module.eks_managed_node_group[\"default\"].module.user_data",
      "mode": "managed",
      "type": "null_resource",
      "name": "validate_cluster_service_cidr",
      "provider": "provider[\"registry.terraform.io/hashicorp/null\"]",
      "instances": [
        {
          "schema_version": 0,
          "attributes": {
            "id": "1901390143",
            "triggers": null
          },
          "sensitive_attributes": [],
          "dependencies": [
            "module.eks_ecr.module.eks.aws_cloudwatch_log_group.this",
            "module.eks_ecr.module.eks.aws_eks_cluster.this",
            "module.eks_ecr.module.eks.aws_iam_policy.cni_ipv6_policy",
            "module.eks_ecr.module.eks.aws_iam_role.this",
            "module.eks_ecr.module.eks.aws_iam_role_policy_attachment.this",
            "module.eks_ecr.module.eks.aws_security_group.cluster",
            "module.eks_ecr.module.eks.aws_security_group.node",
            "module.eks_ecr.module.eks.aws_security_group_rule.cluster",
            "module.eks_ecr.module.eks.aws_security_group_rule.node",
            "module.eks_ecr.module.eks.data.aws_caller_identity.current",
            "module.eks_ecr.module.eks.data.aws_iam_policy_document.assume_role_policy",
            "module.eks_ecr.module.eks.data.aws_iam_policy_document.cni_ipv6_policy",
            "module.eks_ecr.module.eks.data.aws_iam_session_context.current",
            "module.eks_ecr.module.eks.data.aws_partition.current",
            "module.eks_ecr.module.eks.module.kms.aws_kms_external_key.this",
            "module.eks_ecr.module.eks.module.kms.aws_kms_key.this",
            "module.eks_ecr.module.eks.module.kms.aws_kms_replica_external_key.this",
            "module.eks_ecr.module.eks.module.kms.aws_kms_replica_key.this",
            "module.eks_ecr.module.eks.module.kms.data.aws_caller_identity.current",
            "module.eks_ecr.module.eks.module.kms.data.aws_iam_policy_document.this",
            "module.eks_ecr.module.eks.module.kms.data.aws_partition.current",
            "module.eks_ecr.module.eks.time_sleep.this",
            "module.vpc.module.vpc.aws_subnet.private",
            "module.vpc.module.vpc.aws_vpc.this",
            "module.vpc.module.vpc.aws_vpc_ipv4_cidr_block_association.this"
          ]
        }
      ]
    },
    {
      "module": "module.eks_ecr.module.eks.module.kms",
      "mode": "data",
      "type": "aws_caller_identity",
      "name": "current",
      "provider": "provider[\"registry.terraform.io/hashicorp/aws\"]",
      "instances": [
        {
          "index_key": 0,
          "schema_version": 0,
          "attributes": {
            "account_id": "147997145269",
            "arn": "arn:aws:iam::147997145269:user/terraform",
            "id": "147997145269",
            "user_id": "AIDASE5KRHC2QIWTD2FAM"
          },
          "sensitive_attributes": []
        }
      ]
    },
    {
      "module": "module.eks_ecr.module.eks.module.kms",
      "mode": "data",
      "type": "aws_iam_policy_document",
      "name": "this",
      "provider": "provider[\"registry.terraform.io/hashicorp/aws\"]",
      "instances": [
        {
          "index_key": 0,
          "schema_version": 0,
          "attributes": {
            "id": "980668512",
            "json": "{\n  \"Version\": \"2012-10-17\",\n  \"Statement\": [\n    {\n      \"Sid\": \"Default\",\n      \"Effect\": \"Allow\",\n      \"Action\": \"kms:*\",\n      \"Resource\": \"*\",\n      \"Principal\": {\n        \"AWS\": \"arn:aws:iam::147997145269:root\"\n      }\n    },\n    {\n      \"Sid\": \"KeyAdministration\",\n      \"Effect\": \"Allow\",\n      \"Action\": [\n        \"kms:Update*\",\n        \"kms:UntagResource\",\n        \"kms:TagResource\",\n        \"kms:ScheduleKeyDeletion\",\n        \"kms:Revoke*\",\n        \"kms:ReplicateKey\",\n        \"kms:Put*\",\n        \"kms:List*\",\n        \"kms:ImportKeyMaterial\",\n        \"kms:Get*\",\n        \"kms:Enable*\",\n        \"kms:Disable*\",\n        \"kms:Describe*\",\n        \"kms:Delete*\",\n        \"kms:Create*\",\n        \"kms:CancelKeyDeletion\"\n      ],\n      \"Resource\": \"*\",\n      \"Principal\": {\n        \"AWS\": \"arn:aws:iam::147997145269:user/terraform\"\n      }\n    },\n    {\n      \"Sid\": \"KeyUsage\",\n      \"Effect\": \"Allow\",\n      \"Action\": [\n        \"kms:ReEncrypt*\",\n        \"kms:GenerateDataKey*\",\n        \"kms:Encrypt\",\n        \"kms:DescribeKey\",\n        \"kms:Decrypt\"\n      ],\n      \"Resource\": \"*\",\n      \"Principal\": {\n        \"AWS\": \"arn:aws:iam::147997145269:role/lhav-wiztechexercise-eks-01-cluster-20241112091650504600000002\"\n      }\n    }\n  ]\n}",
            "minified_json": "{\"Version\":\"2012-10-17\",\"Statement\":[{\"Sid\":\"Default\",\"Effect\":\"Allow\",\"Action\":\"kms:*\",\"Resource\":\"*\",\"Principal\":{\"AWS\":\"arn:aws:iam::147997145269:root\"}},{\"Sid\":\"KeyAdministration\",\"Effect\":\"Allow\",\"Action\":[\"kms:Update*\",\"kms:UntagResource\",\"kms:TagResource\",\"kms:ScheduleKeyDeletion\",\"kms:Revoke*\",\"kms:ReplicateKey\",\"kms:Put*\",\"kms:List*\",\"kms:ImportKeyMaterial\",\"kms:Get*\",\"kms:Enable*\",\"kms:Disable*\",\"kms:Describe*\",\"kms:Delete*\",\"kms:Create*\",\"kms:CancelKeyDeletion\"],\"Resource\":\"*\",\"Principal\":{\"AWS\":\"arn:aws:iam::147997145269:user/terraform\"}},{\"Sid\":\"KeyUsage\",\"Effect\":\"Allow\",\"Action\":[\"kms:ReEncrypt*\",\"kms:GenerateDataKey*\",\"kms:Encrypt\",\"kms:DescribeKey\",\"kms:Decrypt\"],\"Resource\":\"*\",\"Principal\":{\"AWS\":\"arn:aws:iam::147997145269:role/lhav-wiztechexercise-eks-01-cluster-20241112091650504600000002\"}}]}",
            "override_json": null,
            "override_policy_documents": null,
            "policy_id": null,
            "source_json": null,
            "source_policy_documents": null,
            "statement": [
              {
                "actions": [
                  "kms:*"
                ],
                "condition": [],
                "effect": "Allow",
                "not_actions": [],
                "not_principals": [],
                "not_resources": [],
                "principals": [
                  {
                    "identifiers": [
                      "arn:aws:iam::147997145269:root"
                    ],
                    "type": "AWS"
                  }
                ],
                "resources": [
                  "*"
                ],
                "sid": "Default"
              },
              {
                "actions": [
                  "kms:CancelKeyDeletion",
                  "kms:Create*",
                  "kms:Delete*",
                  "kms:Describe*",
                  "kms:Disable*",
                  "kms:Enable*",
                  "kms:Get*",
                  "kms:ImportKeyMaterial",
                  "kms:List*",
                  "kms:Put*",
                  "kms:ReplicateKey",
                  "kms:Revoke*",
                  "kms:ScheduleKeyDeletion",
                  "kms:TagResource",
                  "kms:UntagResource",
                  "kms:Update*"
                ],
                "condition": [],
                "effect": "Allow",
                "not_actions": [],
                "not_principals": [],
                "not_resources": [],
                "principals": [
                  {
                    "identifiers": [
                      "arn:aws:iam::147997145269:user/terraform"
                    ],
                    "type": "AWS"
                  }
                ],
                "resources": [
                  "*"
                ],
                "sid": "KeyAdministration"
              },
              {
                "actions": [
                  "kms:Decrypt",
                  "kms:DescribeKey",
                  "kms:Encrypt",
                  "kms:GenerateDataKey*",
                  "kms:ReEncrypt*"
                ],
                "condition": [],
                "effect": "Allow",
                "not_actions": [],
                "not_principals": [],
                "not_resources": [],
                "principals": [
                  {
                    "identifiers": [
                      "arn:aws:iam::147997145269:role/lhav-wiztechexercise-eks-01-cluster-20241112091650504600000002"
                    ],
                    "type": "AWS"
                  }
                ],
                "resources": [
                  "*"
                ],
                "sid": "KeyUsage"
              }
            ],
            "version": "2012-10-17"
          },
          "sensitive_attributes": []
        }
      ]
    },
    {
      "module": "module.eks_ecr.module.eks.module.kms",
      "mode": "data",
      "type": "aws_partition",
      "name": "current",
      "provider": "provider[\"registry.terraform.io/hashicorp/aws\"]",
      "instances": [
        {
          "index_key": 0,
          "schema_version": 0,
          "attributes": {
            "dns_suffix": "amazonaws.com",
            "id": "aws",
            "partition": "aws",
            "reverse_dns_prefix": "com.amazonaws"
          },
          "sensitive_attributes": []
        }
      ]
    },
    {
      "module": "module.eks_ecr.module.eks.module.kms",
      "mode": "managed",
      "type": "aws_kms_alias",
      "name": "this",
      "provider": "provider[\"registry.terraform.io/hashicorp/aws\"]",
      "instances": [
        {
          "index_key": "cluster",
          "schema_version": 0,
          "attributes": {
            "arn": "arn:aws:kms:eu-central-1:147997145269:alias/eks/lhav-wiztechexercise-eks-01",
            "id": "alias/eks/lhav-wiztechexercise-eks-01",
            "name": "alias/eks/lhav-wiztechexercise-eks-01",
            "name_prefix": "",
            "target_key_arn": "arn:aws:kms:eu-central-1:147997145269:key/bf4c95c2-8f01-4441-8896-b7b2ab6738f7",
            "target_key_id": "bf4c95c2-8f01-4441-8896-b7b2ab6738f7"
          },
          "sensitive_attributes": [],
          "private": "bnVsbA==",
          "dependencies": [
            "module.eks_ecr.module.eks.aws_iam_role.this",
            "module.eks_ecr.module.eks.data.aws_caller_identity.current",
            "module.eks_ecr.module.eks.data.aws_iam_policy_document.assume_role_policy",
            "module.eks_ecr.module.eks.data.aws_iam_session_context.current",
            "module.eks_ecr.module.eks.module.kms.aws_kms_external_key.this",
            "module.eks_ecr.module.eks.module.kms.aws_kms_key.this",
            "module.eks_ecr.module.eks.module.kms.aws_kms_replica_external_key.this",
            "module.eks_ecr.module.eks.module.kms.aws_kms_replica_key.this",
            "module.eks_ecr.module.eks.module.kms.data.aws_caller_identity.current",
            "module.eks_ecr.module.eks.module.kms.data.aws_iam_policy_document.this",
            "module.eks_ecr.module.eks.module.kms.data.aws_partition.current"
          ]
        }
      ]
    },
    {
      "module": "module.eks_ecr.module.eks.module.kms",
      "mode": "managed",
      "type": "aws_kms_key",
      "name": "this",
      "provider": "provider[\"registry.terraform.io/hashicorp/aws\"]",
      "instances": [
        {
          "index_key": 0,
          "schema_version": 0,
          "attributes": {
            "arn": "arn:aws:kms:eu-central-1:147997145269:key/bf4c95c2-8f01-4441-8896-b7b2ab6738f7",
            "bypass_policy_lockout_safety_check": false,
            "custom_key_store_id": "",
            "customer_master_key_spec": "SYMMETRIC_DEFAULT",
            "deletion_window_in_days": null,
            "description": "lhav-wiztechexercise-eks-01 cluster encryption key",
            "enable_key_rotation": true,
            "id": "bf4c95c2-8f01-4441-8896-b7b2ab6738f7",
            "is_enabled": true,
            "key_id": "bf4c95c2-8f01-4441-8896-b7b2ab6738f7",
            "key_usage": "ENCRYPT_DECRYPT",
            "multi_region": false,
            "policy": "{\"Statement\":[{\"Action\":\"kms:*\",\"Effect\":\"Allow\",\"Principal\":{\"AWS\":\"arn:aws:iam::147997145269:root\"},\"Resource\":\"*\",\"Sid\":\"Default\"},{\"Action\":[\"kms:Update*\",\"kms:UntagResource\",\"kms:TagResource\",\"kms:ScheduleKeyDeletion\",\"kms:Revoke*\",\"kms:ReplicateKey\",\"kms:Put*\",\"kms:List*\",\"kms:ImportKeyMaterial\",\"kms:Get*\",\"kms:Enable*\",\"kms:Disable*\",\"kms:Describe*\",\"kms:Delete*\",\"kms:Create*\",\"kms:CancelKeyDeletion\"],\"Effect\":\"Allow\",\"Principal\":{\"AWS\":\"arn:aws:iam::147997145269:user/terraform\"},\"Resource\":\"*\",\"Sid\":\"KeyAdministration\"},{\"Action\":[\"kms:ReEncrypt*\",\"kms:GenerateDataKey*\",\"kms:Encrypt\",\"kms:DescribeKey\",\"kms:Decrypt\"],\"Effect\":\"Allow\",\"Principal\":{\"AWS\":\"arn:aws:iam::147997145269:role/lhav-wiztechexercise-eks-01-cluster-20241112091650504600000002\"},\"Resource\":\"*\",\"Sid\":\"KeyUsage\"}],\"Version\":\"2012-10-17\"}",
            "rotation_period_in_days": 365,
            "tags": {
              "terraform-aws-modules": "eks"
            },
            "tags_all": {
              "terraform-aws-modules": "eks"
            },
            "timeouts": null,
            "xks_key_id": ""
          },
          "sensitive_attributes": [],
          "private": "eyJlMmJmYjczMC1lY2FhLTExZTYtOGY4OC0zNDM2M2JjN2M0YzAiOnsiY3JlYXRlIjoxMjAwMDAwMDAwMDB9fQ==",
          "dependencies": [
            "module.eks_ecr.module.eks.aws_iam_role.this",
            "module.eks_ecr.module.eks.data.aws_caller_identity.current",
            "module.eks_ecr.module.eks.data.aws_iam_policy_document.assume_role_policy",
            "module.eks_ecr.module.eks.data.aws_iam_session_context.current",
            "module.eks_ecr.module.eks.module.kms.data.aws_caller_identity.current",
            "module.eks_ecr.module.eks.module.kms.data.aws_iam_policy_document.this",
            "module.eks_ecr.module.eks.module.kms.data.aws_partition.current"
          ],
          "create_before_destroy": true
        }
      ]
    },
    {
      "module": "module.mongodb",
      "mode": "data",
      "type": "aws_ami",
      "name": "ubuntu",
      "provider": "provider[\"registry.terraform.io/hashicorp/aws\"]",
      "instances": [
        {
          "schema_version": 0,
          "attributes": {
            "architecture": "x86_64",
            "arn": "arn:aws:ec2:eu-central-1::image/ami-054e8920cb5caba31",
            "block_device_mappings": [
              {
                "device_name": "/dev/sda1",
                "ebs": {
                  "delete_on_termination": "true",
                  "encrypted": "false",
                  "iops": "0",
                  "snapshot_id": "snap-04d11dd010809d8fb",
                  "throughput": "0",
                  "volume_size": "8",
                  "volume_type": "gp2"
                },
                "no_device": "",
                "virtual_name": ""
              },
              {
                "device_name": "/dev/sdb",
                "ebs": {},
                "no_device": "",
                "virtual_name": "ephemeral0"
              },
              {
                "device_name": "/dev/sdc",
                "ebs": {},
                "no_device": "",
                "virtual_name": "ephemeral1"
              }
            ],
            "boot_mode": "legacy-bios",
            "creation_date": "2024-10-22T22:19:15.000Z",
            "deprecation_time": "2026-10-22T22:19:15.000Z",
            "description": "Canonical, Ubuntu, 20.04 LTS, amd64 focal image build on 2024-10-22",
            "ena_support": true,
            "executable_users": null,
            "filter": [
              {
                "name": "name",
                "values": [
                  "ubuntu/images/hvm-ssd/ubuntu-focal-20.04-amd64-server-*"
                ]
              }
            ],
            "hypervisor": "xen",
            "id": "ami-054e8920cb5caba31",
            "image_id": "ami-054e8920cb5caba31",
            "image_location": "amazon/ubuntu/images/hvm-ssd/ubuntu-focal-20.04-amd64-server-20241022",
            "image_owner_alias": "amazon",
            "image_type": "machine",
            "imds_support": "",
            "include_deprecated": false,
            "kernel_id": "",
            "most_recent": true,
            "name": "ubuntu/images/hvm-ssd/ubuntu-focal-20.04-amd64-server-20241022",
            "name_regex": null,
            "owner_id": "099720109477",
            "owners": [
              "099720109477"
            ],
            "platform": "",
            "platform_details": "Linux/UNIX",
            "product_codes": [],
            "public": true,
            "ramdisk_id": "",
            "root_device_name": "/dev/sda1",
            "root_device_type": "ebs",
            "root_snapshot_id": "snap-04d11dd010809d8fb",
            "sriov_net_support": "simple",
            "state": "available",
            "state_reason": {
              "code": "UNSET",
              "message": "UNSET"
            },
            "tags": {},
            "timeouts": null,
            "tpm_support": "",
            "usage_operation": "RunInstances",
            "virtualization_type": "hvm"
          },
          "sensitive_attributes": []
        }
      ]
    },
    {
      "module": "module.mongodb",
      "mode": "managed",
      "type": "aws_iam_instance_profile",
      "name": "mongo_db_profile",
      "provider": "provider[\"registry.terraform.io/hashicorp/aws\"]",
      "instances": [
        {
          "schema_version": 0,
          "attributes": {
            "arn": "arn:aws:iam::147997145269:instance-profile/mongo_db_profile",
            "create_date": "2024-11-12T09:16:51Z",
            "id": "mongo_db_profile",
            "name": "mongo_db_profile",
            "name_prefix": "",
            "path": "/",
            "role": "mongo_db_role",
            "tags": {},
            "tags_all": {},
            "unique_id": "AIPASE5KRHC2ZT4NEIKBV"
          },
          "sensitive_attributes": [],
          "private": "bnVsbA==",
          "dependencies": [
            "module.mongodb.aws_iam_role.mongo_db_role"
          ]
        }
      ]
    },
    {
      "module": "module.mongodb",
      "mode": "managed",
      "type": "aws_iam_role",
      "name": "mongo_db_role",
      "provider": "provider[\"registry.terraform.io/hashicorp/aws\"]",
      "instances": [
        {
          "schema_version": 0,
          "attributes": {
            "arn": "arn:aws:iam::147997145269:role/mongo_db_role",
            "assume_role_policy": "{\"Statement\":[{\"Action\":\"sts:AssumeRole\",\"Effect\":\"Allow\",\"Principal\":{\"Service\":\"ec2.amazonaws.com\"}}],\"Version\":\"2012-10-17\"}",
            "create_date": "2024-11-12T09:16:50Z",
            "description": "",
            "force_detach_policies": false,
            "id": "mongo_db_role",
            "inline_policy": [
              {
                "name": "mongo_db_policy",
                "policy": "{\"Version\":\"2012-10-17\",\"Statement\":[{\"Action\":\"ec2:*\",\"Effect\":\"Allow\",\"Resource\":\"*\"},{\"Action\":[\"s3:PutObject\",\"s3:GetObject\"],\"Effect\":\"Allow\",\"Resource\":\"arn:aws:s3:::lhav-wiztechexercise-s3-bucket-02/*\"}]}"
              }
            ],
            "managed_policy_arns": [],
            "max_session_duration": 3600,
            "name": "mongo_db_role",
            "name_prefix": "",
            "path": "/",
            "permissions_boundary": "",
            "tags": {},
            "tags_all": {},
            "unique_id": "AROASE5KRHC2XEQ2PCF5Z"
          },
          "sensitive_attributes": [],
          "private": "bnVsbA=="
        }
      ]
    },
    {
      "module": "module.mongodb",
      "mode": "managed",
      "type": "aws_iam_role_policy",
      "name": "mongo_db_policy",
      "provider": "provider[\"registry.terraform.io/hashicorp/aws\"]",
      "instances": [
        {
          "schema_version": 0,
          "attributes": {
            "id": "mongo_db_role:mongo_db_policy",
            "name": "mongo_db_policy",
            "name_prefix": "",
            "policy": "{\"Version\":\"2012-10-17\",\"Statement\":[{\"Action\":\"ec2:*\",\"Effect\":\"Allow\",\"Resource\":\"*\"},{\"Action\":[\"s3:PutObject\",\"s3:GetObject\"],\"Effect\":\"Allow\",\"Resource\":\"arn:aws:s3:::lhav-wiztechexercise-s3-bucket-02/*\"}]}",
            "role": "mongo_db_role"
          },
          "sensitive_attributes": [],
          "private": "bnVsbA==",
          "dependencies": [
            "module.mongodb.aws_iam_role.mongo_db_role"
          ]
        }
      ]
    },
    {
      "module": "module.mongodb",
      "mode": "managed",
      "type": "aws_instance",
      "name": "mongo_db_instance",
      "provider": "provider[\"registry.terraform.io/hashicorp/aws\"]",
      "instances": [
        {
          "schema_version": 1,
          "attributes": {
            "ami": "ami-054e8920cb5caba31",
            "arn": "arn:aws:ec2:eu-central-1:147997145269:instance/i-021bec2a1be7e60d7",
            "associate_public_ip_address": true,
            "availability_zone": "eu-central-1a",
            "capacity_reservation_specification": [
              {
                "capacity_reservation_preference": "open",
                "capacity_reservation_target": []
              }
            ],
            "cpu_core_count": 1,
            "cpu_options": [
              {
                "amd_sev_snp": "",
                "core_count": 1,
                "threads_per_core": 1
              }
            ],
            "cpu_threads_per_core": 1,
            "credit_specification": [
              {
                "cpu_credits": "standard"
              }
            ],
            "disable_api_stop": false,
            "disable_api_termination": false,
            "ebs_block_device": [],
            "ebs_optimized": false,
            "enclave_options": [
              {
                "enabled": false
              }
            ],
            "ephemeral_block_device": [],
            "get_password_data": false,
            "hibernation": false,
            "host_id": "",
            "host_resource_group_arn": null,
            "iam_instance_profile": "mongo_db_profile",
            "id": "i-021bec2a1be7e60d7",
            "instance_initiated_shutdown_behavior": "stop",
            "instance_lifecycle": "",
            "instance_market_options": [],
            "instance_state": "running",
            "instance_type": "t2.micro",
            "ipv6_address_count": 0,
            "ipv6_addresses": [],
            "key_name": "",
            "launch_template": [],
            "maintenance_options": [
              {
                "auto_recovery": "default"
              }
            ],
            "metadata_options": [
              {
                "http_endpoint": "enabled",
                "http_protocol_ipv6": "disabled",
                "http_put_response_hop_limit": 1,
                "http_tokens": "optional",
                "instance_metadata_tags": "disabled"
              }
            ],
            "monitoring": false,
            "network_interface": [],
            "outpost_arn": "",
            "password_data": "",
            "placement_group": "",
            "placement_partition_number": 0,
            "primary_network_interface_id": "eni-0659004d033c12a79",
            "private_dns": "ip-10-0-101-186.eu-central-1.compute.internal",
            "private_dns_name_options": [
              {
                "enable_resource_name_dns_a_record": false,
                "enable_resource_name_dns_aaaa_record": false,
                "hostname_type": "ip-name"
              }
            ],
            "private_ip": "10.0.101.186",
            "public_dns": "ec2-18-184-189-66.eu-central-1.compute.amazonaws.com",
            "public_ip": "18.184.189.66",
            "root_block_device": [
              {
                "delete_on_termination": true,
                "device_name": "/dev/sda1",
                "encrypted": false,
                "iops": 100,
                "kms_key_id": "",
                "tags": {},
                "tags_all": {},
                "throughput": 0,
                "volume_id": "vol-035da2526c5df14cd",
                "volume_size": 8,
                "volume_type": "gp2"
              }
            ],
            "secondary_private_ips": [],
            "security_groups": [
              "sg-0cd4dbc55a408efd1"
            ],
            "source_dest_check": true,
            "spot_instance_request_id": "",
            "subnet_id": "subnet-009950fd108b5f6fb",
            "tags": null,
            "tags_all": {},
            "tenancy": "default",
            "timeouts": null,
            "user_data": "38fc73b412557342c1d0a66b315a13bc2e221db6",
            "user_data_base64": null,
            "user_data_replace_on_change": false,
            "volume_tags": null,
            "vpc_security_group_ids": [
              "sg-0cd4dbc55a408efd1"
            ]
          },
          "sensitive_attributes": [
            [
              {
                "type": "get_attr",
                "value": "user_data"
              }
            ]
          ],
          "private": "eyJlMmJmYjczMC1lY2FhLTExZTYtOGY4OC0zNDM2M2JjN2M0YzAiOnsiY3JlYXRlIjo2MDAwMDAwMDAwMDAsImRlbGV0ZSI6MTIwMDAwMDAwMDAwMCwicmVhZCI6OTAwMDAwMDAwMDAwLCJ1cGRhdGUiOjYwMDAwMDAwMDAwMH0sInNjaGVtYV92ZXJzaW9uIjoiMSJ9",
          "dependencies": [
            "module.mongodb.aws_iam_instance_profile.mongo_db_profile",
            "module.mongodb.aws_security_group.mongo_db_sg",
            "module.mongodb.data.aws_ami.ubuntu",
            "module.vpc.module.vpc.aws_subnet.public"
          ]
        }
      ]
    },
    {
      "module": "module.mongodb",
      "mode": "managed",
      "type": "aws_security_group",
      "name": "mongo_db_sg",
      "provider": "provider[\"registry.terraform.io/hashicorp/aws\"]",
      "instances": [
        {
          "schema_version": 1,
          "attributes": {
            "arn": "arn:aws:ec2:eu-central-1:147997145269:security-group/sg-0cd4dbc55a408efd1",
            "description": "Managed by Terraform",
            "egress": [
              {
                "cidr_blocks": [
                  "0.0.0.0/0"
                ],
                "description": "",
                "from_port": 0,
                "ipv6_cidr_blocks": [],
                "prefix_list_ids": [],
                "protocol": "-1",
                "security_groups": [],
                "self": false,
                "to_port": 0
              }
            ],
            "id": "sg-0cd4dbc55a408efd1",
            "ingress": [
              {
                "cidr_blocks": [
                  "0.0.0.0/0"
                ],
                "description": "",
                "from_port": 22,
                "ipv6_cidr_blocks": [],
                "prefix_list_ids": [],
                "protocol": "tcp",
                "security_groups": [],
                "self": false,
                "to_port": 22
              },
              {
                "cidr_blocks": [
                  "10.0.0.0/16"
                ],
                "description": "",
                "from_port": 27017,
                "ipv6_cidr_blocks": [],
                "prefix_list_ids": [],
                "protocol": "tcp",
                "security_groups": [],
                "self": false,
                "to_port": 27017
              }
            ],
            "name": "mongo_db_security_group",
            "name_prefix": "",
            "owner_id": "147997145269",
            "revoke_rules_on_delete": false,
            "tags": {},
            "tags_all": {},
            "timeouts": null,
            "vpc_id": "vpc-07fa4c5a7aa64b941"
          },
          "sensitive_attributes": [],
          "private": "eyJlMmJmYjczMC1lY2FhLTExZTYtOGY4OC0zNDM2M2JjN2M0YzAiOnsiY3JlYXRlIjo2MDAwMDAwMDAwMDAsImRlbGV0ZSI6OTAwMDAwMDAwMDAwfSwic2NoZW1hX3ZlcnNpb24iOiIxIn0=",
          "dependencies": [
            "module.vpc.module.vpc.aws_vpc.this"
          ]
        }
      ]
    },
    {
      "module": "module.s3_bucket",
      "mode": "managed",
      "type": "aws_s3_bucket",
      "name": "this",
      "provider": "module.s3_bucket.provider[\"registry.terraform.io/hashicorp/aws\"]",
      "instances": [
        {
          "schema_version": 0,
          "attributes": {
            "acceleration_status": "",
            "acl": null,
            "arn": "arn:aws:s3:::lhav-wiztechexercise-s3-bucket-02",
            "bucket": "lhav-wiztechexercise-s3-bucket-02",
            "bucket_domain_name": "lhav-wiztechexercise-s3-bucket-02.s3.amazonaws.com",
            "bucket_prefix": "",
            "bucket_regional_domain_name": "lhav-wiztechexercise-s3-bucket-02.s3.eu-central-1.amazonaws.com",
            "cors_rule": [],
            "force_destroy": false,
            "grant": [
              {
                "id": "9a95bb2c3c94ad30f04f30b09a72fc3c4316c3e71045a0ecb1dc437bba571505",
                "permissions": [
                  "FULL_CONTROL"
                ],
                "type": "CanonicalUser",
                "uri": ""
              }
            ],
            "hosted_zone_id": "Z21DNDUVLTQW6Q",
            "id": "lhav-wiztechexercise-s3-bucket-02",
            "lifecycle_rule": [],
            "logging": [],
            "object_lock_configuration": [],
            "object_lock_enabled": false,
            "policy": "{\"Statement\":[{\"Action\":\"s3:GetObject\",\"Effect\":\"Allow\",\"Principal\":\"*\",\"Resource\":\"arn:aws:s3:::lhav-wiztechexercise-s3-bucket-02/*\",\"Sid\":\"PublicReadGetObject\"}],\"Version\":\"2012-10-17\"}",
            "region": "eu-central-1",
            "replication_configuration": [],
            "request_payer": "BucketOwner",
            "server_side_encryption_configuration": [
              {
                "rule": [
                  {
                    "apply_server_side_encryption_by_default": [
                      {
                        "kms_master_key_id": "",
                        "sse_algorithm": "AES256"
                      }
                    ],
                    "bucket_key_enabled": false
                  }
                ]
              }
            ],
            "tags": {},
            "tags_all": {},
            "timeouts": null,
            "versioning": [
              {
                "enabled": true,
                "mfa_delete": false
              }
            ],
            "website": [],
            "website_domain": null,
            "website_endpoint": null
          },
          "sensitive_attributes": [],
          "private": "eyJlMmJmYjczMC1lY2FhLTExZTYtOGY4OC0zNDM2M2JjN2M0YzAiOnsiY3JlYXRlIjoxMjAwMDAwMDAwMDAwLCJkZWxldGUiOjM2MDAwMDAwMDAwMDAsInJlYWQiOjEyMDAwMDAwMDAwMDAsInVwZGF0ZSI6MTIwMDAwMDAwMDAwMH19"
        }
      ]
    },
    {
      "module": "module.s3_bucket",
      "mode": "managed",
      "type": "aws_s3_bucket_policy",
      "name": "this",
      "provider": "module.s3_bucket.provider[\"registry.terraform.io/hashicorp/aws\"]",
      "instances": [
        {
          "schema_version": 0,
          "attributes": {
            "bucket": "lhav-wiztechexercise-s3-bucket-02",
            "id": "lhav-wiztechexercise-s3-bucket-02",
            "policy": "{\"Statement\":[{\"Action\":\"s3:GetObject\",\"Effect\":\"Allow\",\"Principal\":\"*\",\"Resource\":\"arn:aws:s3:::lhav-wiztechexercise-s3-bucket-02/*\",\"Sid\":\"PublicReadGetObject\"}],\"Version\":\"2012-10-17\"}"
          },
          "sensitive_attributes": [],
          "private": "bnVsbA==",
          "dependencies": [
            "module.s3_bucket.aws_s3_bucket.this",
            "module.s3_bucket.aws_s3_bucket_public_access_block.this"
          ]
        }
      ]
    },
    {
      "module": "module.s3_bucket",
      "mode": "managed",
      "type": "aws_s3_bucket_public_access_block",
      "name": "this",
      "provider": "module.s3_bucket.provider[\"registry.terraform.io/hashicorp/aws\"]",
      "instances": [
        {
          "schema_version": 0,
          "attributes": {
            "block_public_acls": false,
            "block_public_policy": false,
            "bucket": "lhav-wiztechexercise-s3-bucket-02",
            "id": "lhav-wiztechexercise-s3-bucket-02",
            "ignore_public_acls": false,
            "restrict_public_buckets": false
          },
          "sensitive_attributes": [],
          "private": "bnVsbA==",
          "dependencies": [
            "module.s3_bucket.aws_s3_bucket.this"
          ]
        }
      ]
    },
    {
      "module": "module.s3_bucket",
      "mode": "managed",
      "type": "aws_s3_bucket_versioning",
      "name": "this",
      "provider": "module.s3_bucket.provider[\"registry.terraform.io/hashicorp/aws\"]",
      "instances": [
        {
          "schema_version": 0,
          "attributes": {
            "bucket": "lhav-wiztechexercise-s3-bucket-02",
            "expected_bucket_owner": "",
            "id": "lhav-wiztechexercise-s3-bucket-02",
            "mfa": null,
            "versioning_configuration": [
              {
                "mfa_delete": "",
                "status": "Enabled"
              }
            ]
          },
          "sensitive_attributes": [],
          "private": "bnVsbA==",
          "dependencies": [
            "module.s3_bucket.aws_s3_bucket.this"
          ]
        }
      ]
    },
    {
      "module": "module.vpc.module.vpc",
      "mode": "managed",
      "type": "aws_default_network_acl",
      "name": "this",
      "provider": "module.vpc.provider[\"registry.terraform.io/hashicorp/aws\"]",
      "instances": [
        {
          "index_key": 0,
          "schema_version": 0,
          "attributes": {
            "arn": "arn:aws:ec2:eu-central-1:147997145269:network-acl/acl-008adc2910d8e17a6",
            "default_network_acl_id": "acl-008adc2910d8e17a6",
            "egress": [
              {
                "action": "allow",
                "cidr_block": "",
                "from_port": 0,
                "icmp_code": 0,
                "icmp_type": 0,
                "ipv6_cidr_block": "::/0",
                "protocol": "-1",
                "rule_no": 101,
                "to_port": 0
              },
              {
                "action": "allow",
                "cidr_block": "0.0.0.0/0",
                "from_port": 0,
                "icmp_code": 0,
                "icmp_type": 0,
                "ipv6_cidr_block": "",
                "protocol": "-1",
                "rule_no": 100,
                "to_port": 0
              }
            ],
            "id": "acl-008adc2910d8e17a6",
            "ingress": [
              {
                "action": "allow",
                "cidr_block": "",
                "from_port": 0,
                "icmp_code": 0,
                "icmp_type": 0,
                "ipv6_cidr_block": "::/0",
                "protocol": "-1",
                "rule_no": 101,
                "to_port": 0
              },
              {
                "action": "allow",
                "cidr_block": "0.0.0.0/0",
                "from_port": 0,
                "icmp_code": 0,
                "icmp_type": 0,
                "ipv6_cidr_block": "",
                "protocol": "-1",
                "rule_no": 100,
                "to_port": 0
              }
            ],
            "owner_id": "147997145269",
            "subnet_ids": [
              "subnet-009950fd108b5f6fb",
              "subnet-02b5abfd452de4629",
              "subnet-034b0b762cd2af923",
              "subnet-08ede3fec1466af4a"
            ],
            "tags": {
              "Environment": "dev",
              "Name": "lhav-wiztechexercise-vpc-01-default",
              "Terraform": "true"
            },
            "tags_all": {
              "Environment": "dev",
              "Name": "lhav-wiztechexercise-vpc-01-default",
              "Terraform": "true"
            },
            "vpc_id": "vpc-07fa4c5a7aa64b941"
          },
          "sensitive_attributes": [],
          "private": "bnVsbA==",
          "dependencies": [
            "module.vpc.module.vpc.aws_vpc.this"
          ]
        }
      ]
    },
    {
      "module": "module.vpc.module.vpc",
      "mode": "managed",
      "type": "aws_default_route_table",
      "name": "default",
      "provider": "module.vpc.provider[\"registry.terraform.io/hashicorp/aws\"]",
      "instances": [
        {
          "index_key": 0,
          "schema_version": 0,
          "attributes": {
            "arn": "arn:aws:ec2:eu-central-1:147997145269:route-table/rtb-03aba90e3c3e022a7",
            "default_route_table_id": "rtb-03aba90e3c3e022a7",
            "id": "rtb-03aba90e3c3e022a7",
            "owner_id": "147997145269",
            "propagating_vgws": [],
            "route": [],
            "tags": {
              "Environment": "dev",
              "Name": "lhav-wiztechexercise-vpc-01-default",
              "Terraform": "true"
            },
            "tags_all": {
              "Environment": "dev",
              "Name": "lhav-wiztechexercise-vpc-01-default",
              "Terraform": "true"
            },
            "timeouts": {
              "create": "5m",
              "update": "5m"
            },
            "vpc_id": "vpc-07fa4c5a7aa64b941"
          },
          "sensitive_attributes": [],
          "private": "eyJlMmJmYjczMC1lY2FhLTExZTYtOGY4OC0zNDM2M2JjN2M0YzAiOnsiY3JlYXRlIjozMDAwMDAwMDAwMDAsInVwZGF0ZSI6MzAwMDAwMDAwMDAwfX0=",
          "dependencies": [
            "module.vpc.module.vpc.aws_vpc.this"
          ]
        }
      ]
    },
    {
      "module": "module.vpc.module.vpc",
      "mode": "managed",
      "type": "aws_default_security_group",
      "name": "this",
      "provider": "module.vpc.provider[\"registry.terraform.io/hashicorp/aws\"]",
      "instances": [
        {
          "index_key": 0,
          "schema_version": 1,
          "attributes": {
            "arn": "arn:aws:ec2:eu-central-1:147997145269:security-group/sg-09ec4925a2e56d6f9",
            "description": "default VPC security group",
            "egress": [],
            "id": "sg-09ec4925a2e56d6f9",
            "ingress": [],
            "name": "default",
            "name_prefix": "",
            "owner_id": "147997145269",
            "revoke_rules_on_delete": false,
            "tags": {
              "Environment": "dev",
              "Name": "lhav-wiztechexercise-vpc-01-default",
              "Terraform": "true"
            },
            "tags_all": {
              "Environment": "dev",
              "Name": "lhav-wiztechexercise-vpc-01-default",
              "Terraform": "true"
            },
            "vpc_id": "vpc-07fa4c5a7aa64b941"
          },
          "sensitive_attributes": [],
          "private": "eyJzY2hlbWFfdmVyc2lvbiI6IjEifQ==",
          "dependencies": [
            "module.vpc.module.vpc.aws_vpc.this"
          ]
        }
      ]
    },
    {
      "module": "module.vpc.module.vpc",
      "mode": "managed",
      "type": "aws_eip",
      "name": "nat",
      "provider": "module.vpc.provider[\"registry.terraform.io/hashicorp/aws\"]",
      "instances": [
        {
          "index_key": 0,
          "schema_version": 0,
          "attributes": {
            "address": null,
            "allocation_id": "eipalloc-05a7a29161025d127",
            "arn": "arn:aws:ec2:eu-central-1:147997145269:elastic-ip/eipalloc-05a7a29161025d127",
            "associate_with_private_ip": null,
            "association_id": "eipassoc-06ceec3841f5d6ea9",
            "carrier_ip": "",
            "customer_owned_ip": "",
            "customer_owned_ipv4_pool": "",
            "domain": "vpc",
            "id": "eipalloc-05a7a29161025d127",
            "instance": "",
            "ipam_pool_id": null,
            "network_border_group": "eu-central-1",
            "network_interface": "eni-00477db16c4c421e2",
            "private_dns": "ip-10-0-101-179.eu-central-1.compute.internal",
            "private_ip": "10.0.101.179",
            "ptr_record": "",
            "public_dns": "ec2-3-64-69-253.eu-central-1.compute.amazonaws.com",
            "public_ip": "3.64.69.253",
            "public_ipv4_pool": "amazon",
            "tags": {
              "Environment": "dev",
              "Name": "lhav-wiztechexercise-vpc-01-eu-central-1a",
              "Terraform": "true"
            },
            "tags_all": {
              "Environment": "dev",
              "Name": "lhav-wiztechexercise-vpc-01-eu-central-1a",
              "Terraform": "true"
            },
            "timeouts": null,
            "vpc": true
          },
          "sensitive_attributes": [],
          "private": "eyJlMmJmYjczMC1lY2FhLTExZTYtOGY4OC0zNDM2M2JjN2M0YzAiOnsiZGVsZXRlIjoxODAwMDAwMDAwMDAsInJlYWQiOjkwMDAwMDAwMDAwMCwidXBkYXRlIjozMDAwMDAwMDAwMDB9fQ==",
          "dependencies": [
            "module.vpc.module.vpc.aws_internet_gateway.this",
            "module.vpc.module.vpc.aws_vpc.this",
            "module.vpc.module.vpc.aws_vpc_ipv4_cidr_block_association.this"
          ]
        }
      ]
    },
    {
      "module": "module.vpc.module.vpc",
      "mode": "managed",
      "type": "aws_internet_gateway",
      "name": "this",
      "provider": "module.vpc.provider[\"registry.terraform.io/hashicorp/aws\"]",
      "instances": [
        {
          "index_key": 0,
          "schema_version": 0,
          "attributes": {
            "arn": "arn:aws:ec2:eu-central-1:147997145269:internet-gateway/igw-01a20d223ecc1fddf",
            "id": "igw-01a20d223ecc1fddf",
            "owner_id": "147997145269",
            "tags": {
              "Environment": "dev",
              "Name": "lhav-wiztechexercise-vpc-01",
              "Terraform": "true"
            },
            "tags_all": {
              "Environment": "dev",
              "Name": "lhav-wiztechexercise-vpc-01",
              "Terraform": "true"
            },
            "timeouts": null,
            "vpc_id": "vpc-07fa4c5a7aa64b941"
          },
          "sensitive_attributes": [],
          "private": "eyJlMmJmYjczMC1lY2FhLTExZTYtOGY4OC0zNDM2M2JjN2M0YzAiOnsiY3JlYXRlIjoxMjAwMDAwMDAwMDAwLCJkZWxldGUiOjEyMDAwMDAwMDAwMDAsInVwZGF0ZSI6MTIwMDAwMDAwMDAwMH19",
          "dependencies": [
            "module.vpc.module.vpc.aws_vpc.this",
            "module.vpc.module.vpc.aws_vpc_ipv4_cidr_block_association.this"
          ]
        }
      ]
    },
    {
      "module": "module.vpc.module.vpc",
      "mode": "managed",
      "type": "aws_nat_gateway",
      "name": "this",
      "provider": "module.vpc.provider[\"registry.terraform.io/hashicorp/aws\"]",
      "instances": [
        {
          "index_key": 0,
          "schema_version": 0,
          "attributes": {
            "allocation_id": "eipalloc-05a7a29161025d127",
            "association_id": "eipassoc-06ceec3841f5d6ea9",
            "connectivity_type": "public",
            "id": "nat-027098fa6d19ac35e",
            "network_interface_id": "eni-00477db16c4c421e2",
            "private_ip": "10.0.101.179",
            "public_ip": "3.64.69.253",
            "secondary_allocation_ids": [],
            "secondary_private_ip_address_count": 0,
            "secondary_private_ip_addresses": [],
            "subnet_id": "subnet-009950fd108b5f6fb",
            "tags": {
              "Environment": "dev",
              "Name": "lhav-wiztechexercise-vpc-01-eu-central-1a",
              "Terraform": "true"
            },
            "tags_all": {
              "Environment": "dev",
              "Name": "lhav-wiztechexercise-vpc-01-eu-central-1a",
              "Terraform": "true"
            },
            "timeouts": null
          },
          "sensitive_attributes": [],
          "private": "eyJlMmJmYjczMC1lY2FhLTExZTYtOGY4OC0zNDM2M2JjN2M0YzAiOnsiY3JlYXRlIjo2MDAwMDAwMDAwMDAsImRlbGV0ZSI6MTgwMDAwMDAwMDAwMCwidXBkYXRlIjo2MDAwMDAwMDAwMDB9fQ==",
          "dependencies": [
            "module.vpc.module.vpc.aws_eip.nat",
            "module.vpc.module.vpc.aws_internet_gateway.this",
            "module.vpc.module.vpc.aws_subnet.public",
            "module.vpc.module.vpc.aws_vpc.this",
            "module.vpc.module.vpc.aws_vpc_ipv4_cidr_block_association.this"
          ]
        }
      ]
    },
    {
      "module": "module.vpc.module.vpc",
      "mode": "managed",
      "type": "aws_route",
      "name": "private_nat_gateway",
      "provider": "module.vpc.provider[\"registry.terraform.io/hashicorp/aws\"]",
      "instances": [
        {
          "index_key": 0,
          "schema_version": 0,
          "attributes": {
            "carrier_gateway_id": "",
            "core_network_arn": "",
            "destination_cidr_block": "0.0.0.0/0",
            "destination_ipv6_cidr_block": "",
            "destination_prefix_list_id": "",
            "egress_only_gateway_id": "",
            "gateway_id": "",
            "id": "r-rtb-0c3a8535648bff0031080289494",
            "instance_id": "",
            "instance_owner_id": "",
            "local_gateway_id": "",
            "nat_gateway_id": "nat-027098fa6d19ac35e",
            "network_interface_id": "",
            "origin": "CreateRoute",
            "route_table_id": "rtb-0c3a8535648bff003",
            "state": "active",
            "timeouts": {
              "create": "5m",
              "delete": null,
              "update": null
            },
            "transit_gateway_id": "",
            "vpc_endpoint_id": "",
            "vpc_peering_connection_id": ""
          },
          "sensitive_attributes": [],
          "private": "eyJlMmJmYjczMC1lY2FhLTExZTYtOGY4OC0zNDM2M2JjN2M0YzAiOnsiY3JlYXRlIjozMDAwMDAwMDAwMDAsImRlbGV0ZSI6MzAwMDAwMDAwMDAwLCJ1cGRhdGUiOjEyMDAwMDAwMDAwMH19",
          "dependencies": [
            "module.vpc.module.vpc.aws_eip.nat",
            "module.vpc.module.vpc.aws_internet_gateway.this",
            "module.vpc.module.vpc.aws_nat_gateway.this",
            "module.vpc.module.vpc.aws_route_table.private",
            "module.vpc.module.vpc.aws_subnet.public",
            "module.vpc.module.vpc.aws_vpc.this",
            "module.vpc.module.vpc.aws_vpc_ipv4_cidr_block_association.this"
          ]
        }
      ]
    },
    {
      "module": "module.vpc.module.vpc",
      "mode": "managed",
      "type": "aws_route",
      "name": "public_internet_gateway",
      "provider": "module.vpc.provider[\"registry.terraform.io/hashicorp/aws\"]",
      "instances": [
        {
          "index_key": 0,
          "schema_version": 0,
          "attributes": {
            "carrier_gateway_id": "",
            "core_network_arn": "",
            "destination_cidr_block": "0.0.0.0/0",
            "destination_ipv6_cidr_block": "",
            "destination_prefix_list_id": "",
            "egress_only_gateway_id": "",
            "gateway_id": "igw-01a20d223ecc1fddf",
            "id": "r-rtb-0fee7a4cbfe9f18771080289494",
            "instance_id": "",
            "instance_owner_id": "",
            "local_gateway_id": "",
            "nat_gateway_id": "",
            "network_interface_id": "",
            "origin": "CreateRoute",
            "route_table_id": "rtb-0fee7a4cbfe9f1877",
            "state": "active",
            "timeouts": {
              "create": "5m",
              "delete": null,
              "update": null
            },
            "transit_gateway_id": "",
            "vpc_endpoint_id": "",
            "vpc_peering_connection_id": ""
          },
          "sensitive_attributes": [],
          "private": "eyJlMmJmYjczMC1lY2FhLTExZTYtOGY4OC0zNDM2M2JjN2M0YzAiOnsiY3JlYXRlIjozMDAwMDAwMDAwMDAsImRlbGV0ZSI6MzAwMDAwMDAwMDAwLCJ1cGRhdGUiOjEyMDAwMDAwMDAwMH19",
          "dependencies": [
            "module.vpc.module.vpc.aws_internet_gateway.this",
            "module.vpc.module.vpc.aws_route_table.public",
            "module.vpc.module.vpc.aws_vpc.this",
            "module.vpc.module.vpc.aws_vpc_ipv4_cidr_block_association.this"
          ]
        }
      ]
    },
    {
      "module": "module.vpc.module.vpc",
      "mode": "managed",
      "type": "aws_route_table",
      "name": "private",
      "provider": "module.vpc.provider[\"registry.terraform.io/hashicorp/aws\"]",
      "instances": [
        {
          "index_key": 0,
          "schema_version": 0,
          "attributes": {
            "arn": "arn:aws:ec2:eu-central-1:147997145269:route-table/rtb-0c3a8535648bff003",
            "id": "rtb-0c3a8535648bff003",
            "owner_id": "147997145269",
            "propagating_vgws": [],
            "route": [
              {
                "carrier_gateway_id": "",
                "cidr_block": "0.0.0.0/0",
                "core_network_arn": "",
                "destination_prefix_list_id": "",
                "egress_only_gateway_id": "",
                "gateway_id": "",
                "ipv6_cidr_block": "",
                "local_gateway_id": "",
                "nat_gateway_id": "nat-027098fa6d19ac35e",
                "network_interface_id": "",
                "transit_gateway_id": "",
                "vpc_endpoint_id": "",
                "vpc_peering_connection_id": ""
              }
            ],
            "tags": {
              "Environment": "dev",
              "Name": "lhav-wiztechexercise-vpc-01-private",
              "Terraform": "true"
            },
            "tags_all": {
              "Environment": "dev",
              "Name": "lhav-wiztechexercise-vpc-01-private",
              "Terraform": "true"
            },
            "timeouts": null,
            "vpc_id": "vpc-07fa4c5a7aa64b941"
          },
          "sensitive_attributes": [],
          "private": "eyJlMmJmYjczMC1lY2FhLTExZTYtOGY4OC0zNDM2M2JjN2M0YzAiOnsiY3JlYXRlIjozMDAwMDAwMDAwMDAsImRlbGV0ZSI6MzAwMDAwMDAwMDAwLCJ1cGRhdGUiOjEyMDAwMDAwMDAwMH19",
          "dependencies": [
            "module.vpc.module.vpc.aws_vpc.this",
            "module.vpc.module.vpc.aws_vpc_ipv4_cidr_block_association.this"
          ]
        }
      ]
    },
    {
      "module": "module.vpc.module.vpc",
      "mode": "managed",
      "type": "aws_route_table",
      "name": "public",
      "provider": "module.vpc.provider[\"registry.terraform.io/hashicorp/aws\"]",
      "instances": [
        {
          "index_key": 0,
          "schema_version": 0,
          "attributes": {
            "arn": "arn:aws:ec2:eu-central-1:147997145269:route-table/rtb-0fee7a4cbfe9f1877",
            "id": "rtb-0fee7a4cbfe9f1877",
            "owner_id": "147997145269",
            "propagating_vgws": [],
            "route": [
              {
                "carrier_gateway_id": "",
                "cidr_block": "0.0.0.0/0",
                "core_network_arn": "",
                "destination_prefix_list_id": "",
                "egress_only_gateway_id": "",
                "gateway_id": "igw-01a20d223ecc1fddf",
                "ipv6_cidr_block": "",
                "local_gateway_id": "",
                "nat_gateway_id": "",
                "network_interface_id": "",
                "transit_gateway_id": "",
                "vpc_endpoint_id": "",
                "vpc_peering_connection_id": ""
              }
            ],
            "tags": {
              "Environment": "dev",
              "Name": "lhav-wiztechexercise-vpc-01-public",
              "Terraform": "true"
            },
            "tags_all": {
              "Environment": "dev",
              "Name": "lhav-wiztechexercise-vpc-01-public",
              "Terraform": "true"
            },
            "timeouts": null,
            "vpc_id": "vpc-07fa4c5a7aa64b941"
          },
          "sensitive_attributes": [],
          "private": "eyJlMmJmYjczMC1lY2FhLTExZTYtOGY4OC0zNDM2M2JjN2M0YzAiOnsiY3JlYXRlIjozMDAwMDAwMDAwMDAsImRlbGV0ZSI6MzAwMDAwMDAwMDAwLCJ1cGRhdGUiOjEyMDAwMDAwMDAwMH19",
          "dependencies": [
            "module.vpc.module.vpc.aws_vpc.this",
            "module.vpc.module.vpc.aws_vpc_ipv4_cidr_block_association.this"
          ]
        }
      ]
    },
    {
      "module": "module.vpc.module.vpc",
      "mode": "managed",
      "type": "aws_route_table_association",
      "name": "private",
      "provider": "module.vpc.provider[\"registry.terraform.io/hashicorp/aws\"]",
      "instances": [
        {
          "index_key": 0,
          "schema_version": 0,
          "attributes": {
            "gateway_id": "",
            "id": "rtbassoc-031ed45cb706d91c0",
            "route_table_id": "rtb-0c3a8535648bff003",
            "subnet_id": "subnet-08ede3fec1466af4a",
            "timeouts": null
          },
          "sensitive_attributes": [],
          "private": "eyJlMmJmYjczMC1lY2FhLTExZTYtOGY4OC0zNDM2M2JjN2M0YzAiOnsiY3JlYXRlIjozMDAwMDAwMDAwMDAsImRlbGV0ZSI6MzAwMDAwMDAwMDAwLCJ1cGRhdGUiOjEyMDAwMDAwMDAwMH19",
          "dependencies": [
            "module.vpc.module.vpc.aws_route_table.private",
            "module.vpc.module.vpc.aws_subnet.private",
            "module.vpc.module.vpc.aws_vpc.this",
            "module.vpc.module.vpc.aws_vpc_ipv4_cidr_block_association.this"
          ]
        },
        {
          "index_key": 1,
          "schema_version": 0,
          "attributes": {
            "gateway_id": "",
            "id": "rtbassoc-0b57735adefc50d4f",
            "route_table_id": "rtb-0c3a8535648bff003",
            "subnet_id": "subnet-02b5abfd452de4629",
            "timeouts": null
          },
          "sensitive_attributes": [],
          "private": "eyJlMmJmYjczMC1lY2FhLTExZTYtOGY4OC0zNDM2M2JjN2M0YzAiOnsiY3JlYXRlIjozMDAwMDAwMDAwMDAsImRlbGV0ZSI6MzAwMDAwMDAwMDAwLCJ1cGRhdGUiOjEyMDAwMDAwMDAwMH19",
          "dependencies": [
            "module.vpc.module.vpc.aws_route_table.private",
            "module.vpc.module.vpc.aws_subnet.private",
            "module.vpc.module.vpc.aws_vpc.this",
            "module.vpc.module.vpc.aws_vpc_ipv4_cidr_block_association.this"
          ]
        }
      ]
    },
    {
      "module": "module.vpc.module.vpc",
      "mode": "managed",
      "type": "aws_route_table_association",
      "name": "public",
      "provider": "module.vpc.provider[\"registry.terraform.io/hashicorp/aws\"]",
      "instances": [
        {
          "index_key": 0,
          "schema_version": 0,
          "attributes": {
            "gateway_id": "",
            "id": "rtbassoc-067b88fbb1a4541ff",
            "route_table_id": "rtb-0fee7a4cbfe9f1877",
            "subnet_id": "subnet-009950fd108b5f6fb",
            "timeouts": null
          },
          "sensitive_attributes": [],
          "private": "eyJlMmJmYjczMC1lY2FhLTExZTYtOGY4OC0zNDM2M2JjN2M0YzAiOnsiY3JlYXRlIjozMDAwMDAwMDAwMDAsImRlbGV0ZSI6MzAwMDAwMDAwMDAwLCJ1cGRhdGUiOjEyMDAwMDAwMDAwMH19",
          "dependencies": [
            "module.vpc.module.vpc.aws_route_table.public",
            "module.vpc.module.vpc.aws_subnet.public",
            "module.vpc.module.vpc.aws_vpc.this",
            "module.vpc.module.vpc.aws_vpc_ipv4_cidr_block_association.this"
          ]
        },
        {
          "index_key": 1,
          "schema_version": 0,
          "attributes": {
            "gateway_id": "",
            "id": "rtbassoc-0512e34b3d597fb2b",
            "route_table_id": "rtb-0fee7a4cbfe9f1877",
            "subnet_id": "subnet-034b0b762cd2af923",
            "timeouts": null
          },
          "sensitive_attributes": [],
          "private": "eyJlMmJmYjczMC1lY2FhLTExZTYtOGY4OC0zNDM2M2JjN2M0YzAiOnsiY3JlYXRlIjozMDAwMDAwMDAwMDAsImRlbGV0ZSI6MzAwMDAwMDAwMDAwLCJ1cGRhdGUiOjEyMDAwMDAwMDAwMH19",
          "dependencies": [
            "module.vpc.module.vpc.aws_route_table.public",
            "module.vpc.module.vpc.aws_subnet.public",
            "module.vpc.module.vpc.aws_vpc.this",
            "module.vpc.module.vpc.aws_vpc_ipv4_cidr_block_association.this"
          ]
        }
      ]
    },
    {
      "module": "module.vpc.module.vpc",
      "mode": "managed",
      "type": "aws_subnet",
      "name": "private",
      "provider": "module.vpc.provider[\"registry.terraform.io/hashicorp/aws\"]",
      "instances": [
        {
          "index_key": 0,
          "schema_version": 1,
          "attributes": {
            "arn": "arn:aws:ec2:eu-central-1:147997145269:subnet/subnet-08ede3fec1466af4a",
            "assign_ipv6_address_on_creation": false,
            "availability_zone": "eu-central-1a",
            "availability_zone_id": "euc1-az2",
            "cidr_block": "10.0.1.0/24",
            "customer_owned_ipv4_pool": "",
            "enable_dns64": false,
            "enable_lni_at_device_index": 0,
            "enable_resource_name_dns_a_record_on_launch": false,
            "enable_resource_name_dns_aaaa_record_on_launch": false,
            "id": "subnet-08ede3fec1466af4a",
            "ipv6_cidr_block": "",
            "ipv6_cidr_block_association_id": "",
            "ipv6_native": false,
            "map_customer_owned_ip_on_launch": false,
            "map_public_ip_on_launch": false,
            "outpost_arn": "",
            "owner_id": "147997145269",
            "private_dns_hostname_type_on_launch": "ip-name",
            "tags": {
              "Environment": "dev",
              "Name": "lhav-wiztechexercise-vpc-01-private-eu-central-1a",
              "Terraform": "true",
              "kubernetes.io/role/internal-elb": "1"
            },
            "tags_all": {
              "Environment": "dev",
              "Name": "lhav-wiztechexercise-vpc-01-private-eu-central-1a",
              "Terraform": "true",
              "kubernetes.io/role/internal-elb": "1"
            },
            "timeouts": null,
            "vpc_id": "vpc-07fa4c5a7aa64b941"
          },
          "sensitive_attributes": [],
          "private": "eyJlMmJmYjczMC1lY2FhLTExZTYtOGY4OC0zNDM2M2JjN2M0YzAiOnsiY3JlYXRlIjo2MDAwMDAwMDAwMDAsImRlbGV0ZSI6MTIwMDAwMDAwMDAwMH0sInNjaGVtYV92ZXJzaW9uIjoiMSJ9",
          "dependencies": [
            "module.vpc.module.vpc.aws_vpc.this",
            "module.vpc.module.vpc.aws_vpc_ipv4_cidr_block_association.this"
          ],
          "create_before_destroy": true
        },
        {
          "index_key": 1,
          "schema_version": 1,
          "attributes": {
            "arn": "arn:aws:ec2:eu-central-1:147997145269:subnet/subnet-02b5abfd452de4629",
            "assign_ipv6_address_on_creation": false,
            "availability_zone": "eu-central-1b",
            "availability_zone_id": "euc1-az3",
            "cidr_block": "10.0.2.0/24",
            "customer_owned_ipv4_pool": "",
            "enable_dns64": false,
            "enable_lni_at_device_index": 0,
            "enable_resource_name_dns_a_record_on_launch": false,
            "enable_resource_name_dns_aaaa_record_on_launch": false,
            "id": "subnet-02b5abfd452de4629",
            "ipv6_cidr_block": "",
            "ipv6_cidr_block_association_id": "",
            "ipv6_native": false,
            "map_customer_owned_ip_on_launch": false,
            "map_public_ip_on_launch": false,
            "outpost_arn": "",
            "owner_id": "147997145269",
            "private_dns_hostname_type_on_launch": "ip-name",
            "tags": {
              "Environment": "dev",
              "Name": "lhav-wiztechexercise-vpc-01-private-eu-central-1b",
              "Terraform": "true",
              "kubernetes.io/role/internal-elb": "1"
            },
            "tags_all": {
              "Environment": "dev",
              "Name": "lhav-wiztechexercise-vpc-01-private-eu-central-1b",
              "Terraform": "true",
              "kubernetes.io/role/internal-elb": "1"
            },
            "timeouts": null,
            "vpc_id": "vpc-07fa4c5a7aa64b941"
          },
          "sensitive_attributes": [],
          "private": "eyJlMmJmYjczMC1lY2FhLTExZTYtOGY4OC0zNDM2M2JjN2M0YzAiOnsiY3JlYXRlIjo2MDAwMDAwMDAwMDAsImRlbGV0ZSI6MTIwMDAwMDAwMDAwMH0sInNjaGVtYV92ZXJzaW9uIjoiMSJ9",
          "dependencies": [
            "module.vpc.module.vpc.aws_vpc.this",
            "module.vpc.module.vpc.aws_vpc_ipv4_cidr_block_association.this"
          ],
          "create_before_destroy": true
        }
      ]
    },
    {
      "module": "module.vpc.module.vpc",
      "mode": "managed",
      "type": "aws_subnet",
      "name": "public",
      "provider": "module.vpc.provider[\"registry.terraform.io/hashicorp/aws\"]",
      "instances": [
        {
          "index_key": 0,
          "schema_version": 1,
          "attributes": {
            "arn": "arn:aws:ec2:eu-central-1:147997145269:subnet/subnet-009950fd108b5f6fb",
            "assign_ipv6_address_on_creation": false,
            "availability_zone": "eu-central-1a",
            "availability_zone_id": "euc1-az2",
            "cidr_block": "10.0.101.0/24",
            "customer_owned_ipv4_pool": "",
            "enable_dns64": false,
            "enable_lni_at_device_index": 0,
            "enable_resource_name_dns_a_record_on_launch": false,
            "enable_resource_name_dns_aaaa_record_on_launch": false,
            "id": "subnet-009950fd108b5f6fb",
            "ipv6_cidr_block": "",
            "ipv6_cidr_block_association_id": "",
            "ipv6_native": false,
            "map_customer_owned_ip_on_launch": false,
            "map_public_ip_on_launch": false,
            "outpost_arn": "",
            "owner_id": "147997145269",
            "private_dns_hostname_type_on_launch": "ip-name",
            "tags": {
              "Environment": "dev",
              "Name": "Public Subnet",
              "Terraform": "true",
              "kubernetes.io/role/elb": "1"
            },
            "tags_all": {
              "Environment": "dev",
              "Name": "Public Subnet",
              "Terraform": "true",
              "kubernetes.io/role/elb": "1"
            },
            "timeouts": null,
            "vpc_id": "vpc-07fa4c5a7aa64b941"
          },
          "sensitive_attributes": [],
          "private": "eyJlMmJmYjczMC1lY2FhLTExZTYtOGY4OC0zNDM2M2JjN2M0YzAiOnsiY3JlYXRlIjo2MDAwMDAwMDAwMDAsImRlbGV0ZSI6MTIwMDAwMDAwMDAwMH0sInNjaGVtYV92ZXJzaW9uIjoiMSJ9",
          "dependencies": [
            "module.vpc.module.vpc.aws_vpc.this",
            "module.vpc.module.vpc.aws_vpc_ipv4_cidr_block_association.this"
          ]
        },
        {
          "index_key": 1,
          "schema_version": 1,
          "attributes": {
            "arn": "arn:aws:ec2:eu-central-1:147997145269:subnet/subnet-034b0b762cd2af923",
            "assign_ipv6_address_on_creation": false,
            "availability_zone": "eu-central-1b",
            "availability_zone_id": "euc1-az3",
            "cidr_block": "10.0.102.0/24",
            "customer_owned_ipv4_pool": "",
            "enable_dns64": false,
            "enable_lni_at_device_index": 0,
            "enable_resource_name_dns_a_record_on_launch": false,
            "enable_resource_name_dns_aaaa_record_on_launch": false,
            "id": "subnet-034b0b762cd2af923",
            "ipv6_cidr_block": "",
            "ipv6_cidr_block_association_id": "",
            "ipv6_native": false,
            "map_customer_owned_ip_on_launch": false,
            "map_public_ip_on_launch": false,
            "outpost_arn": "",
            "owner_id": "147997145269",
            "private_dns_hostname_type_on_launch": "ip-name",
            "tags": {
              "Environment": "dev",
              "Name": "Public Subnet",
              "Terraform": "true",
              "kubernetes.io/role/elb": "1"
            },
            "tags_all": {
              "Environment": "dev",
              "Name": "Public Subnet",
              "Terraform": "true",
              "kubernetes.io/role/elb": "1"
            },
            "timeouts": null,
            "vpc_id": "vpc-07fa4c5a7aa64b941"
          },
          "sensitive_attributes": [],
          "private": "eyJlMmJmYjczMC1lY2FhLTExZTYtOGY4OC0zNDM2M2JjN2M0YzAiOnsiY3JlYXRlIjo2MDAwMDAwMDAwMDAsImRlbGV0ZSI6MTIwMDAwMDAwMDAwMH0sInNjaGVtYV92ZXJzaW9uIjoiMSJ9",
          "dependencies": [
            "module.vpc.module.vpc.aws_vpc.this",
            "module.vpc.module.vpc.aws_vpc_ipv4_cidr_block_association.this"
          ]
        }
      ]
    },
    {
      "module": "module.vpc.module.vpc",
      "mode": "managed",
      "type": "aws_vpc",
      "name": "this",
      "provider": "module.vpc.provider[\"registry.terraform.io/hashicorp/aws\"]",
      "instances": [
        {
          "index_key": 0,
          "schema_version": 1,
          "attributes": {
            "arn": "arn:aws:ec2:eu-central-1:147997145269:vpc/vpc-07fa4c5a7aa64b941",
            "assign_generated_ipv6_cidr_block": false,
            "cidr_block": "10.0.0.0/16",
            "default_network_acl_id": "acl-008adc2910d8e17a6",
            "default_route_table_id": "rtb-03aba90e3c3e022a7",
            "default_security_group_id": "sg-09ec4925a2e56d6f9",
            "dhcp_options_id": "dopt-031a24d370624037b",
            "enable_dns_hostnames": true,
            "enable_dns_support": true,
            "enable_network_address_usage_metrics": false,
            "id": "vpc-07fa4c5a7aa64b941",
            "instance_tenancy": "default",
            "ipv4_ipam_pool_id": null,
            "ipv4_netmask_length": null,
            "ipv6_association_id": "",
            "ipv6_cidr_block": "",
            "ipv6_cidr_block_network_border_group": "",
            "ipv6_ipam_pool_id": "",
            "ipv6_netmask_length": 0,
            "main_route_table_id": "rtb-03aba90e3c3e022a7",
            "owner_id": "147997145269",
            "tags": {
              "Environment": "dev",
              "Name": "lhav-wiztechexercise-vpc-01",
              "Terraform": "true"
            },
            "tags_all": {
              "Environment": "dev",
              "Name": "lhav-wiztechexercise-vpc-01",
              "Terraform": "true"
            }
          },
          "sensitive_attributes": [],
          "private": "eyJzY2hlbWFfdmVyc2lvbiI6IjEifQ==",
          "create_before_destroy": true
        }
      ]
    }
  ],
  "check_results": [
    {
      "object_kind": "resource",
      "config_addr": "module.eks_ecr.module.eks.module.self_managed_node_group.module.user_data.null_resource.validate_cluster_service_cidr",
      "status": "pass",
      "objects": null
    },
    {
      "object_kind": "resource",
      "config_addr": "module.eks_ecr.module.eks.module.eks_managed_node_group.module.user_data.null_resource.validate_cluster_service_cidr",
      "status": "pass",
      "objects": [
        {
          "object_addr": "module.eks_ecr.module.eks.module.eks_managed_node_group[\"default\"].module.user_data.null_resource.validate_cluster_service_cidr",
          "status": "pass"
        }
      ]
    }
  ]
}
